// !$*UTF8*$!
{
	archiveVersion = 1;
	classes = {
	};
	objectVersion = 56;
	objects = {

/* Begin PBXBuildFile section */
		6BD986442C6CCAD900F563BE /* AppDelegate.swift in Sources */ = {isa = PBXBuildFile; fileRef = 6BD986432C6CCAD900F563BE /* AppDelegate.swift */; };
		6BD986462C6CCAD900F563BE /* SceneDelegate.swift in Sources */ = {isa = PBXBuildFile; fileRef = 6BD986452C6CCAD900F563BE /* SceneDelegate.swift */; };
		6BD986482C6CCAD900F563BE /* ViewController.swift in Sources */ = {isa = PBXBuildFile; fileRef = 6BD986472C6CCAD900F563BE /* ViewController.swift */; };
		6BD9864D2C6CCADB00F563BE /* Assets.xcassets in Resources */ = {isa = PBXBuildFile; fileRef = 6BD9864C2C6CCADB00F563BE /* Assets.xcassets */; };
		6BD986502C6CCADB00F563BE /* Base in Resources */ = {isa = PBXBuildFile; fileRef = 6BD9864F2C6CCADB00F563BE /* Base */; };
		6BD986582C6CCB5A00F563BE /* .gitignore in Resources */ = {isa = PBXBuildFile; fileRef = 6BD986572C6CCB5A00F563BE /* .gitignore */; };
		6BE48B7C2C6F25DA000B948A /* Routerable.swift in Sources */ = {isa = PBXBuildFile; fileRef = 6BE48B7B2C6F25DA000B948A /* Routerable.swift */; };
		6BE48B7F2C6F25EF000B948A /* Alamofire in Frameworks */ = {isa = PBXBuildFile; productRef = 6BE48B7E2C6F25EF000B948A /* Alamofire */; };
		6BE48B822C6F25F8000B948A /* SnapKit in Frameworks */ = {isa = PBXBuildFile; productRef = 6BE48B812C6F25F8000B948A /* SnapKit */; };
		6BE48B852C6F2608000B948A /* RxCocoa in Frameworks */ = {isa = PBXBuildFile; productRef = 6BE48B842C6F2608000B948A /* RxCocoa */; };
		6BE48B872C6F2608000B948A /* RxSwift in Frameworks */ = {isa = PBXBuildFile; productRef = 6BE48B862C6F2608000B948A /* RxSwift */; };
		6BE48B892C6F2621000B948A /* UserRouter.swift in Sources */ = {isa = PBXBuildFile; fileRef = 6BE48B882C6F2621000B948A /* UserRouter.swift */; };
		6BE48B8B2C6F2630000B948A /* ProfileRouter.swift in Sources */ = {isa = PBXBuildFile; fileRef = 6BE48B8A2C6F2630000B948A /* ProfileRouter.swift */; };
		6BE48B8D2C6F2636000B948A /* TokenRouter.swift in Sources */ = {isa = PBXBuildFile; fileRef = 6BE48B8C2C6F2636000B948A /* TokenRouter.swift */; };
		6BE48B8F2C6F263C000B948A /* PostRouter.swift in Sources */ = {isa = PBXBuildFile; fileRef = 6BE48B8E2C6F263C000B948A /* PostRouter.swift */; };
		6BE48B962C6F26CD000B948A /* UserDTO.swift in Sources */ = {isa = PBXBuildFile; fileRef = 6BE48B952C6F26CD000B948A /* UserDTO.swift */; };
		6BE48B982C6F26D7000B948A /* SignUpDTO.swift in Sources */ = {isa = PBXBuildFile; fileRef = 6BE48B972C6F26D7000B948A /* SignUpDTO.swift */; };
		6BE48B9A2C6F26E3000B948A /* LoginDTO.swift in Sources */ = {isa = PBXBuildFile; fileRef = 6BE48B992C6F26E3000B948A /* LoginDTO.swift */; };
		6BE48B9C2C6F26F2000B948A /* RefreshAccessTokenDTO.swift in Sources */ = {isa = PBXBuildFile; fileRef = 6BE48B9B2C6F26F2000B948A /* RefreshAccessTokenDTO.swift */; };
		6BE48B9E2C6F26FC000B948A /* ProfileDTO.swift in Sources */ = {isa = PBXBuildFile; fileRef = 6BE48B9D2C6F26FC000B948A /* ProfileDTO.swift */; };
		6BE48BA02C6F2709000B948A /* UploadFileDTO.swift in Sources */ = {isa = PBXBuildFile; fileRef = 6BE48B9F2C6F2709000B948A /* UploadFileDTO.swift */; };
		6BE48BA22C6F2711000B948A /* PostDTO.swift in Sources */ = {isa = PBXBuildFile; fileRef = 6BE48BA12C6F2711000B948A /* PostDTO.swift */; };
		6BE48BA42C6F2719000B948A /* PostListDTO.swift in Sources */ = {isa = PBXBuildFile; fileRef = 6BE48BA32C6F2719000B948A /* PostListDTO.swift */; };
		6BE48BA62C6F2728000B948A /* ComentsDTO.swift in Sources */ = {isa = PBXBuildFile; fileRef = 6BE48BA52C6F2728000B948A /* ComentsDTO.swift */; };
/* End PBXBuildFile section */

/* Begin PBXFileReference section */
		6BD986402C6CCAD900F563BE /* Gourmet.app */ = {isa = PBXFileReference; explicitFileType = wrapper.application; includeInIndex = 0; path = Gourmet.app; sourceTree = BUILT_PRODUCTS_DIR; };
		6BD986432C6CCAD900F563BE /* AppDelegate.swift */ = {isa = PBXFileReference; lastKnownFileType = sourcecode.swift; path = AppDelegate.swift; sourceTree = "<group>"; };
		6BD986452C6CCAD900F563BE /* SceneDelegate.swift */ = {isa = PBXFileReference; lastKnownFileType = sourcecode.swift; path = SceneDelegate.swift; sourceTree = "<group>"; };
		6BD986472C6CCAD900F563BE /* ViewController.swift */ = {isa = PBXFileReference; lastKnownFileType = sourcecode.swift; path = ViewController.swift; sourceTree = "<group>"; };
		6BD9864C2C6CCADB00F563BE /* Assets.xcassets */ = {isa = PBXFileReference; lastKnownFileType = folder.assetcatalog; path = Assets.xcassets; sourceTree = "<group>"; };
		6BD9864F2C6CCADB00F563BE /* Base */ = {isa = PBXFileReference; lastKnownFileType = file.storyboard; name = Base; path = Base.lproj/LaunchScreen.storyboard; sourceTree = "<group>"; };
		6BD986512C6CCADB00F563BE /* Info.plist */ = {isa = PBXFileReference; lastKnownFileType = text.plist.xml; path = Info.plist; sourceTree = "<group>"; };
		6BD986572C6CCB5A00F563BE /* .gitignore */ = {isa = PBXFileReference; lastKnownFileType = text; path = .gitignore; sourceTree = "<group>"; };
		6BE48B7B2C6F25DA000B948A /* Routerable.swift */ = {isa = PBXFileReference; lastKnownFileType = sourcecode.swift; path = Routerable.swift; sourceTree = "<group>"; };
		6BE48B882C6F2621000B948A /* UserRouter.swift */ = {isa = PBXFileReference; lastKnownFileType = sourcecode.swift; path = UserRouter.swift; sourceTree = "<group>"; };
		6BE48B8A2C6F2630000B948A /* ProfileRouter.swift */ = {isa = PBXFileReference; lastKnownFileType = sourcecode.swift; path = ProfileRouter.swift; sourceTree = "<group>"; };
		6BE48B8C2C6F2636000B948A /* TokenRouter.swift */ = {isa = PBXFileReference; lastKnownFileType = sourcecode.swift; path = TokenRouter.swift; sourceTree = "<group>"; };
		6BE48B8E2C6F263C000B948A /* PostRouter.swift */ = {isa = PBXFileReference; lastKnownFileType = sourcecode.swift; path = PostRouter.swift; sourceTree = "<group>"; };
		6BE48B952C6F26CD000B948A /* UserDTO.swift */ = {isa = PBXFileReference; lastKnownFileType = sourcecode.swift; path = UserDTO.swift; sourceTree = "<group>"; };
		6BE48B972C6F26D7000B948A /* SignUpDTO.swift */ = {isa = PBXFileReference; lastKnownFileType = sourcecode.swift; path = SignUpDTO.swift; sourceTree = "<group>"; };
		6BE48B992C6F26E3000B948A /* LoginDTO.swift */ = {isa = PBXFileReference; lastKnownFileType = sourcecode.swift; path = LoginDTO.swift; sourceTree = "<group>"; };
		6BE48B9B2C6F26F2000B948A /* RefreshAccessTokenDTO.swift */ = {isa = PBXFileReference; lastKnownFileType = sourcecode.swift; path = RefreshAccessTokenDTO.swift; sourceTree = "<group>"; };
		6BE48B9D2C6F26FC000B948A /* ProfileDTO.swift */ = {isa = PBXFileReference; lastKnownFileType = sourcecode.swift; path = ProfileDTO.swift; sourceTree = "<group>"; };
		6BE48B9F2C6F2709000B948A /* UploadFileDTO.swift */ = {isa = PBXFileReference; lastKnownFileType = sourcecode.swift; path = UploadFileDTO.swift; sourceTree = "<group>"; };
		6BE48BA12C6F2711000B948A /* PostDTO.swift */ = {isa = PBXFileReference; lastKnownFileType = sourcecode.swift; path = PostDTO.swift; sourceTree = "<group>"; };
		6BE48BA32C6F2719000B948A /* PostListDTO.swift */ = {isa = PBXFileReference; lastKnownFileType = sourcecode.swift; path = PostListDTO.swift; sourceTree = "<group>"; };
		6BE48BA52C6F2728000B948A /* ComentsDTO.swift */ = {isa = PBXFileReference; lastKnownFileType = sourcecode.swift; path = ComentsDTO.swift; sourceTree = "<group>"; };
		6BE48BA72C6F27FE000B948A /* APIKey.xcconfig */ = {isa = PBXFileReference; lastKnownFileType = text.xcconfig; path = APIKey.xcconfig; sourceTree = "<group>"; };
/* End PBXFileReference section */

/* Begin PBXFrameworksBuildPhase section */
		6BD9863D2C6CCAD900F563BE /* Frameworks */ = {
			isa = PBXFrameworksBuildPhase;
			buildActionMask = 2147483647;
			files = (
				6BE48B852C6F2608000B948A /* RxCocoa in Frameworks */,
				6BE48B7F2C6F25EF000B948A /* Alamofire in Frameworks */,
				6BE48B872C6F2608000B948A /* RxSwift in Frameworks */,
				6BE48B822C6F25F8000B948A /* SnapKit in Frameworks */,
			);
			runOnlyForDeploymentPostprocessing = 0;
		};
/* End PBXFrameworksBuildPhase section */

/* Begin PBXGroup section */
		6BD986372C6CCAD900F563BE = {
			isa = PBXGroup;
			children = (
				6BD986572C6CCB5A00F563BE /* .gitignore */,
				6BD986422C6CCAD900F563BE /* Gourmet */,
				6BD986412C6CCAD900F563BE /* Products */,
			);
			sourceTree = "<group>";
		};
		6BD986412C6CCAD900F563BE /* Products */ = {
			isa = PBXGroup;
			children = (
				6BD986402C6CCAD900F563BE /* Gourmet.app */,
			);
			name = Products;
			sourceTree = "<group>";
		};
		6BD986422C6CCAD900F563BE /* Gourmet */ = {
			isa = PBXGroup;
			children = (
				6BD986612C6DD67300F563BE /* LifeCycle */,
				6BD986622C6DD68300F563BE /* Presentaion */,
				6BD986642C6DD6A900F563BE /* Network */,
				6BD986632C6DD68B00F563BE /* Resource */,
				6BD986512C6CCADB00F563BE /* Info.plist */,
				6BE48BA72C6F27FE000B948A /* APIKey.xcconfig */,
			);
			path = Gourmet;
			sourceTree = "<group>";
		};
		6BD986612C6DD67300F563BE /* LifeCycle */ = {
			isa = PBXGroup;
			children = (
				6BD986432C6CCAD900F563BE /* AppDelegate.swift */,
				6BD986452C6CCAD900F563BE /* SceneDelegate.swift */,
			);
			path = LifeCycle;
			sourceTree = "<group>";
		};
		6BD986622C6DD68300F563BE /* Presentaion */ = {
			isa = PBXGroup;
			children = (
				6BD986472C6CCAD900F563BE /* ViewController.swift */,
			);
			path = Presentaion;
			sourceTree = "<group>";
		};
		6BD986632C6DD68B00F563BE /* Resource */ = {
			isa = PBXGroup;
			children = (
				6BD9864C2C6CCADB00F563BE /* Assets.xcassets */,
				6BD9864E2C6CCADB00F563BE /* LaunchScreen.storyboard */,
			);
			path = Resource;
			sourceTree = "<group>";
		};
		6BD986642C6DD6A900F563BE /* Network */ = {
			isa = PBXGroup;
			children = (
				6BE48B902C6F2690000B948A /* DTO */,
				6BE48B792C6F25B1000B948A /* Router */,
			);
			path = Network;
			sourceTree = "<group>";
		};
		6BE48B792C6F25B1000B948A /* Router */ = {
			isa = PBXGroup;
			children = (
				6BE48B7A2C6F25BE000B948A /* Protocol */,
				6BE48B882C6F2621000B948A /* UserRouter.swift */,
				6BE48B8A2C6F2630000B948A /* ProfileRouter.swift */,
				6BE48B8C2C6F2636000B948A /* TokenRouter.swift */,
				6BE48B8E2C6F263C000B948A /* PostRouter.swift */,
			);
			path = Router;
			sourceTree = "<group>";
		};
		6BE48B7A2C6F25BE000B948A /* Protocol */ = {
			isa = PBXGroup;
			children = (
				6BE48B7B2C6F25DA000B948A /* Routerable.swift */,
			);
			path = Protocol;
			sourceTree = "<group>";
		};
		6BE48B902C6F2690000B948A /* DTO */ = {
			isa = PBXGroup;
			children = (
				6BE48B912C6F2699000B948A /* UserDTO */,
				6BE48B922C6F26A0000B948A /* TokenDTO */,
				6BE48B942C6F26B5000B948A /* PostDTO */,
				6BE48B932C6F26AC000B948A /* ProfileDTO */,
			);
			path = DTO;
			sourceTree = "<group>";
		};
		6BE48B912C6F2699000B948A /* UserDTO */ = {
			isa = PBXGroup;
			children = (
				6BE48B952C6F26CD000B948A /* UserDTO.swift */,
				6BE48B972C6F26D7000B948A /* SignUpDTO.swift */,
				6BE48B992C6F26E3000B948A /* LoginDTO.swift */,
			);
			path = UserDTO;
			sourceTree = "<group>";
		};
		6BE48B922C6F26A0000B948A /* TokenDTO */ = {
			isa = PBXGroup;
			children = (
				6BE48B9B2C6F26F2000B948A /* RefreshAccessTokenDTO.swift */,
			);
			path = TokenDTO;
			sourceTree = "<group>";
		};
		6BE48B932C6F26AC000B948A /* ProfileDTO */ = {
			isa = PBXGroup;
			children = (
				6BE48B9F2C6F2709000B948A /* UploadFileDTO.swift */,
				6BE48BA12C6F2711000B948A /* PostDTO.swift */,
				6BE48BA32C6F2719000B948A /* PostListDTO.swift */,
				6BE48BA52C6F2728000B948A /* ComentsDTO.swift */,
			);
			path = ProfileDTO;
			sourceTree = "<group>";
		};
		6BE48B942C6F26B5000B948A /* PostDTO */ = {
			isa = PBXGroup;
			children = (
				6BE48B9D2C6F26FC000B948A /* ProfileDTO.swift */,
			);
			path = PostDTO;
			sourceTree = "<group>";
		};
/* End PBXGroup section */

/* Begin PBXNativeTarget section */
		6BD9863F2C6CCAD900F563BE /* Gourmet */ = {
			isa = PBXNativeTarget;
			buildConfigurationList = 6BD986542C6CCADB00F563BE /* Build configuration list for PBXNativeTarget "Gourmet" */;
			buildPhases = (
				6BD9863C2C6CCAD900F563BE /* Sources */,
				6BD9863D2C6CCAD900F563BE /* Frameworks */,
				6BD9863E2C6CCAD900F563BE /* Resources */,
			);
			buildRules = (
			);
			dependencies = (
			);
			name = Gourmet;
			packageProductDependencies = (
				6BE48B7E2C6F25EF000B948A /* Alamofire */,
				6BE48B812C6F25F8000B948A /* SnapKit */,
				6BE48B842C6F2608000B948A /* RxCocoa */,
				6BE48B862C6F2608000B948A /* RxSwift */,
			);
			productName = Gourmet;
			productReference = 6BD986402C6CCAD900F563BE /* Gourmet.app */;
			productType = "com.apple.product-type.application";
		};
/* End PBXNativeTarget section */

/* Begin PBXProject section */
		6BD986382C6CCAD900F563BE /* Project object */ = {
			isa = PBXProject;
			attributes = {
				BuildIndependentTargetsInParallel = 1;
				LastSwiftUpdateCheck = 1530;
				LastUpgradeCheck = 1530;
				TargetAttributes = {
					6BD9863F2C6CCAD900F563BE = {
						CreatedOnToolsVersion = 15.3;
					};
				};
			};
			buildConfigurationList = 6BD9863B2C6CCAD900F563BE /* Build configuration list for PBXProject "Gourmet" */;
			compatibilityVersion = "Xcode 14.0";
			developmentRegion = en;
			hasScannedForEncodings = 0;
			knownRegions = (
				en,
				Base,
			);
			mainGroup = 6BD986372C6CCAD900F563BE;
			packageReferences = (
				6BE48B7D2C6F25EF000B948A /* XCRemoteSwiftPackageReference "Alamofire" */,
				6BE48B802C6F25F8000B948A /* XCRemoteSwiftPackageReference "SnapKit" */,
				6BE48B832C6F2608000B948A /* XCRemoteSwiftPackageReference "RxSwift" */,
			);
			productRefGroup = 6BD986412C6CCAD900F563BE /* Products */;
			projectDirPath = "";
			projectRoot = "";
			targets = (
				6BD9863F2C6CCAD900F563BE /* Gourmet */,
			);
		};
/* End PBXProject section */

/* Begin PBXResourcesBuildPhase section */
		6BD9863E2C6CCAD900F563BE /* Resources */ = {
			isa = PBXResourcesBuildPhase;
			buildActionMask = 2147483647;
			files = (
				6BD9864D2C6CCADB00F563BE /* Assets.xcassets in Resources */,
				6BD986582C6CCB5A00F563BE /* .gitignore in Resources */,
				6BD986502C6CCADB00F563BE /* Base in Resources */,
			);
			runOnlyForDeploymentPostprocessing = 0;
		};
/* End PBXResourcesBuildPhase section */

/* Begin PBXSourcesBuildPhase section */
		6BD9863C2C6CCAD900F563BE /* Sources */ = {
			isa = PBXSourcesBuildPhase;
			buildActionMask = 2147483647;
			files = (
				6BE48B8B2C6F2630000B948A /* ProfileRouter.swift in Sources */,
				6BE48B9C2C6F26F2000B948A /* RefreshAccessTokenDTO.swift in Sources */,
				6BE48B7C2C6F25DA000B948A /* Routerable.swift in Sources */,
				6BE48B8F2C6F263C000B948A /* PostRouter.swift in Sources */,
				6BD986482C6CCAD900F563BE /* ViewController.swift in Sources */,
				6BE48BA42C6F2719000B948A /* PostListDTO.swift in Sources */,
				6BD986442C6CCAD900F563BE /* AppDelegate.swift in Sources */,
				6BD986462C6CCAD900F563BE /* SceneDelegate.swift in Sources */,
				6BE48BA22C6F2711000B948A /* PostDTO.swift in Sources */,
				6BE48B9A2C6F26E3000B948A /* LoginDTO.swift in Sources */,
				6BE48B962C6F26CD000B948A /* UserDTO.swift in Sources */,
				6BE48B8D2C6F2636000B948A /* TokenRouter.swift in Sources */,
				6BE48BA02C6F2709000B948A /* UploadFileDTO.swift in Sources */,
				6BE48B892C6F2621000B948A /* UserRouter.swift in Sources */,
				6BE48B9E2C6F26FC000B948A /* ProfileDTO.swift in Sources */,
				6BE48BA62C6F2728000B948A /* ComentsDTO.swift in Sources */,
				6BE48B982C6F26D7000B948A /* SignUpDTO.swift in Sources */,
			);
			runOnlyForDeploymentPostprocessing = 0;
		};
/* End PBXSourcesBuildPhase section */

/* Begin PBXVariantGroup section */
		6BD9864E2C6CCADB00F563BE /* LaunchScreen.storyboard */ = {
			isa = PBXVariantGroup;
			children = (
				6BD9864F2C6CCADB00F563BE /* Base */,
			);
			name = LaunchScreen.storyboard;
			sourceTree = "<group>";
		};
/* End PBXVariantGroup section */

/* Begin XCBuildConfiguration section */
		6BD986522C6CCADB00F563BE /* Debug */ = {
			isa = XCBuildConfiguration;
			buildSettings = {
				ALWAYS_SEARCH_USER_PATHS = NO;
				ASSETCATALOG_COMPILER_GENERATE_SWIFT_ASSET_SYMBOL_EXTENSIONS = YES;
				CLANG_ANALYZER_NONNULL = YES;
				CLANG_ANALYZER_NUMBER_OBJECT_CONVERSION = YES_AGGRESSIVE;
				CLANG_CXX_LANGUAGE_STANDARD = "gnu++20";
				CLANG_ENABLE_MODULES = YES;
				CLANG_ENABLE_OBJC_ARC = YES;
				CLANG_ENABLE_OBJC_WEAK = YES;
				CLANG_WARN_BLOCK_CAPTURE_AUTORELEASING = YES;
				CLANG_WARN_BOOL_CONVERSION = YES;
				CLANG_WARN_COMMA = YES;
				CLANG_WARN_CONSTANT_CONVERSION = YES;
				CLANG_WARN_DEPRECATED_OBJC_IMPLEMENTATIONS = YES;
				CLANG_WARN_DIRECT_OBJC_ISA_USAGE = YES_ERROR;
				CLANG_WARN_DOCUMENTATION_COMMENTS = YES;
				CLANG_WARN_EMPTY_BODY = YES;
				CLANG_WARN_ENUM_CONVERSION = YES;
				CLANG_WARN_INFINITE_RECURSION = YES;
				CLANG_WARN_INT_CONVERSION = YES;
				CLANG_WARN_NON_LITERAL_NULL_CONVERSION = YES;
				CLANG_WARN_OBJC_IMPLICIT_RETAIN_SELF = YES;
				CLANG_WARN_OBJC_LITERAL_CONVERSION = YES;
				CLANG_WARN_OBJC_ROOT_CLASS = YES_ERROR;
				CLANG_WARN_QUOTED_INCLUDE_IN_FRAMEWORK_HEADER = YES;
				CLANG_WARN_RANGE_LOOP_ANALYSIS = YES;
				CLANG_WARN_STRICT_PROTOTYPES = YES;
				CLANG_WARN_SUSPICIOUS_MOVE = YES;
				CLANG_WARN_UNGUARDED_AVAILABILITY = YES_AGGRESSIVE;
				CLANG_WARN_UNREACHABLE_CODE = YES;
				CLANG_WARN__DUPLICATE_METHOD_MATCH = YES;
				COPY_PHASE_STRIP = NO;
				DEBUG_INFORMATION_FORMAT = dwarf;
				ENABLE_STRICT_OBJC_MSGSEND = YES;
				ENABLE_TESTABILITY = YES;
				ENABLE_USER_SCRIPT_SANDBOXING = YES;
				GCC_C_LANGUAGE_STANDARD = gnu17;
				GCC_DYNAMIC_NO_PIC = NO;
				GCC_NO_COMMON_BLOCKS = YES;
				GCC_OPTIMIZATION_LEVEL = 0;
				GCC_PREPROCESSOR_DEFINITIONS = (
					"DEBUG=1",
					"$(inherited)",
				);
				GCC_WARN_64_TO_32_BIT_CONVERSION = YES;
				GCC_WARN_ABOUT_RETURN_TYPE = YES_ERROR;
				GCC_WARN_UNDECLARED_SELECTOR = YES;
				GCC_WARN_UNINITIALIZED_AUTOS = YES_AGGRESSIVE;
				GCC_WARN_UNUSED_FUNCTION = YES;
				GCC_WARN_UNUSED_VARIABLE = YES;
				IPHONEOS_DEPLOYMENT_TARGET = 17.4;
				LOCALIZATION_PREFERS_STRING_CATALOGS = YES;
				MTL_ENABLE_DEBUG_INFO = INCLUDE_SOURCE;
				MTL_FAST_MATH = YES;
				ONLY_ACTIVE_ARCH = YES;
				SDKROOT = iphoneos;
				SWIFT_ACTIVE_COMPILATION_CONDITIONS = "DEBUG $(inherited)";
				SWIFT_OPTIMIZATION_LEVEL = "-Onone";
			};
			name = Debug;
		};
		6BD986532C6CCADB00F563BE /* Release */ = {
			isa = XCBuildConfiguration;
			buildSettings = {
				ALWAYS_SEARCH_USER_PATHS = NO;
				ASSETCATALOG_COMPILER_GENERATE_SWIFT_ASSET_SYMBOL_EXTENSIONS = YES;
				CLANG_ANALYZER_NONNULL = YES;
				CLANG_ANALYZER_NUMBER_OBJECT_CONVERSION = YES_AGGRESSIVE;
				CLANG_CXX_LANGUAGE_STANDARD = "gnu++20";
				CLANG_ENABLE_MODULES = YES;
				CLANG_ENABLE_OBJC_ARC = YES;
				CLANG_ENABLE_OBJC_WEAK = YES;
				CLANG_WARN_BLOCK_CAPTURE_AUTORELEASING = YES;
				CLANG_WARN_BOOL_CONVERSION = YES;
				CLANG_WARN_COMMA = YES;
				CLANG_WARN_CONSTANT_CONVERSION = YES;
				CLANG_WARN_DEPRECATED_OBJC_IMPLEMENTATIONS = YES;
				CLANG_WARN_DIRECT_OBJC_ISA_USAGE = YES_ERROR;
				CLANG_WARN_DOCUMENTATION_COMMENTS = YES;
				CLANG_WARN_EMPTY_BODY = YES;
				CLANG_WARN_ENUM_CONVERSION = YES;
				CLANG_WARN_INFINITE_RECURSION = YES;
				CLANG_WARN_INT_CONVERSION = YES;
				CLANG_WARN_NON_LITERAL_NULL_CONVERSION = YES;
				CLANG_WARN_OBJC_IMPLICIT_RETAIN_SELF = YES;
				CLANG_WARN_OBJC_LITERAL_CONVERSION = YES;
				CLANG_WARN_OBJC_ROOT_CLASS = YES_ERROR;
				CLANG_WARN_QUOTED_INCLUDE_IN_FRAMEWORK_HEADER = YES;
				CLANG_WARN_RANGE_LOOP_ANALYSIS = YES;
				CLANG_WARN_STRICT_PROTOTYPES = YES;
				CLANG_WARN_SUSPICIOUS_MOVE = YES;
				CLANG_WARN_UNGUARDED_AVAILABILITY = YES_AGGRESSIVE;
				CLANG_WARN_UNREACHABLE_CODE = YES;
				CLANG_WARN__DUPLICATE_METHOD_MATCH = YES;
				COPY_PHASE_STRIP = NO;
				DEBUG_INFORMATION_FORMAT = "dwarf-with-dsym";
				ENABLE_NS_ASSERTIONS = NO;
				ENABLE_STRICT_OBJC_MSGSEND = YES;
				ENABLE_USER_SCRIPT_SANDBOXING = YES;
				GCC_C_LANGUAGE_STANDARD = gnu17;
				GCC_NO_COMMON_BLOCKS = YES;
				GCC_WARN_64_TO_32_BIT_CONVERSION = YES;
				GCC_WARN_ABOUT_RETURN_TYPE = YES_ERROR;
				GCC_WARN_UNDECLARED_SELECTOR = YES;
				GCC_WARN_UNINITIALIZED_AUTOS = YES_AGGRESSIVE;
				GCC_WARN_UNUSED_FUNCTION = YES;
				GCC_WARN_UNUSED_VARIABLE = YES;
				IPHONEOS_DEPLOYMENT_TARGET = 17.4;
				LOCALIZATION_PREFERS_STRING_CATALOGS = YES;
				MTL_ENABLE_DEBUG_INFO = NO;
				MTL_FAST_MATH = YES;
				SDKROOT = iphoneos;
				SWIFT_COMPILATION_MODE = wholemodule;
				VALIDATE_PRODUCT = YES;
			};
			name = Release;
		};
		6BD986552C6CCADB00F563BE /* Debug */ = {
			isa = XCBuildConfiguration;
			buildSettings = {
				ASSETCATALOG_COMPILER_APPICON_NAME = AppIcon;
				ASSETCATALOG_COMPILER_GLOBAL_ACCENT_COLOR_NAME = AccentColor;
				CODE_SIGN_STYLE = Automatic;
				CURRENT_PROJECT_VERSION = 1;
				DEVELOPMENT_TEAM = F8Q3Y446GH;
				GENERATE_INFOPLIST_FILE = YES;
				INFOPLIST_FILE = Gourmet/Info.plist;
				INFOPLIST_KEY_UIApplicationSupportsIndirectInputEvents = YES;
				INFOPLIST_KEY_UILaunchStoryboardName = LaunchScreen;
				INFOPLIST_KEY_UISupportedInterfaceOrientations = UIInterfaceOrientationPortrait;
				INFOPLIST_KEY_UISupportedInterfaceOrientations_iPad = "UIInterfaceOrientationLandscapeLeft UIInterfaceOrientationLandscapeRight UIInterfaceOrientationPortrait UIInterfaceOrientationPortraitUpsideDown";
				IPHONEOS_DEPLOYMENT_TARGET = 16.0;
				LD_RUNPATH_SEARCH_PATHS = (
					"$(inherited)",
					"@executable_path/Frameworks",
				);
				MARKETING_VERSION = 1.0;
				PRODUCT_BUNDLE_IDENTIFIER = beom.Gourmet;
				PRODUCT_NAME = "$(TARGET_NAME)";
				SUPPORTED_PLATFORMS = "iphoneos iphonesimulator";
				SUPPORTS_MACCATALYST = NO;
				SUPPORTS_MAC_DESIGNED_FOR_IPHONE_IPAD = NO;
				SUPPORTS_XR_DESIGNED_FOR_IPHONE_IPAD = NO;
				SWIFT_EMIT_LOC_STRINGS = YES;
				SWIFT_VERSION = 5.0;
				TARGETED_DEVICE_FAMILY = 1;
			};
			name = Debug;
		};
		6BD986562C6CCADB00F563BE /* Release */ = {
			isa = XCBuildConfiguration;
			buildSettings = {
				ASSETCATALOG_COMPILER_APPICON_NAME = AppIcon;
				ASSETCATALOG_COMPILER_GLOBAL_ACCENT_COLOR_NAME = AccentColor;
				CODE_SIGN_STYLE = Automatic;
				CURRENT_PROJECT_VERSION = 1;
				DEVELOPMENT_TEAM = F8Q3Y446GH;
				GENERATE_INFOPLIST_FILE = YES;
				INFOPLIST_FILE = Gourmet/Info.plist;
				INFOPLIST_KEY_UIApplicationSupportsIndirectInputEvents = YES;
				INFOPLIST_KEY_UILaunchStoryboardName = LaunchScreen;
				INFOPLIST_KEY_UISupportedInterfaceOrientations = UIInterfaceOrientationPortrait;
				INFOPLIST_KEY_UISupportedInterfaceOrientations_iPad = "UIInterfaceOrientationLandscapeLeft UIInterfaceOrientationLandscapeRight UIInterfaceOrientationPortrait UIInterfaceOrientationPortraitUpsideDown";
				IPHONEOS_DEPLOYMENT_TARGET = 16.0;
				LD_RUNPATH_SEARCH_PATHS = (
					"$(inherited)",
					"@executable_path/Frameworks",
				);
				MARKETING_VERSION = 1.0;
				PRODUCT_BUNDLE_IDENTIFIER = beom.Gourmet;
				PRODUCT_NAME = "$(TARGET_NAME)";
				SUPPORTED_PLATFORMS = "iphoneos iphonesimulator";
				SUPPORTS_MACCATALYST = NO;
				SUPPORTS_MAC_DESIGNED_FOR_IPHONE_IPAD = NO;
				SUPPORTS_XR_DESIGNED_FOR_IPHONE_IPAD = NO;
				SWIFT_EMIT_LOC_STRINGS = YES;
				SWIFT_VERSION = 5.0;
				TARGETED_DEVICE_FAMILY = 1;
			};
			name = Release;
		};
/* End XCBuildConfiguration section */

/* Begin XCConfigurationList section */
		6BD9863B2C6CCAD900F563BE /* Build configuration list for PBXProject "Gourmet" */ = {
			isa = XCConfigurationList;
			buildConfigurations = (
				6BD986522C6CCADB00F563BE /* Debug */,
				6BD986532C6CCADB00F563BE /* Release */,
			);
			defaultConfigurationIsVisible = 0;
			defaultConfigurationName = Release;
		};
		6BD986542C6CCADB00F563BE /* Build configuration list for PBXNativeTarget "Gourmet" */ = {
			isa = XCConfigurationList;
			buildConfigurations = (
				6BD986552C6CCADB00F563BE /* Debug */,
				6BD986562C6CCADB00F563BE /* Release */,
			);
			defaultConfigurationIsVisible = 0;
			defaultConfigurationName = Release;
		};
/* End XCConfigurationList section */

/* Begin XCRemoteSwiftPackageReference section */
		6BE48B7D2C6F25EF000B948A /* XCRemoteSwiftPackageReference "Alamofire" */ = {
			isa = XCRemoteSwiftPackageReference;
			repositoryURL = "https://github.com/Alamofire/Alamofire.git";
			requirement = {
				kind = upToNextMajorVersion;
				minimumVersion = 5.9.1;
			};
		};
		6BE48B802C6F25F8000B948A /* XCRemoteSwiftPackageReference "SnapKit" */ = {
			isa = XCRemoteSwiftPackageReference;
			repositoryURL = "https://github.com/SnapKit/SnapKit.git";
			requirement = {
				kind = upToNextMajorVersion;
				minimumVersion = 5.7.1;
			};
		};
		6BE48B832C6F2608000B948A /* XCRemoteSwiftPackageReference "RxSwift" */ = {
			isa = XCRemoteSwiftPackageReference;
			repositoryURL = "https://github.com/ReactiveX/RxSwift.git";
			requirement = {
				kind = upToNextMajorVersion;
				minimumVersion = 6.7.1;
			};
		};
/* End XCRemoteSwiftPackageReference section */

/* Begin XCSwiftPackageProductDependency section */
		6BE48B7E2C6F25EF000B948A /* Alamofire */ = {
			isa = XCSwiftPackageProductDependency;
			package = 6BE48B7D2C6F25EF000B948A /* XCRemoteSwiftPackageReference "Alamofire" */;
			productName = Alamofire;
		};
		6BE48B812C6F25F8000B948A /* SnapKit */ = {
			isa = XCSwiftPackageProductDependency;
			package = 6BE48B802C6F25F8000B948A /* XCRemoteSwiftPackageReference "SnapKit" */;
			productName = SnapKit;
		};
		6BE48B842C6F2608000B948A /* RxCocoa */ = {
			isa = XCSwiftPackageProductDependency;
			package = 6BE48B832C6F2608000B948A /* XCRemoteSwiftPackageReference "RxSwift" */;
			productName = RxCocoa;
		};
		6BE48B862C6F2608000B948A /* RxSwift */ = {
			isa = XCSwiftPackageProductDependency;
			package = 6BE48B832C6F2608000B948A /* XCRemoteSwiftPackageReference "RxSwift" */;
			productName = RxSwift;
		};
/* End XCSwiftPackageProductDependency section */
	};
	rootObject = 6BD986382C6CCAD900F563BE /* Project object */;
}
