// !$*UTF8*$!
{
	archiveVersion = 1;
	classes = {
	};
	objectVersion = 56;
	objects = {

/* Begin PBXBuildFile section */
		6B126EAC2C803394005E52B8 /* TabBarComponent.swift in Sources */ = {isa = PBXBuildFile; fileRef = 6B126EAB2C803394005E52B8 /* TabBarComponent.swift */; };
		6B126EB02C804CC5005E52B8 /* IngredientType.swift in Sources */ = {isa = PBXBuildFile; fileRef = 6B126EAF2C804CC5005E52B8 /* IngredientType.swift */; };
		6B126EB22C807404005E52B8 /* EditCategoryViewModel.swift in Sources */ = {isa = PBXBuildFile; fileRef = 6B126EB12C807404005E52B8 /* EditCategoryViewModel.swift */; };
		6B126EB42C80758E005E52B8 /* EditRecipeCategoryCell.swift in Sources */ = {isa = PBXBuildFile; fileRef = 6B126EB32C80758E005E52B8 /* EditRecipeCategoryCell.swift */; };
		6B126EB62C807632005E52B8 /* EditRecipeFoodCategory.swift in Sources */ = {isa = PBXBuildFile; fileRef = 6B126EB52C807632005E52B8 /* EditRecipeFoodCategory.swift */; };
		6B126EB82C808B23005E52B8 /* EditRecipeIngredient.swift in Sources */ = {isa = PBXBuildFile; fileRef = 6B126EB72C808B23005E52B8 /* EditRecipeIngredient.swift */; };
		6B126EBA2C8090F7005E52B8 /* IconComponet.swift in Sources */ = {isa = PBXBuildFile; fileRef = 6B126EB92C8090F7005E52B8 /* IconComponet.swift */; };
		6B126EBD2C8098CE005E52B8 /* NormalPostEditViewController.swift in Sources */ = {isa = PBXBuildFile; fileRef = 6B126EBC2C8098CE005E52B8 /* NormalPostEditViewController.swift */; };
		6B126EC22C809AA6005E52B8 /* NormalPostEditViewModel.swift in Sources */ = {isa = PBXBuildFile; fileRef = 6B126EC12C809AA6005E52B8 /* NormalPostEditViewModel.swift */; };
		6B126EC82C816B43005E52B8 /* NormalPostDetailViewController.swift in Sources */ = {isa = PBXBuildFile; fileRef = 6B126EC72C816B43005E52B8 /* NormalPostDetailViewController.swift */; };
		6B126ECA2C816C26005E52B8 /* CommentTableViewCell.swift in Sources */ = {isa = PBXBuildFile; fileRef = 6B126EC92C816C26005E52B8 /* CommentTableViewCell.swift */; };
		6B126ECC2C816DD9005E52B8 /* NormalPostDetailCell.swift in Sources */ = {isa = PBXBuildFile; fileRef = 6B126ECB2C816DD9005E52B8 /* NormalPostDetailCell.swift */; };
		6B126ECE2C8170FA005E52B8 /* NormalPostDetailViewModel.swift in Sources */ = {isa = PBXBuildFile; fileRef = 6B126ECD2C8170FA005E52B8 /* NormalPostDetailViewModel.swift */; };
		6B126ED02C819EB8005E52B8 /* TextFieldWithButtonView.swift in Sources */ = {isa = PBXBuildFile; fileRef = 6B126ECF2C819EB8005E52B8 /* TextFieldWithButtonView.swift */; };
		6B126ED22C81A5DD005E52B8 /* UploadCommentBodyModel.swift in Sources */ = {isa = PBXBuildFile; fileRef = 6B126ED12C81A5DD005E52B8 /* UploadCommentBodyModel.swift */; };
		6B126ED42C81B8B4005E52B8 /* HeaderView.swift in Sources */ = {isa = PBXBuildFile; fileRef = 6B126ED32C81B8B4005E52B8 /* HeaderView.swift */; };
		6B126ED62C81E4E1005E52B8 /* RecipeCollectionViewModel.swift in Sources */ = {isa = PBXBuildFile; fileRef = 6B126ED52C81E4E1005E52B8 /* RecipeCollectionViewModel.swift */; };
		6B126ED82C81E7E0005E52B8 /* RecipePostViewModel.swift in Sources */ = {isa = PBXBuildFile; fileRef = 6B126ED72C81E7E0005E52B8 /* RecipePostViewModel.swift */; };
		6B126EDA2C81E901005E52B8 /* PostDetailTitleViewModel.swift in Sources */ = {isa = PBXBuildFile; fileRef = 6B126ED92C81E901005E52B8 /* PostDetailTitleViewModel.swift */; };
		6B126EDE2C82F10B005E52B8 /* iamport-ios in Frameworks */ = {isa = PBXBuildFile; productRef = 6B126EDD2C82F10B005E52B8 /* iamport-ios */; };
		6B126EE12C830BF0005E52B8 /* PaymentBodyModel.swift in Sources */ = {isa = PBXBuildFile; fileRef = 6B126EE02C830BF0005E52B8 /* PaymentBodyModel.swift */; };
		6B1B9F872C70AC9C00507FB5 /* BaseViewProtocol.swift in Sources */ = {isa = PBXBuildFile; fileRef = 6B1B9F862C70AC9C00507FB5 /* BaseViewProtocol.swift */; };
		6B1B9F8A2C70ACD100507FB5 /* OnboardingViewController.swift in Sources */ = {isa = PBXBuildFile; fileRef = 6B1B9F892C70ACD100507FB5 /* OnboardingViewController.swift */; };
		6B1B9F8D2C70B6A300507FB5 /* UILabel+Extension.swift in Sources */ = {isa = PBXBuildFile; fileRef = 6B1B9F8C2C70B6A300507FB5 /* UILabel+Extension.swift */; };
		6B1B9F902C70B77900507FB5 /* SignUpViewController.swift in Sources */ = {isa = PBXBuildFile; fileRef = 6B1B9F8F2C70B77900507FB5 /* SignUpViewController.swift */; };
		6B1B9F922C70B7A200507FB5 /* UITextField+Extension.swift in Sources */ = {isa = PBXBuildFile; fileRef = 6B1B9F912C70B7A200507FB5 /* UITextField+Extension.swift */; };
		6B1B9F972C70B9B600507FB5 /* SignUpViewModel.swift in Sources */ = {isa = PBXBuildFile; fileRef = 6B1B9F962C70B9B600507FB5 /* SignUpViewModel.swift */; };
		6B1B9F992C70BA4600507FB5 /* ViewModelProtocol.swift in Sources */ = {isa = PBXBuildFile; fileRef = 6B1B9F982C70BA4600507FB5 /* ViewModelProtocol.swift */; };
		6B1B9F9B2C70BDA200507FB5 /* EmailCheckBodyModel.swift in Sources */ = {isa = PBXBuildFile; fileRef = 6B1B9F9A2C70BDA200507FB5 /* EmailCheckBodyModel.swift */; };
		6B1B9F9D2C71E5CF00507FB5 /* LoginViewController.swift in Sources */ = {isa = PBXBuildFile; fileRef = 6B1B9F9C2C71E5CF00507FB5 /* LoginViewController.swift */; };
		6B1B9FA02C71E66A00507FB5 /* LoginViewModel.swift in Sources */ = {isa = PBXBuildFile; fileRef = 6B1B9F9F2C71E66A00507FB5 /* LoginViewModel.swift */; };
		6B1B9FA52C72179B00507FB5 /* TabBarController.swift in Sources */ = {isa = PBXBuildFile; fileRef = 6B1B9FA42C72179B00507FB5 /* TabBarController.swift */; };
		6B1B9FAB2C721A0600507FB5 /* NormalPostListViewController.swift in Sources */ = {isa = PBXBuildFile; fileRef = 6B1B9FAA2C721A0600507FB5 /* NormalPostListViewController.swift */; };
		6B1B9FAD2C721A4B00507FB5 /* NormalPostCell.swift in Sources */ = {isa = PBXBuildFile; fileRef = 6B1B9FAC2C721A4B00507FB5 /* NormalPostCell.swift */; };
		6B1B9FAF2C721AA100507FB5 /* IconLabelView.swift in Sources */ = {isa = PBXBuildFile; fileRef = 6B1B9FAE2C721AA100507FB5 /* IconLabelView.swift */; };
		6B1B9FB12C721B9F00507FB5 /* Identifier+Extension.swift in Sources */ = {isa = PBXBuildFile; fileRef = 6B1B9FB02C721B9F00507FB5 /* Identifier+Extension.swift */; };
		6B1B9FB32C72231900507FB5 /* NormalViewModel.swift in Sources */ = {isa = PBXBuildFile; fileRef = 6B1B9FB22C72231900507FB5 /* NormalViewModel.swift */; };
		6B1B9FBD2C7330A300507FB5 /* PostError.swift in Sources */ = {isa = PBXBuildFile; fileRef = 6B1B9FBC2C7330A300507FB5 /* PostError.swift */; };
		6B1B9FC02C73369D00507FB5 /* KeychainManager.swift in Sources */ = {isa = PBXBuildFile; fileRef = 6B1B9FBF2C73369D00507FB5 /* KeychainManager.swift */; };
		6B1B9FC22C7346B300507FB5 /* TokenError.swift in Sources */ = {isa = PBXBuildFile; fileRef = 6B1B9FC12C7346B300507FB5 /* TokenError.swift */; };
		6B1B9FC42C7369D000507FB5 /* LoginError.swift in Sources */ = {isa = PBXBuildFile; fileRef = 6B1B9FC32C7369D000507FB5 /* LoginError.swift */; };
		6B1B9FC62C7369E300507FB5 /* SignUpError.swift in Sources */ = {isa = PBXBuildFile; fileRef = 6B1B9FC52C7369E300507FB5 /* SignUpError.swift */; };
		6B1B9FC82C7369FE00507FB5 /* EmailCheckError.swift in Sources */ = {isa = PBXBuildFile; fileRef = 6B1B9FC72C7369FE00507FB5 /* EmailCheckError.swift */; };
		6B1B9FCA2C73708C00507FB5 /* UIViewController+Extension.swift in Sources */ = {isa = PBXBuildFile; fileRef = 6B1B9FC92C73708C00507FB5 /* UIViewController+Extension.swift */; };
		6B1B9FCC2C73739E00507FB5 /* DateManager.swift in Sources */ = {isa = PBXBuildFile; fileRef = 6B1B9FCB2C73739E00507FB5 /* DateManager.swift */; };
		6B24ABD52C7DE31100DD4599 /* PrintDebugger.swift in Sources */ = {isa = PBXBuildFile; fileRef = 6B24ABD42C7DE31100DD4599 /* PrintDebugger.swift */; };
		6B24ABE12C7F0BA100DD4599 /* EditRecipeDifficultyLevelCell.swift in Sources */ = {isa = PBXBuildFile; fileRef = 6B24ABE02C7F0BA100DD4599 /* EditRecipeDifficultyLevelCell.swift */; };
		6B24ABE32C7F0C5400DD4599 /* IconAndTitleVIew.swift in Sources */ = {isa = PBXBuildFile; fileRef = 6B24ABE22C7F0C5400DD4599 /* IconAndTitleVIew.swift */; };
		6B24ABE52C7F0D4900DD4599 /* EditRecipeHeaderCell.swift in Sources */ = {isa = PBXBuildFile; fileRef = 6B24ABE42C7F0D4900DD4599 /* EditRecipeHeaderCell.swift */; };
		6B24ABE72C7F13C200DD4599 /* IngredientImageCell.swift in Sources */ = {isa = PBXBuildFile; fileRef = 6B24ABE62C7F13C200DD4599 /* IngredientImageCell.swift */; };
		6B24ABE92C7F14E800DD4599 /* IngredientViewModel.swift in Sources */ = {isa = PBXBuildFile; fileRef = 6B24ABE82C7F14E800DD4599 /* IngredientViewModel.swift */; };
		6B24ABEB2C7F290700DD4599 /* IngredientContentCell.swift in Sources */ = {isa = PBXBuildFile; fileRef = 6B24ABEA2C7F290600DD4599 /* IngredientContentCell.swift */; };
		6B24ABEE2C7F3AF000DD4599 /* IngredientContent.swift in Sources */ = {isa = PBXBuildFile; fileRef = 6B24ABED2C7F3AF000DD4599 /* IngredientContent.swift */; };
		6B24ABF42C7F44B600DD4599 /* RecipeContentAddCell.swift in Sources */ = {isa = PBXBuildFile; fileRef = 6B24ABF32C7F44B600DD4599 /* RecipeContentAddCell.swift */; };
		6B24ABF62C7F50EF00DD4599 /* ImageAndContentView.swift in Sources */ = {isa = PBXBuildFile; fileRef = 6B24ABF52C7F50EF00DD4599 /* ImageAndContentView.swift */; };
		6B24ABF92C7F52D300DD4599 /* IQKeyboardManagerSwift in Frameworks */ = {isa = PBXBuildFile; productRef = 6B24ABF82C7F52D300DD4599 /* IQKeyboardManagerSwift */; };
		6B24ABFC2C7F717200DD4599 /* EditRecipeSection.swift in Sources */ = {isa = PBXBuildFile; fileRef = 6B24ABFB2C7F717200DD4599 /* EditRecipeSection.swift */; };
		6B24ABFF2C7FFC5100DD4599 /* CategorycomponentCell.swift in Sources */ = {isa = PBXBuildFile; fileRef = 6B24ABFE2C7FFC5100DD4599 /* CategorycomponentCell.swift */; };
		6B306B4E2C74CD63008AA7E0 /* FoodCategory.swift in Sources */ = {isa = PBXBuildFile; fileRef = 6B306B4D2C74CD63008AA7E0 /* FoodCategory.swift */; };
		6B6FFA642C76C021002AA04E /* EditRecipeViewController.swift in Sources */ = {isa = PBXBuildFile; fileRef = 6B6FFA632C76C021002AA04E /* EditRecipeViewController.swift */; };
		6B6FFA662C76C0D0002AA04E /* EditPostViewModel.swift in Sources */ = {isa = PBXBuildFile; fileRef = 6B6FFA652C76C0D0002AA04E /* EditPostViewModel.swift */; };
		6B6FFA6A2C76D877002AA04E /* EditRecipeContentCell.swift in Sources */ = {isa = PBXBuildFile; fileRef = 6B6FFA692C76D877002AA04E /* EditRecipeContentCell.swift */; };
		6B6FFA6E2C7738FF002AA04E /* EditRecipeIngredientAddCell.swift in Sources */ = {isa = PBXBuildFile; fileRef = 6B6FFA6D2C7738FF002AA04E /* EditRecipeIngredientAddCell.swift */; };
		6B6FFA702C775200002AA04E /* EditRecipeTimeCell.swift in Sources */ = {isa = PBXBuildFile; fileRef = 6B6FFA6F2C775200002AA04E /* EditRecipeTimeCell.swift */; };
		6B6FFA722C77557F002AA04E /* EditRecipeTitleCell.swift in Sources */ = {isa = PBXBuildFile; fileRef = 6B6FFA712C77557F002AA04E /* EditRecipeTitleCell.swift */; };
		6B6FFA752C77583F002AA04E /* RecipeContent.swift in Sources */ = {isa = PBXBuildFile; fileRef = 6B6FFA742C77583F002AA04E /* RecipeContent.swift */; };
		6B6FFA772C77584D002AA04E /* RecipeIngradient.swift in Sources */ = {isa = PBXBuildFile; fileRef = 6B6FFA762C77584D002AA04E /* RecipeIngradient.swift */; };
		6B6FFA7A2C775C5C002AA04E /* Toast in Frameworks */ = {isa = PBXBuildFile; productRef = 6B6FFA792C775C5C002AA04E /* Toast */; };
		6B6FFA7C2C77671E002AA04E /* ChoiceCategoryView.swift in Sources */ = {isa = PBXBuildFile; fileRef = 6B6FFA7B2C77671E002AA04E /* ChoiceCategoryView.swift */; };
		6B6FFA822C78D10C002AA04E /* ImageComponent.swift in Sources */ = {isa = PBXBuildFile; fileRef = 6B6FFA812C78D10C002AA04E /* ImageComponent.swift */; };
		6B83265E2C748BA9009D787C /* NetworkManagerProtocol.swift in Sources */ = {isa = PBXBuildFile; fileRef = 6B83265D2C748BA9009D787C /* NetworkManagerProtocol.swift */; };
		6B8326642C749552009D787C /* HomeViewController.swift in Sources */ = {isa = PBXBuildFile; fileRef = 6B8326632C749552009D787C /* HomeViewController.swift */; };
		6B83266A2C749CAE009D787C /* Differentiator in Frameworks */ = {isa = PBXBuildFile; productRef = 6B8326692C749CAE009D787C /* Differentiator */; };
		6B83266C2C749CAE009D787C /* RxDataSources in Frameworks */ = {isa = PBXBuildFile; productRef = 6B83266B2C749CAE009D787C /* RxDataSources */; };
		6B83266E2C749D54009D787C /* HomeViewSectionModel.swift in Sources */ = {isa = PBXBuildFile; fileRef = 6B83266D2C749D54009D787C /* HomeViewSectionModel.swift */; };
		6B8326702C74A0EE009D787C /* RecipeCollectionViewCell.swift in Sources */ = {isa = PBXBuildFile; fileRef = 6B83266F2C74A0EE009D787C /* RecipeCollectionViewCell.swift */; };
		6B8326722C74A467009D787C /* HomeViewModel.swift in Sources */ = {isa = PBXBuildFile; fileRef = 6B8326712C74A467009D787C /* HomeViewModel.swift */; };
		6B8326742C74C39E009D787C /* TitleHeaderView.swift in Sources */ = {isa = PBXBuildFile; fileRef = 6B8326732C74C39E009D787C /* TitleHeaderView.swift */; };
		6B96B1C62C7B4AD80090D929 /* PostViewModel.swift in Sources */ = {isa = PBXBuildFile; fileRef = 6B96B1C52C7B4AD80090D929 /* PostViewModel.swift */; };
		6B96B1C82C7C05F60090D929 /* CategoryCell.swift in Sources */ = {isa = PBXBuildFile; fileRef = 6B96B1C72C7C05F60090D929 /* CategoryCell.swift */; };
		6B96B1CE2C7C51E00090D929 /* RecipeListCell.swift in Sources */ = {isa = PBXBuildFile; fileRef = 6B96B1CD2C7C51E00090D929 /* RecipeListCell.swift */; };
		6B96B1D42C7C89A10090D929 /* PostDetailViewController.swift in Sources */ = {isa = PBXBuildFile; fileRef = 6B96B1D32C7C89A10090D929 /* PostDetailViewController.swift */; };
		6B96B1D62C7CA1C90090D929 /* PostDetailTitleCell.swift in Sources */ = {isa = PBXBuildFile; fileRef = 6B96B1D52C7CA1C90090D929 /* PostDetailTitleCell.swift */; };
		6B96B1D82C7CA65A0090D929 /* PostDetailViewModel.swift in Sources */ = {isa = PBXBuildFile; fileRef = 6B96B1D72C7CA65A0090D929 /* PostDetailViewModel.swift */; };
		6B96B1DA2C7CB7370090D929 /* InformationDetailView.swift in Sources */ = {isa = PBXBuildFile; fileRef = 6B96B1D92C7CB7370090D929 /* InformationDetailView.swift */; };
		6B96B1DC2C7CB7C20090D929 /* Category.swift in Sources */ = {isa = PBXBuildFile; fileRef = 6B96B1DB2C7CB7C20090D929 /* Category.swift */; };
		6B96B1DE2C7D57270090D929 /* PostDetailIngredientCell.swift in Sources */ = {isa = PBXBuildFile; fileRef = 6B96B1DD2C7D57270090D929 /* PostDetailIngredientCell.swift */; };
		6B96B1E22C7D63A40090D929 /* PostDetailRecipeStepCell.swift in Sources */ = {isa = PBXBuildFile; fileRef = 6B96B1E12C7D63A40090D929 /* PostDetailRecipeStepCell.swift */; };
		6BA95CF02C7A19550047E2E6 /* PostListViewController.swift in Sources */ = {isa = PBXBuildFile; fileRef = 6BA95CEF2C7A19550047E2E6 /* PostListViewController.swift */; };
		6BD986442C6CCAD900F563BE /* AppDelegate.swift in Sources */ = {isa = PBXBuildFile; fileRef = 6BD986432C6CCAD900F563BE /* AppDelegate.swift */; };
		6BD986462C6CCAD900F563BE /* SceneDelegate.swift in Sources */ = {isa = PBXBuildFile; fileRef = 6BD986452C6CCAD900F563BE /* SceneDelegate.swift */; };
		6BD9864D2C6CCADB00F563BE /* Assets.xcassets in Resources */ = {isa = PBXBuildFile; fileRef = 6BD9864C2C6CCADB00F563BE /* Assets.xcassets */; };
		6BD986502C6CCADB00F563BE /* Base in Resources */ = {isa = PBXBuildFile; fileRef = 6BD9864F2C6CCADB00F563BE /* Base */; };
		6BD986582C6CCB5A00F563BE /* .gitignore in Resources */ = {isa = PBXBuildFile; fileRef = 6BD986572C6CCB5A00F563BE /* .gitignore */; };
		6BE48B7C2C6F25DA000B948A /* Routerable.swift in Sources */ = {isa = PBXBuildFile; fileRef = 6BE48B7B2C6F25DA000B948A /* Routerable.swift */; };
		6BE48B7F2C6F25EF000B948A /* Alamofire in Frameworks */ = {isa = PBXBuildFile; productRef = 6BE48B7E2C6F25EF000B948A /* Alamofire */; };
		6BE48B822C6F25F8000B948A /* SnapKit in Frameworks */ = {isa = PBXBuildFile; productRef = 6BE48B812C6F25F8000B948A /* SnapKit */; };
		6BE48B852C6F2608000B948A /* RxCocoa in Frameworks */ = {isa = PBXBuildFile; productRef = 6BE48B842C6F2608000B948A /* RxCocoa */; };
		6BE48B872C6F2608000B948A /* RxSwift in Frameworks */ = {isa = PBXBuildFile; productRef = 6BE48B862C6F2608000B948A /* RxSwift */; };
		6BE48B892C6F2621000B948A /* UserRouter.swift in Sources */ = {isa = PBXBuildFile; fileRef = 6BE48B882C6F2621000B948A /* UserRouter.swift */; };
		6BE48B8B2C6F2630000B948A /* ProfileRouter.swift in Sources */ = {isa = PBXBuildFile; fileRef = 6BE48B8A2C6F2630000B948A /* ProfileRouter.swift */; };
		6BE48B8D2C6F2636000B948A /* TokenRouter.swift in Sources */ = {isa = PBXBuildFile; fileRef = 6BE48B8C2C6F2636000B948A /* TokenRouter.swift */; };
		6BE48B8F2C6F263C000B948A /* PostRouter.swift in Sources */ = {isa = PBXBuildFile; fileRef = 6BE48B8E2C6F263C000B948A /* PostRouter.swift */; };
		6BE48B962C6F26CD000B948A /* UserDTO.swift in Sources */ = {isa = PBXBuildFile; fileRef = 6BE48B952C6F26CD000B948A /* UserDTO.swift */; };
		6BE48B982C6F26D7000B948A /* SignUpDTO.swift in Sources */ = {isa = PBXBuildFile; fileRef = 6BE48B972C6F26D7000B948A /* SignUpDTO.swift */; };
		6BE48B9A2C6F26E3000B948A /* LoginDTO.swift in Sources */ = {isa = PBXBuildFile; fileRef = 6BE48B992C6F26E3000B948A /* LoginDTO.swift */; };
		6BE48B9C2C6F26F2000B948A /* RefreshAccessTokenDTO.swift in Sources */ = {isa = PBXBuildFile; fileRef = 6BE48B9B2C6F26F2000B948A /* RefreshAccessTokenDTO.swift */; };
		6BE48B9E2C6F26FC000B948A /* ProfileDTO.swift in Sources */ = {isa = PBXBuildFile; fileRef = 6BE48B9D2C6F26FC000B948A /* ProfileDTO.swift */; };
		6BE48BA02C6F2709000B948A /* UploadFileDTO.swift in Sources */ = {isa = PBXBuildFile; fileRef = 6BE48B9F2C6F2709000B948A /* UploadFileDTO.swift */; };
		6BE48BA22C6F2711000B948A /* PostDTO.swift in Sources */ = {isa = PBXBuildFile; fileRef = 6BE48BA12C6F2711000B948A /* PostDTO.swift */; };
		6BE48BA42C6F2719000B948A /* PostListDTO.swift in Sources */ = {isa = PBXBuildFile; fileRef = 6BE48BA32C6F2719000B948A /* PostListDTO.swift */; };
		6BE48BA62C6F2728000B948A /* CommentDTO.swift in Sources */ = {isa = PBXBuildFile; fileRef = 6BE48BA52C6F2728000B948A /* CommentDTO.swift */; };
		6BE48BAD2C6F28F2000B948A /* UploadPostBodyModel.swift in Sources */ = {isa = PBXBuildFile; fileRef = 6BE48BAC2C6F28F2000B948A /* UploadPostBodyModel.swift */; };
		6BE48BAF2C6F2907000B948A /* EditProfileBodyModel.swift in Sources */ = {isa = PBXBuildFile; fileRef = 6BE48BAE2C6F2907000B948A /* EditProfileBodyModel.swift */; };
		6BE48BB12C6F2915000B948A /* LoginBodyModel.swift in Sources */ = {isa = PBXBuildFile; fileRef = 6BE48BB02C6F2915000B948A /* LoginBodyModel.swift */; };
		6BE48BB32C6F2926000B948A /* SignUpBodyModel.swift in Sources */ = {isa = PBXBuildFile; fileRef = 6BE48BB22C6F2926000B948A /* SignUpBodyModel.swift */; };
		6BE48BB62C6F2944000B948A /* Header.swift in Sources */ = {isa = PBXBuildFile; fileRef = 6BE48BB52C6F2944000B948A /* Header.swift */; };
		6BE48BB92C6F3F08000B948A /* QueryOfFetchPost.swift in Sources */ = {isa = PBXBuildFile; fileRef = 6BE48BB82C6F3F08000B948A /* QueryOfFetchPost.swift */; };
		6BE48BBC2C6F3F2B000B948A /* QueryStringProtocol.swift in Sources */ = {isa = PBXBuildFile; fileRef = 6BE48BBB2C6F3F2B000B948A /* QueryStringProtocol.swift */; };
		6BE48BBE2C6F3F70000B948A /* NetworkManager.swift in Sources */ = {isa = PBXBuildFile; fileRef = 6BE48BBD2C6F3F70000B948A /* NetworkManager.swift */; };
		6BE48BC12C6F3F89000B948A /* NetworkError.swift in Sources */ = {isa = PBXBuildFile; fileRef = 6BE48BC02C6F3F89000B948A /* NetworkError.swift */; };
/* End PBXBuildFile section */

/* Begin PBXFileReference section */
		6B126EAB2C803394005E52B8 /* TabBarComponent.swift */ = {isa = PBXFileReference; lastKnownFileType = sourcecode.swift; path = TabBarComponent.swift; sourceTree = "<group>"; };
		6B126EAF2C804CC5005E52B8 /* IngredientType.swift */ = {isa = PBXFileReference; lastKnownFileType = sourcecode.swift; path = IngredientType.swift; sourceTree = "<group>"; };
		6B126EB12C807404005E52B8 /* EditCategoryViewModel.swift */ = {isa = PBXFileReference; lastKnownFileType = sourcecode.swift; path = EditCategoryViewModel.swift; sourceTree = "<group>"; };
		6B126EB32C80758E005E52B8 /* EditRecipeCategoryCell.swift */ = {isa = PBXFileReference; lastKnownFileType = sourcecode.swift; path = EditRecipeCategoryCell.swift; sourceTree = "<group>"; };
		6B126EB52C807632005E52B8 /* EditRecipeFoodCategory.swift */ = {isa = PBXFileReference; lastKnownFileType = sourcecode.swift; path = EditRecipeFoodCategory.swift; sourceTree = "<group>"; };
		6B126EB72C808B23005E52B8 /* EditRecipeIngredient.swift */ = {isa = PBXFileReference; lastKnownFileType = sourcecode.swift; path = EditRecipeIngredient.swift; sourceTree = "<group>"; };
		6B126EB92C8090F7005E52B8 /* IconComponet.swift */ = {isa = PBXFileReference; lastKnownFileType = sourcecode.swift; path = IconComponet.swift; sourceTree = "<group>"; };
		6B126EBC2C8098CE005E52B8 /* NormalPostEditViewController.swift */ = {isa = PBXFileReference; lastKnownFileType = sourcecode.swift; path = NormalPostEditViewController.swift; sourceTree = "<group>"; };
		6B126EC12C809AA6005E52B8 /* NormalPostEditViewModel.swift */ = {isa = PBXFileReference; lastKnownFileType = sourcecode.swift; path = NormalPostEditViewModel.swift; sourceTree = "<group>"; };
		6B126EC72C816B43005E52B8 /* NormalPostDetailViewController.swift */ = {isa = PBXFileReference; lastKnownFileType = sourcecode.swift; path = NormalPostDetailViewController.swift; sourceTree = "<group>"; };
		6B126EC92C816C26005E52B8 /* CommentTableViewCell.swift */ = {isa = PBXFileReference; lastKnownFileType = sourcecode.swift; path = CommentTableViewCell.swift; sourceTree = "<group>"; };
		6B126ECB2C816DD9005E52B8 /* NormalPostDetailCell.swift */ = {isa = PBXFileReference; lastKnownFileType = sourcecode.swift; path = NormalPostDetailCell.swift; sourceTree = "<group>"; };
		6B126ECD2C8170FA005E52B8 /* NormalPostDetailViewModel.swift */ = {isa = PBXFileReference; lastKnownFileType = sourcecode.swift; path = NormalPostDetailViewModel.swift; sourceTree = "<group>"; };
		6B126ECF2C819EB8005E52B8 /* TextFieldWithButtonView.swift */ = {isa = PBXFileReference; lastKnownFileType = sourcecode.swift; path = TextFieldWithButtonView.swift; sourceTree = "<group>"; };
		6B126ED12C81A5DD005E52B8 /* UploadCommentBodyModel.swift */ = {isa = PBXFileReference; lastKnownFileType = sourcecode.swift; path = UploadCommentBodyModel.swift; sourceTree = "<group>"; };
		6B126ED32C81B8B4005E52B8 /* HeaderView.swift */ = {isa = PBXFileReference; lastKnownFileType = sourcecode.swift; path = HeaderView.swift; sourceTree = "<group>"; };
		6B126ED52C81E4E1005E52B8 /* RecipeCollectionViewModel.swift */ = {isa = PBXFileReference; lastKnownFileType = sourcecode.swift; path = RecipeCollectionViewModel.swift; sourceTree = "<group>"; };
		6B126ED72C81E7E0005E52B8 /* RecipePostViewModel.swift */ = {isa = PBXFileReference; lastKnownFileType = sourcecode.swift; path = RecipePostViewModel.swift; sourceTree = "<group>"; };
		6B126ED92C81E901005E52B8 /* PostDetailTitleViewModel.swift */ = {isa = PBXFileReference; lastKnownFileType = sourcecode.swift; path = PostDetailTitleViewModel.swift; sourceTree = "<group>"; };
		6B126EE02C830BF0005E52B8 /* PaymentBodyModel.swift */ = {isa = PBXFileReference; lastKnownFileType = sourcecode.swift; path = PaymentBodyModel.swift; sourceTree = "<group>"; };
		6B1B9F862C70AC9C00507FB5 /* BaseViewProtocol.swift */ = {isa = PBXFileReference; lastKnownFileType = sourcecode.swift; path = BaseViewProtocol.swift; sourceTree = "<group>"; };
		6B1B9F892C70ACD100507FB5 /* OnboardingViewController.swift */ = {isa = PBXFileReference; lastKnownFileType = sourcecode.swift; path = OnboardingViewController.swift; sourceTree = "<group>"; };
		6B1B9F8C2C70B6A300507FB5 /* UILabel+Extension.swift */ = {isa = PBXFileReference; lastKnownFileType = sourcecode.swift; path = "UILabel+Extension.swift"; sourceTree = "<group>"; };
		6B1B9F8F2C70B77900507FB5 /* SignUpViewController.swift */ = {isa = PBXFileReference; lastKnownFileType = sourcecode.swift; path = SignUpViewController.swift; sourceTree = "<group>"; };
		6B1B9F912C70B7A200507FB5 /* UITextField+Extension.swift */ = {isa = PBXFileReference; lastKnownFileType = sourcecode.swift; path = "UITextField+Extension.swift"; sourceTree = "<group>"; };
		6B1B9F962C70B9B600507FB5 /* SignUpViewModel.swift */ = {isa = PBXFileReference; lastKnownFileType = sourcecode.swift; path = SignUpViewModel.swift; sourceTree = "<group>"; };
		6B1B9F982C70BA4600507FB5 /* ViewModelProtocol.swift */ = {isa = PBXFileReference; lastKnownFileType = sourcecode.swift; path = ViewModelProtocol.swift; sourceTree = "<group>"; };
		6B1B9F9A2C70BDA200507FB5 /* EmailCheckBodyModel.swift */ = {isa = PBXFileReference; lastKnownFileType = sourcecode.swift; path = EmailCheckBodyModel.swift; sourceTree = "<group>"; };
		6B1B9F9C2C71E5CF00507FB5 /* LoginViewController.swift */ = {isa = PBXFileReference; lastKnownFileType = sourcecode.swift; path = LoginViewController.swift; sourceTree = "<group>"; };
		6B1B9F9F2C71E66A00507FB5 /* LoginViewModel.swift */ = {isa = PBXFileReference; lastKnownFileType = sourcecode.swift; path = LoginViewModel.swift; sourceTree = "<group>"; };
		6B1B9FA42C72179B00507FB5 /* TabBarController.swift */ = {isa = PBXFileReference; lastKnownFileType = sourcecode.swift; path = TabBarController.swift; sourceTree = "<group>"; };
		6B1B9FAA2C721A0600507FB5 /* NormalPostListViewController.swift */ = {isa = PBXFileReference; lastKnownFileType = sourcecode.swift; path = NormalPostListViewController.swift; sourceTree = "<group>"; };
		6B1B9FAC2C721A4B00507FB5 /* NormalPostCell.swift */ = {isa = PBXFileReference; lastKnownFileType = sourcecode.swift; path = NormalPostCell.swift; sourceTree = "<group>"; };
		6B1B9FAE2C721AA100507FB5 /* IconLabelView.swift */ = {isa = PBXFileReference; lastKnownFileType = sourcecode.swift; path = IconLabelView.swift; sourceTree = "<group>"; };
		6B1B9FB02C721B9F00507FB5 /* Identifier+Extension.swift */ = {isa = PBXFileReference; lastKnownFileType = sourcecode.swift; path = "Identifier+Extension.swift"; sourceTree = "<group>"; };
		6B1B9FB22C72231900507FB5 /* NormalViewModel.swift */ = {isa = PBXFileReference; lastKnownFileType = sourcecode.swift; path = NormalViewModel.swift; sourceTree = "<group>"; };
		6B1B9FBC2C7330A300507FB5 /* PostError.swift */ = {isa = PBXFileReference; lastKnownFileType = sourcecode.swift; path = PostError.swift; sourceTree = "<group>"; };
		6B1B9FBF2C73369D00507FB5 /* KeychainManager.swift */ = {isa = PBXFileReference; lastKnownFileType = sourcecode.swift; path = KeychainManager.swift; sourceTree = "<group>"; };
		6B1B9FC12C7346B300507FB5 /* TokenError.swift */ = {isa = PBXFileReference; lastKnownFileType = sourcecode.swift; path = TokenError.swift; sourceTree = "<group>"; };
		6B1B9FC32C7369D000507FB5 /* LoginError.swift */ = {isa = PBXFileReference; lastKnownFileType = sourcecode.swift; path = LoginError.swift; sourceTree = "<group>"; };
		6B1B9FC52C7369E300507FB5 /* SignUpError.swift */ = {isa = PBXFileReference; lastKnownFileType = sourcecode.swift; path = SignUpError.swift; sourceTree = "<group>"; };
		6B1B9FC72C7369FE00507FB5 /* EmailCheckError.swift */ = {isa = PBXFileReference; lastKnownFileType = sourcecode.swift; path = EmailCheckError.swift; sourceTree = "<group>"; };
		6B1B9FC92C73708C00507FB5 /* UIViewController+Extension.swift */ = {isa = PBXFileReference; lastKnownFileType = sourcecode.swift; path = "UIViewController+Extension.swift"; sourceTree = "<group>"; };
		6B1B9FCB2C73739E00507FB5 /* DateManager.swift */ = {isa = PBXFileReference; lastKnownFileType = sourcecode.swift; path = DateManager.swift; sourceTree = "<group>"; };
		6B24ABD42C7DE31100DD4599 /* PrintDebugger.swift */ = {isa = PBXFileReference; lastKnownFileType = sourcecode.swift; path = PrintDebugger.swift; sourceTree = "<group>"; };
		6B24ABE02C7F0BA100DD4599 /* EditRecipeDifficultyLevelCell.swift */ = {isa = PBXFileReference; lastKnownFileType = sourcecode.swift; path = EditRecipeDifficultyLevelCell.swift; sourceTree = "<group>"; };
		6B24ABE22C7F0C5400DD4599 /* IconAndTitleVIew.swift */ = {isa = PBXFileReference; lastKnownFileType = sourcecode.swift; path = IconAndTitleVIew.swift; sourceTree = "<group>"; };
		6B24ABE42C7F0D4900DD4599 /* EditRecipeHeaderCell.swift */ = {isa = PBXFileReference; lastKnownFileType = sourcecode.swift; path = EditRecipeHeaderCell.swift; sourceTree = "<group>"; };
		6B24ABE62C7F13C200DD4599 /* IngredientImageCell.swift */ = {isa = PBXFileReference; lastKnownFileType = sourcecode.swift; path = IngredientImageCell.swift; sourceTree = "<group>"; };
		6B24ABE82C7F14E800DD4599 /* IngredientViewModel.swift */ = {isa = PBXFileReference; lastKnownFileType = sourcecode.swift; path = IngredientViewModel.swift; sourceTree = "<group>"; };
		6B24ABEA2C7F290600DD4599 /* IngredientContentCell.swift */ = {isa = PBXFileReference; lastKnownFileType = sourcecode.swift; path = IngredientContentCell.swift; sourceTree = "<group>"; };
		6B24ABED2C7F3AF000DD4599 /* IngredientContent.swift */ = {isa = PBXFileReference; lastKnownFileType = sourcecode.swift; path = IngredientContent.swift; sourceTree = "<group>"; };
		6B24ABF32C7F44B600DD4599 /* RecipeContentAddCell.swift */ = {isa = PBXFileReference; lastKnownFileType = sourcecode.swift; path = RecipeContentAddCell.swift; sourceTree = "<group>"; };
		6B24ABF52C7F50EF00DD4599 /* ImageAndContentView.swift */ = {isa = PBXFileReference; lastKnownFileType = sourcecode.swift; path = ImageAndContentView.swift; sourceTree = "<group>"; };
		6B24ABFB2C7F717200DD4599 /* EditRecipeSection.swift */ = {isa = PBXFileReference; lastKnownFileType = sourcecode.swift; path = EditRecipeSection.swift; sourceTree = "<group>"; };
		6B24ABFE2C7FFC5100DD4599 /* CategorycomponentCell.swift */ = {isa = PBXFileReference; lastKnownFileType = sourcecode.swift; path = CategorycomponentCell.swift; sourceTree = "<group>"; };
		6B306B4D2C74CD63008AA7E0 /* FoodCategory.swift */ = {isa = PBXFileReference; lastKnownFileType = sourcecode.swift; path = FoodCategory.swift; sourceTree = "<group>"; };
		6B6FFA632C76C021002AA04E /* EditRecipeViewController.swift */ = {isa = PBXFileReference; lastKnownFileType = sourcecode.swift; path = EditRecipeViewController.swift; sourceTree = "<group>"; };
		6B6FFA652C76C0D0002AA04E /* EditPostViewModel.swift */ = {isa = PBXFileReference; lastKnownFileType = sourcecode.swift; path = EditPostViewModel.swift; sourceTree = "<group>"; };
		6B6FFA692C76D877002AA04E /* EditRecipeContentCell.swift */ = {isa = PBXFileReference; lastKnownFileType = sourcecode.swift; path = EditRecipeContentCell.swift; sourceTree = "<group>"; };
		6B6FFA6D2C7738FF002AA04E /* EditRecipeIngredientAddCell.swift */ = {isa = PBXFileReference; lastKnownFileType = sourcecode.swift; path = EditRecipeIngredientAddCell.swift; sourceTree = "<group>"; };
		6B6FFA6F2C775200002AA04E /* EditRecipeTimeCell.swift */ = {isa = PBXFileReference; lastKnownFileType = sourcecode.swift; path = EditRecipeTimeCell.swift; sourceTree = "<group>"; };
		6B6FFA712C77557F002AA04E /* EditRecipeTitleCell.swift */ = {isa = PBXFileReference; lastKnownFileType = sourcecode.swift; path = EditRecipeTitleCell.swift; sourceTree = "<group>"; };
		6B6FFA742C77583F002AA04E /* RecipeContent.swift */ = {isa = PBXFileReference; lastKnownFileType = sourcecode.swift; path = RecipeContent.swift; sourceTree = "<group>"; };
		6B6FFA762C77584D002AA04E /* RecipeIngradient.swift */ = {isa = PBXFileReference; lastKnownFileType = sourcecode.swift; path = RecipeIngradient.swift; sourceTree = "<group>"; };
		6B6FFA7B2C77671E002AA04E /* ChoiceCategoryView.swift */ = {isa = PBXFileReference; lastKnownFileType = sourcecode.swift; path = ChoiceCategoryView.swift; sourceTree = "<group>"; };
		6B6FFA812C78D10C002AA04E /* ImageComponent.swift */ = {isa = PBXFileReference; lastKnownFileType = sourcecode.swift; path = ImageComponent.swift; sourceTree = "<group>"; };
		6B83265D2C748BA9009D787C /* NetworkManagerProtocol.swift */ = {isa = PBXFileReference; lastKnownFileType = sourcecode.swift; path = NetworkManagerProtocol.swift; sourceTree = "<group>"; };
		6B8326632C749552009D787C /* HomeViewController.swift */ = {isa = PBXFileReference; lastKnownFileType = sourcecode.swift; path = HomeViewController.swift; sourceTree = "<group>"; };
		6B83266D2C749D54009D787C /* HomeViewSectionModel.swift */ = {isa = PBXFileReference; lastKnownFileType = sourcecode.swift; path = HomeViewSectionModel.swift; sourceTree = "<group>"; };
		6B83266F2C74A0EE009D787C /* RecipeCollectionViewCell.swift */ = {isa = PBXFileReference; lastKnownFileType = sourcecode.swift; path = RecipeCollectionViewCell.swift; sourceTree = "<group>"; };
		6B8326712C74A467009D787C /* HomeViewModel.swift */ = {isa = PBXFileReference; lastKnownFileType = sourcecode.swift; path = HomeViewModel.swift; sourceTree = "<group>"; };
		6B8326732C74C39E009D787C /* TitleHeaderView.swift */ = {isa = PBXFileReference; lastKnownFileType = sourcecode.swift; path = TitleHeaderView.swift; sourceTree = "<group>"; };
		6B96B1C52C7B4AD80090D929 /* PostViewModel.swift */ = {isa = PBXFileReference; lastKnownFileType = sourcecode.swift; path = PostViewModel.swift; sourceTree = "<group>"; };
		6B96B1C72C7C05F60090D929 /* CategoryCell.swift */ = {isa = PBXFileReference; lastKnownFileType = sourcecode.swift; path = CategoryCell.swift; sourceTree = "<group>"; };
		6B96B1CD2C7C51E00090D929 /* RecipeListCell.swift */ = {isa = PBXFileReference; lastKnownFileType = sourcecode.swift; path = RecipeListCell.swift; sourceTree = "<group>"; };
		6B96B1D32C7C89A10090D929 /* PostDetailViewController.swift */ = {isa = PBXFileReference; lastKnownFileType = sourcecode.swift; path = PostDetailViewController.swift; sourceTree = "<group>"; };
		6B96B1D52C7CA1C90090D929 /* PostDetailTitleCell.swift */ = {isa = PBXFileReference; lastKnownFileType = sourcecode.swift; path = PostDetailTitleCell.swift; sourceTree = "<group>"; };
		6B96B1D72C7CA65A0090D929 /* PostDetailViewModel.swift */ = {isa = PBXFileReference; lastKnownFileType = sourcecode.swift; path = PostDetailViewModel.swift; sourceTree = "<group>"; };
		6B96B1D92C7CB7370090D929 /* InformationDetailView.swift */ = {isa = PBXFileReference; lastKnownFileType = sourcecode.swift; path = InformationDetailView.swift; sourceTree = "<group>"; };
		6B96B1DB2C7CB7C20090D929 /* Category.swift */ = {isa = PBXFileReference; lastKnownFileType = sourcecode.swift; path = Category.swift; sourceTree = "<group>"; };
		6B96B1DD2C7D57270090D929 /* PostDetailIngredientCell.swift */ = {isa = PBXFileReference; lastKnownFileType = sourcecode.swift; path = PostDetailIngredientCell.swift; sourceTree = "<group>"; };
		6B96B1E12C7D63A40090D929 /* PostDetailRecipeStepCell.swift */ = {isa = PBXFileReference; lastKnownFileType = sourcecode.swift; path = PostDetailRecipeStepCell.swift; sourceTree = "<group>"; };
		6BA95CEF2C7A19550047E2E6 /* PostListViewController.swift */ = {isa = PBXFileReference; lastKnownFileType = sourcecode.swift; path = PostListViewController.swift; sourceTree = "<group>"; };
		6BD986402C6CCAD900F563BE /* Gourmet.app */ = {isa = PBXFileReference; explicitFileType = wrapper.application; includeInIndex = 0; path = Gourmet.app; sourceTree = BUILT_PRODUCTS_DIR; };
		6BD986432C6CCAD900F563BE /* AppDelegate.swift */ = {isa = PBXFileReference; lastKnownFileType = sourcecode.swift; path = AppDelegate.swift; sourceTree = "<group>"; };
		6BD986452C6CCAD900F563BE /* SceneDelegate.swift */ = {isa = PBXFileReference; lastKnownFileType = sourcecode.swift; path = SceneDelegate.swift; sourceTree = "<group>"; };
		6BD9864C2C6CCADB00F563BE /* Assets.xcassets */ = {isa = PBXFileReference; lastKnownFileType = folder.assetcatalog; path = Assets.xcassets; sourceTree = "<group>"; };
		6BD9864F2C6CCADB00F563BE /* Base */ = {isa = PBXFileReference; lastKnownFileType = file.storyboard; name = Base; path = Base.lproj/LaunchScreen.storyboard; sourceTree = "<group>"; };
		6BD986512C6CCADB00F563BE /* Info.plist */ = {isa = PBXFileReference; lastKnownFileType = text.plist.xml; path = Info.plist; sourceTree = "<group>"; };
		6BD986572C6CCB5A00F563BE /* .gitignore */ = {isa = PBXFileReference; lastKnownFileType = text; path = .gitignore; sourceTree = "<group>"; };
		6BE48B7B2C6F25DA000B948A /* Routerable.swift */ = {isa = PBXFileReference; lastKnownFileType = sourcecode.swift; path = Routerable.swift; sourceTree = "<group>"; };
		6BE48B882C6F2621000B948A /* UserRouter.swift */ = {isa = PBXFileReference; lastKnownFileType = sourcecode.swift; path = UserRouter.swift; sourceTree = "<group>"; };
		6BE48B8A2C6F2630000B948A /* ProfileRouter.swift */ = {isa = PBXFileReference; lastKnownFileType = sourcecode.swift; path = ProfileRouter.swift; sourceTree = "<group>"; };
		6BE48B8C2C6F2636000B948A /* TokenRouter.swift */ = {isa = PBXFileReference; lastKnownFileType = sourcecode.swift; path = TokenRouter.swift; sourceTree = "<group>"; };
		6BE48B8E2C6F263C000B948A /* PostRouter.swift */ = {isa = PBXFileReference; lastKnownFileType = sourcecode.swift; path = PostRouter.swift; sourceTree = "<group>"; };
		6BE48B952C6F26CD000B948A /* UserDTO.swift */ = {isa = PBXFileReference; lastKnownFileType = sourcecode.swift; path = UserDTO.swift; sourceTree = "<group>"; };
		6BE48B972C6F26D7000B948A /* SignUpDTO.swift */ = {isa = PBXFileReference; lastKnownFileType = sourcecode.swift; path = SignUpDTO.swift; sourceTree = "<group>"; };
		6BE48B992C6F26E3000B948A /* LoginDTO.swift */ = {isa = PBXFileReference; lastKnownFileType = sourcecode.swift; path = LoginDTO.swift; sourceTree = "<group>"; };
		6BE48B9B2C6F26F2000B948A /* RefreshAccessTokenDTO.swift */ = {isa = PBXFileReference; lastKnownFileType = sourcecode.swift; path = RefreshAccessTokenDTO.swift; sourceTree = "<group>"; };
		6BE48B9D2C6F26FC000B948A /* ProfileDTO.swift */ = {isa = PBXFileReference; lastKnownFileType = sourcecode.swift; path = ProfileDTO.swift; sourceTree = "<group>"; };
		6BE48B9F2C6F2709000B948A /* UploadFileDTO.swift */ = {isa = PBXFileReference; lastKnownFileType = sourcecode.swift; path = UploadFileDTO.swift; sourceTree = "<group>"; };
		6BE48BA12C6F2711000B948A /* PostDTO.swift */ = {isa = PBXFileReference; lastKnownFileType = sourcecode.swift; path = PostDTO.swift; sourceTree = "<group>"; };
		6BE48BA32C6F2719000B948A /* PostListDTO.swift */ = {isa = PBXFileReference; lastKnownFileType = sourcecode.swift; path = PostListDTO.swift; sourceTree = "<group>"; };
		6BE48BA52C6F2728000B948A /* CommentDTO.swift */ = {isa = PBXFileReference; lastKnownFileType = sourcecode.swift; path = CommentDTO.swift; sourceTree = "<group>"; };
		6BE48BA72C6F27FE000B948A /* APIKey.xcconfig */ = {isa = PBXFileReference; lastKnownFileType = text.xcconfig; path = APIKey.xcconfig; sourceTree = "<group>"; };
		6BE48BAC2C6F28F2000B948A /* UploadPostBodyModel.swift */ = {isa = PBXFileReference; lastKnownFileType = sourcecode.swift; path = UploadPostBodyModel.swift; sourceTree = "<group>"; };
		6BE48BAE2C6F2907000B948A /* EditProfileBodyModel.swift */ = {isa = PBXFileReference; lastKnownFileType = sourcecode.swift; path = EditProfileBodyModel.swift; sourceTree = "<group>"; };
		6BE48BB02C6F2915000B948A /* LoginBodyModel.swift */ = {isa = PBXFileReference; lastKnownFileType = sourcecode.swift; path = LoginBodyModel.swift; sourceTree = "<group>"; };
		6BE48BB22C6F2926000B948A /* SignUpBodyModel.swift */ = {isa = PBXFileReference; lastKnownFileType = sourcecode.swift; path = SignUpBodyModel.swift; sourceTree = "<group>"; };
		6BE48BB52C6F2944000B948A /* Header.swift */ = {isa = PBXFileReference; lastKnownFileType = sourcecode.swift; path = Header.swift; sourceTree = "<group>"; };
		6BE48BB82C6F3F08000B948A /* QueryOfFetchPost.swift */ = {isa = PBXFileReference; lastKnownFileType = sourcecode.swift; path = QueryOfFetchPost.swift; sourceTree = "<group>"; };
		6BE48BBB2C6F3F2B000B948A /* QueryStringProtocol.swift */ = {isa = PBXFileReference; lastKnownFileType = sourcecode.swift; path = QueryStringProtocol.swift; sourceTree = "<group>"; };
		6BE48BBD2C6F3F70000B948A /* NetworkManager.swift */ = {isa = PBXFileReference; lastKnownFileType = sourcecode.swift; path = NetworkManager.swift; sourceTree = "<group>"; };
		6BE48BC02C6F3F89000B948A /* NetworkError.swift */ = {isa = PBXFileReference; lastKnownFileType = sourcecode.swift; path = NetworkError.swift; sourceTree = "<group>"; };
/* End PBXFileReference section */

/* Begin PBXFrameworksBuildPhase section */
		6BD9863D2C6CCAD900F563BE /* Frameworks */ = {
			isa = PBXFrameworksBuildPhase;
			buildActionMask = 2147483647;
			files = (
				6B126EDE2C82F10B005E52B8 /* iamport-ios in Frameworks */,
				6BE48B852C6F2608000B948A /* RxCocoa in Frameworks */,
				6B24ABF92C7F52D300DD4599 /* IQKeyboardManagerSwift in Frameworks */,
				6B83266A2C749CAE009D787C /* Differentiator in Frameworks */,
				6BE48B7F2C6F25EF000B948A /* Alamofire in Frameworks */,
				6B83266C2C749CAE009D787C /* RxDataSources in Frameworks */,
				6BE48B872C6F2608000B948A /* RxSwift in Frameworks */,
				6B6FFA7A2C775C5C002AA04E /* Toast in Frameworks */,
				6BE48B822C6F25F8000B948A /* SnapKit in Frameworks */,
			);
			runOnlyForDeploymentPostprocessing = 0;
		};
/* End PBXFrameworksBuildPhase section */

/* Begin PBXGroup section */
		6B126EBB2C809896005E52B8 /* NormalPostEdit */ = {
			isa = PBXGroup;
			children = (
				6B126EBE2C8098D4005E52B8 /* VC */,
				6B126EC02C8098E3005E52B8 /* View */,
				6B126EBF2C8098DA005E52B8 /* ViewModel */,
			);
			path = NormalPostEdit;
			sourceTree = "<group>";
		};
		6B126EBE2C8098D4005E52B8 /* VC */ = {
			isa = PBXGroup;
			children = (
				6B126EBC2C8098CE005E52B8 /* NormalPostEditViewController.swift */,
			);
			path = VC;
			sourceTree = "<group>";
		};
		6B126EBF2C8098DA005E52B8 /* ViewModel */ = {
			isa = PBXGroup;
			children = (
				6B126EC12C809AA6005E52B8 /* NormalPostEditViewModel.swift */,
			);
			path = ViewModel;
			sourceTree = "<group>";
		};
		6B126EC02C8098E3005E52B8 /* View */ = {
			isa = PBXGroup;
			children = (
			);
			path = View;
			sourceTree = "<group>";
		};
		6B126EC32C816B11005E52B8 /* NormalPostDetail */ = {
			isa = PBXGroup;
			children = (
				6B126EC62C816B31005E52B8 /* VC */,
				6B126EC52C816B2B005E52B8 /* View */,
				6B126EC42C816B25005E52B8 /* ViewModel */,
			);
			path = NormalPostDetail;
			sourceTree = "<group>";
		};
		6B126EC42C816B25005E52B8 /* ViewModel */ = {
			isa = PBXGroup;
			children = (
				6B126ECD2C8170FA005E52B8 /* NormalPostDetailViewModel.swift */,
			);
			path = ViewModel;
			sourceTree = "<group>";
		};
		6B126EC52C816B2B005E52B8 /* View */ = {
			isa = PBXGroup;
			children = (
				6B126EC92C816C26005E52B8 /* CommentTableViewCell.swift */,
				6B126ECB2C816DD9005E52B8 /* NormalPostDetailCell.swift */,
				6B126ECF2C819EB8005E52B8 /* TextFieldWithButtonView.swift */,
			);
			path = View;
			sourceTree = "<group>";
		};
		6B126EC62C816B31005E52B8 /* VC */ = {
			isa = PBXGroup;
			children = (
				6B126EC72C816B43005E52B8 /* NormalPostDetailViewController.swift */,
			);
			path = VC;
			sourceTree = "<group>";
		};
		6B126EDF2C830BCA005E52B8 /* Payment */ = {
			isa = PBXGroup;
			children = (
				6B126EE02C830BF0005E52B8 /* PaymentBodyModel.swift */,
			);
			path = Payment;
			sourceTree = "<group>";
		};
		6B1B9F852C70AC8600507FB5 /* BaseView */ = {
			isa = PBXGroup;
			children = (
				6B1B9F862C70AC9C00507FB5 /* BaseViewProtocol.swift */,
				6B1B9F982C70BA4600507FB5 /* ViewModelProtocol.swift */,
			);
			path = BaseView;
			sourceTree = "<group>";
		};
		6B1B9F882C70ACBD00507FB5 /* Onboarding */ = {
			isa = PBXGroup;
			children = (
				6B1B9F8E2C70B76700507FB5 /* SignUp */,
				6B1B9F9E2C71E5D400507FB5 /* Login */,
				6B1B9F892C70ACD100507FB5 /* OnboardingViewController.swift */,
			);
			path = Onboarding;
			sourceTree = "<group>";
		};
		6B1B9F8B2C70B69200507FB5 /* Extension */ = {
			isa = PBXGroup;
			children = (
				6B1B9F8C2C70B6A300507FB5 /* UILabel+Extension.swift */,
				6B1B9F912C70B7A200507FB5 /* UITextField+Extension.swift */,
				6B1B9FB02C721B9F00507FB5 /* Identifier+Extension.swift */,
				6B1B9FC92C73708C00507FB5 /* UIViewController+Extension.swift */,
			);
			path = Extension;
			sourceTree = "<group>";
		};
		6B1B9F8E2C70B76700507FB5 /* SignUp */ = {
			isa = PBXGroup;
			children = (
				6B1B9F942C70B9A200507FB5 /* VC */,
				6B1B9F932C70B99700507FB5 /* ViewModel */,
			);
			path = SignUp;
			sourceTree = "<group>";
		};
		6B1B9F932C70B99700507FB5 /* ViewModel */ = {
			isa = PBXGroup;
			children = (
				6B1B9F962C70B9B600507FB5 /* SignUpViewModel.swift */,
			);
			path = ViewModel;
			sourceTree = "<group>";
		};
		6B1B9F942C70B9A200507FB5 /* VC */ = {
			isa = PBXGroup;
			children = (
				6B1B9F8F2C70B77900507FB5 /* SignUpViewController.swift */,
			);
			path = VC;
			sourceTree = "<group>";
		};
		6B1B9F9E2C71E5D400507FB5 /* Login */ = {
			isa = PBXGroup;
			children = (
				6B1B9FA22C71F6C700507FB5 /* VC */,
				6B1B9FA12C71F6C000507FB5 /* ViewModel */,
			);
			path = Login;
			sourceTree = "<group>";
		};
		6B1B9FA12C71F6C000507FB5 /* ViewModel */ = {
			isa = PBXGroup;
			children = (
				6B1B9F9F2C71E66A00507FB5 /* LoginViewModel.swift */,
			);
			path = ViewModel;
			sourceTree = "<group>";
		};
		6B1B9FA22C71F6C700507FB5 /* VC */ = {
			isa = PBXGroup;
			children = (
				6B1B9F9C2C71E5CF00507FB5 /* LoginViewController.swift */,
			);
			path = VC;
			sourceTree = "<group>";
		};
		6B1B9FA32C72177000507FB5 /* TabBar */ = {
			isa = PBXGroup;
			children = (
				6B1B9FA42C72179B00507FB5 /* TabBarController.swift */,
			);
			path = TabBar;
			sourceTree = "<group>";
		};
		6B1B9FA62C7219C900507FB5 /* NormalPostList */ = {
			isa = PBXGroup;
			children = (
				6B1B9FA92C7219F200507FB5 /* VC */,
				6B1B9FA82C7219E400507FB5 /* View */,
				6B1B9FA72C7219DD00507FB5 /* ViewModel */,
			);
			path = NormalPostList;
			sourceTree = "<group>";
		};
		6B1B9FA72C7219DD00507FB5 /* ViewModel */ = {
			isa = PBXGroup;
			children = (
				6B1B9FB22C72231900507FB5 /* NormalViewModel.swift */,
			);
			path = ViewModel;
			sourceTree = "<group>";
		};
		6B1B9FA82C7219E400507FB5 /* View */ = {
			isa = PBXGroup;
			children = (
				6B1B9FAC2C721A4B00507FB5 /* NormalPostCell.swift */,
				6B1B9FAE2C721AA100507FB5 /* IconLabelView.swift */,
			);
			path = View;
			sourceTree = "<group>";
		};
		6B1B9FA92C7219F200507FB5 /* VC */ = {
			isa = PBXGroup;
			children = (
				6B1B9FAA2C721A0600507FB5 /* NormalPostListViewController.swift */,
			);
			path = VC;
			sourceTree = "<group>";
		};
		6B1B9FBE2C73368900507FB5 /* Utiles */ = {
			isa = PBXGroup;
			children = (
				6B1B9FBF2C73369D00507FB5 /* KeychainManager.swift */,
				6B1B9FCB2C73739E00507FB5 /* DateManager.swift */,
				6B24ABD42C7DE31100DD4599 /* PrintDebugger.swift */,
			);
			path = Utiles;
			sourceTree = "<group>";
		};
		6B24ABEC2C7F290B00DD4599 /* IngredientCell */ = {
			isa = PBXGroup;
			children = (
				6B6FFA6D2C7738FF002AA04E /* EditRecipeIngredientAddCell.swift */,
				6B24ABE62C7F13C200DD4599 /* IngredientImageCell.swift */,
				6B24ABEA2C7F290600DD4599 /* IngredientContentCell.swift */,
			);
			path = IngredientCell;
			sourceTree = "<group>";
		};
		6B24ABEF2C7F441E00DD4599 /* Title */ = {
			isa = PBXGroup;
			children = (
				6B6FFA712C77557F002AA04E /* EditRecipeTitleCell.swift */,
			);
			path = Title;
			sourceTree = "<group>";
		};
		6B24ABF02C7F443E00DD4599 /* Recipe */ = {
			isa = PBXGroup;
			children = (
				6B24ABF32C7F44B600DD4599 /* RecipeContentAddCell.swift */,
				6B6FFA692C76D877002AA04E /* EditRecipeContentCell.swift */,
				6B24ABF52C7F50EF00DD4599 /* ImageAndContentView.swift */,
			);
			path = Recipe;
			sourceTree = "<group>";
		};
		6B24ABF12C7F444F00DD4599 /* DifficultyLevel */ = {
			isa = PBXGroup;
			children = (
				6B24ABE02C7F0BA100DD4599 /* EditRecipeDifficultyLevelCell.swift */,
			);
			path = DifficultyLevel;
			sourceTree = "<group>";
		};
		6B24ABF22C7F445F00DD4599 /* Time */ = {
			isa = PBXGroup;
			children = (
				6B6FFA6F2C775200002AA04E /* EditRecipeTimeCell.swift */,
			);
			path = Time;
			sourceTree = "<group>";
		};
		6B24ABFA2C7F715B00DD4599 /* Section */ = {
			isa = PBXGroup;
			children = (
				6B24ABFB2C7F717200DD4599 /* EditRecipeSection.swift */,
			);
			path = Section;
			sourceTree = "<group>";
		};
		6B24ABFD2C7FFB1E00DD4599 /* Category */ = {
			isa = PBXGroup;
			children = (
				6B126EB32C80758E005E52B8 /* EditRecipeCategoryCell.swift */,
				6B24ABFE2C7FFC5100DD4599 /* CategorycomponentCell.swift */,
			);
			path = Category;
			sourceTree = "<group>";
		};
		6B6FFA5D2C76BE68002AA04E /* Manager */ = {
			isa = PBXGroup;
			children = (
				6B6FFA5E2C76BE78002AA04E /* Protocol */,
				6BE48BBD2C6F3F70000B948A /* NetworkManager.swift */,
			);
			path = Manager;
			sourceTree = "<group>";
		};
		6B6FFA5E2C76BE78002AA04E /* Protocol */ = {
			isa = PBXGroup;
			children = (
				6B83265D2C748BA9009D787C /* NetworkManagerProtocol.swift */,
			);
			path = Protocol;
			sourceTree = "<group>";
		};
		6B6FFA5F2C76BFF8002AA04E /* PostEdit */ = {
			isa = PBXGroup;
			children = (
				6B6FFA622C76C012002AA04E /* VC */,
				6B6FFA612C76C00D002AA04E /* View */,
				6B6FFA732C775831002AA04E /* Model */,
				6B6FFA602C76C007002AA04E /* ViewModel */,
			);
			path = PostEdit;
			sourceTree = "<group>";
		};
		6B6FFA602C76C007002AA04E /* ViewModel */ = {
			isa = PBXGroup;
			children = (
				6B6FFA652C76C0D0002AA04E /* EditPostViewModel.swift */,
				6B126EB12C807404005E52B8 /* EditCategoryViewModel.swift */,
				6B24ABE82C7F14E800DD4599 /* IngredientViewModel.swift */,
			);
			path = ViewModel;
			sourceTree = "<group>";
		};
		6B6FFA612C76C00D002AA04E /* View */ = {
			isa = PBXGroup;
			children = (
				6B24ABFA2C7F715B00DD4599 /* Section */,
				6B24ABEF2C7F441E00DD4599 /* Title */,
				6B24ABFD2C7FFB1E00DD4599 /* Category */,
				6B24ABEC2C7F290B00DD4599 /* IngredientCell */,
				6B24ABF02C7F443E00DD4599 /* Recipe */,
				6B24ABF22C7F445F00DD4599 /* Time */,
				6B24ABF12C7F444F00DD4599 /* DifficultyLevel */,
				6B24ABE42C7F0D4900DD4599 /* EditRecipeHeaderCell.swift */,
				6B126ED32C81B8B4005E52B8 /* HeaderView.swift */,
				6B6FFA812C78D10C002AA04E /* ImageComponent.swift */,
				6B24ABE22C7F0C5400DD4599 /* IconAndTitleVIew.swift */,
			);
			path = View;
			sourceTree = "<group>";
		};
		6B6FFA622C76C012002AA04E /* VC */ = {
			isa = PBXGroup;
			children = (
				6B6FFA632C76C021002AA04E /* EditRecipeViewController.swift */,
				6B6FFA7B2C77671E002AA04E /* ChoiceCategoryView.swift */,
			);
			path = VC;
			sourceTree = "<group>";
		};
		6B6FFA732C775831002AA04E /* Model */ = {
			isa = PBXGroup;
			children = (
				6B6FFA742C77583F002AA04E /* RecipeContent.swift */,
				6B6FFA762C77584D002AA04E /* RecipeIngradient.swift */,
				6B24ABED2C7F3AF000DD4599 /* IngredientContent.swift */,
				6B126EB52C807632005E52B8 /* EditRecipeFoodCategory.swift */,
				6B126EB72C808B23005E52B8 /* EditRecipeIngredient.swift */,
			);
			path = Model;
			sourceTree = "<group>";
		};
		6B83265F2C74951A009D787C /* Home */ = {
			isa = PBXGroup;
			children = (
				6B8326622C749548009D787C /* VC */,
				6B8326612C749542009D787C /* View */,
				6B8326752C74C5A2009D787C /* Model */,
				6B8326602C74953C009D787C /* ViewModel */,
			);
			path = Home;
			sourceTree = "<group>";
		};
		6B8326602C74953C009D787C /* ViewModel */ = {
			isa = PBXGroup;
			children = (
				6B8326712C74A467009D787C /* HomeViewModel.swift */,
				6B126ED52C81E4E1005E52B8 /* RecipeCollectionViewModel.swift */,
			);
			path = ViewModel;
			sourceTree = "<group>";
		};
		6B8326612C749542009D787C /* View */ = {
			isa = PBXGroup;
			children = (
				6B83266F2C74A0EE009D787C /* RecipeCollectionViewCell.swift */,
				6B8326732C74C39E009D787C /* TitleHeaderView.swift */,
			);
			path = View;
			sourceTree = "<group>";
		};
		6B8326622C749548009D787C /* VC */ = {
			isa = PBXGroup;
			children = (
				6B8326632C749552009D787C /* HomeViewController.swift */,
			);
			path = VC;
			sourceTree = "<group>";
		};
		6B8326752C74C5A2009D787C /* Model */ = {
			isa = PBXGroup;
			children = (
				6B83266D2C749D54009D787C /* HomeViewSectionModel.swift */,
				6B96B1DB2C7CB7C20090D929 /* Category.swift */,
			);
			path = Model;
			sourceTree = "<group>";
		};
		6B96B1CF2C7C88990090D929 /* PostDetailView */ = {
			isa = PBXGroup;
			children = (
				6B96B1D22C7C88B70090D929 /* VC */,
				6B96B1D12C7C88B60090D929 /* View */,
				6B96B1D02C7C88AC0090D929 /* ViewModel */,
			);
			path = PostDetailView;
			sourceTree = "<group>";
		};
		6B96B1D02C7C88AC0090D929 /* ViewModel */ = {
			isa = PBXGroup;
			children = (
				6B96B1D72C7CA65A0090D929 /* PostDetailViewModel.swift */,
				6B126ED92C81E901005E52B8 /* PostDetailTitleViewModel.swift */,
			);
			path = ViewModel;
			sourceTree = "<group>";
		};
		6B96B1D12C7C88B60090D929 /* View */ = {
			isa = PBXGroup;
			children = (
				6B96B1D52C7CA1C90090D929 /* PostDetailTitleCell.swift */,
				6B96B1DD2C7D57270090D929 /* PostDetailIngredientCell.swift */,
				6B96B1E12C7D63A40090D929 /* PostDetailRecipeStepCell.swift */,
				6B96B1D92C7CB7370090D929 /* InformationDetailView.swift */,
			);
			path = View;
			sourceTree = "<group>";
		};
		6B96B1D22C7C88B70090D929 /* VC */ = {
			isa = PBXGroup;
			children = (
				6B96B1D32C7C89A10090D929 /* PostDetailViewController.swift */,
			);
			path = VC;
			sourceTree = "<group>";
		};
		6BA95CEB2C7A08AB0047E2E6 /* PostList */ = {
			isa = PBXGroup;
			children = (
				6BA95CEE2C7A08C30047E2E6 /* VC */,
				6BA95CED2C7A08BF0047E2E6 /* View */,
				6BA95CEC2C7A08B90047E2E6 /* ViewModel */,
			);
			path = PostList;
			sourceTree = "<group>";
		};
		6BA95CEC2C7A08B90047E2E6 /* ViewModel */ = {
			isa = PBXGroup;
			children = (
				6B96B1C52C7B4AD80090D929 /* PostViewModel.swift */,
				6B126ED72C81E7E0005E52B8 /* RecipePostViewModel.swift */,
			);
			path = ViewModel;
			sourceTree = "<group>";
		};
		6BA95CED2C7A08BF0047E2E6 /* View */ = {
			isa = PBXGroup;
			children = (
				6B96B1C72C7C05F60090D929 /* CategoryCell.swift */,
				6B96B1CD2C7C51E00090D929 /* RecipeListCell.swift */,
			);
			path = View;
			sourceTree = "<group>";
		};
		6BA95CEE2C7A08C30047E2E6 /* VC */ = {
			isa = PBXGroup;
			children = (
				6BA95CEF2C7A19550047E2E6 /* PostListViewController.swift */,
			);
			path = VC;
			sourceTree = "<group>";
		};
		6BD986372C6CCAD900F563BE = {
			isa = PBXGroup;
			children = (
				6BD986572C6CCB5A00F563BE /* .gitignore */,
				6BD986422C6CCAD900F563BE /* Gourmet */,
				6BD986412C6CCAD900F563BE /* Products */,
			);
			sourceTree = "<group>";
		};
		6BD986412C6CCAD900F563BE /* Products */ = {
			isa = PBXGroup;
			children = (
				6BD986402C6CCAD900F563BE /* Gourmet.app */,
			);
			name = Products;
			sourceTree = "<group>";
		};
		6BD986422C6CCAD900F563BE /* Gourmet */ = {
			isa = PBXGroup;
			children = (
				6BD986612C6DD67300F563BE /* LifeCycle */,
				6BD986622C6DD68300F563BE /* Presentaion */,
				6B1B9FBE2C73368900507FB5 /* Utiles */,
				6BD986642C6DD6A900F563BE /* Network */,
				6BD986632C6DD68B00F563BE /* Resource */,
				6B1B9F8B2C70B69200507FB5 /* Extension */,
				6BD986512C6CCADB00F563BE /* Info.plist */,
				6BE48BA72C6F27FE000B948A /* APIKey.xcconfig */,
			);
			path = Gourmet;
			sourceTree = "<group>";
		};
		6BD986612C6DD67300F563BE /* LifeCycle */ = {
			isa = PBXGroup;
			children = (
				6BD986432C6CCAD900F563BE /* AppDelegate.swift */,
				6BD986452C6CCAD900F563BE /* SceneDelegate.swift */,
			);
			path = LifeCycle;
			sourceTree = "<group>";
		};
		6BD986622C6DD68300F563BE /* Presentaion */ = {
			isa = PBXGroup;
			children = (
				6B1B9F852C70AC8600507FB5 /* BaseView */,
				6B1B9F882C70ACBD00507FB5 /* Onboarding */,
				6B1B9FA32C72177000507FB5 /* TabBar */,
				6B83265F2C74951A009D787C /* Home */,
				6BA95CEB2C7A08AB0047E2E6 /* PostList */,
				6B96B1CF2C7C88990090D929 /* PostDetailView */,
				6B6FFA5F2C76BFF8002AA04E /* PostEdit */,
				6B1B9FA62C7219C900507FB5 /* NormalPostList */,
				6B126EBB2C809896005E52B8 /* NormalPostEdit */,
				6B126EC32C816B11005E52B8 /* NormalPostDetail */,
			);
			path = Presentaion;
			sourceTree = "<group>";
		};
		6BD986632C6DD68B00F563BE /* Resource */ = {
			isa = PBXGroup;
			children = (
				6BD9864C2C6CCADB00F563BE /* Assets.xcassets */,
				6BD9864E2C6CCADB00F563BE /* LaunchScreen.storyboard */,
				6B306B4D2C74CD63008AA7E0 /* FoodCategory.swift */,
				6B126EAB2C803394005E52B8 /* TabBarComponent.swift */,
				6B126EAF2C804CC5005E52B8 /* IngredientType.swift */,
				6B126EB92C8090F7005E52B8 /* IconComponet.swift */,
			);
			path = Resource;
			sourceTree = "<group>";
		};
		6BD986642C6DD6A900F563BE /* Network */ = {
			isa = PBXGroup;
			children = (
				6B6FFA5D2C76BE68002AA04E /* Manager */,
				6BE48BBF2C6F3F7A000B948A /* Error */,
				6BE48BB72C6F3EF5000B948A /* QueryString */,
				6BE48BB42C6F293A000B948A /* Header */,
				6BE48BA82C6F28A3000B948A /* BodyModel */,
				6BE48B902C6F2690000B948A /* DTO */,
				6BE48B792C6F25B1000B948A /* Router */,
			);
			path = Network;
			sourceTree = "<group>";
		};
		6BE48B792C6F25B1000B948A /* Router */ = {
			isa = PBXGroup;
			children = (
				6BE48B7A2C6F25BE000B948A /* Protocol */,
				6BE48B882C6F2621000B948A /* UserRouter.swift */,
				6BE48B8A2C6F2630000B948A /* ProfileRouter.swift */,
				6BE48B8C2C6F2636000B948A /* TokenRouter.swift */,
				6BE48B8E2C6F263C000B948A /* PostRouter.swift */,
			);
			path = Router;
			sourceTree = "<group>";
		};
		6BE48B7A2C6F25BE000B948A /* Protocol */ = {
			isa = PBXGroup;
			children = (
				6BE48B7B2C6F25DA000B948A /* Routerable.swift */,
			);
			path = Protocol;
			sourceTree = "<group>";
		};
		6BE48B902C6F2690000B948A /* DTO */ = {
			isa = PBXGroup;
			children = (
				6BE48B912C6F2699000B948A /* UserDTO */,
				6BE48B922C6F26A0000B948A /* TokenDTO */,
				6BE48B942C6F26B5000B948A /* PostDTO */,
				6BE48B932C6F26AC000B948A /* ProfileDTO */,
			);
			path = DTO;
			sourceTree = "<group>";
		};
		6BE48B912C6F2699000B948A /* UserDTO */ = {
			isa = PBXGroup;
			children = (
				6BE48B952C6F26CD000B948A /* UserDTO.swift */,
				6BE48B972C6F26D7000B948A /* SignUpDTO.swift */,
				6BE48B992C6F26E3000B948A /* LoginDTO.swift */,
			);
			path = UserDTO;
			sourceTree = "<group>";
		};
		6BE48B922C6F26A0000B948A /* TokenDTO */ = {
			isa = PBXGroup;
			children = (
				6BE48B9B2C6F26F2000B948A /* RefreshAccessTokenDTO.swift */,
			);
			path = TokenDTO;
			sourceTree = "<group>";
		};
		6BE48B932C6F26AC000B948A /* ProfileDTO */ = {
			isa = PBXGroup;
			children = (
				6BE48B9D2C6F26FC000B948A /* ProfileDTO.swift */,
			);
			path = ProfileDTO;
			sourceTree = "<group>";
		};
		6BE48B942C6F26B5000B948A /* PostDTO */ = {
			isa = PBXGroup;
			children = (
				6BE48B9F2C6F2709000B948A /* UploadFileDTO.swift */,
				6BE48BA12C6F2711000B948A /* PostDTO.swift */,
				6BE48BA32C6F2719000B948A /* PostListDTO.swift */,
				6BE48BA52C6F2728000B948A /* CommentDTO.swift */,
			);
			path = PostDTO;
			sourceTree = "<group>";
		};
		6BE48BA82C6F28A3000B948A /* BodyModel */ = {
			isa = PBXGroup;
			children = (
				6BE48BAB2C6F28C5000B948A /* User */,
				6BE48BAA2C6F28BE000B948A /* Profile */,
				6BE48BA92C6F28B4000B948A /* Post */,
				6B126EDF2C830BCA005E52B8 /* Payment */,
			);
			path = BodyModel;
			sourceTree = "<group>";
		};
		6BE48BA92C6F28B4000B948A /* Post */ = {
			isa = PBXGroup;
			children = (
				6BE48BAC2C6F28F2000B948A /* UploadPostBodyModel.swift */,
				6B126ED12C81A5DD005E52B8 /* UploadCommentBodyModel.swift */,
			);
			path = Post;
			sourceTree = "<group>";
		};
		6BE48BAA2C6F28BE000B948A /* Profile */ = {
			isa = PBXGroup;
			children = (
				6BE48BAE2C6F2907000B948A /* EditProfileBodyModel.swift */,
			);
			path = Profile;
			sourceTree = "<group>";
		};
		6BE48BAB2C6F28C5000B948A /* User */ = {
			isa = PBXGroup;
			children = (
				6BE48BB02C6F2915000B948A /* LoginBodyModel.swift */,
				6BE48BB22C6F2926000B948A /* SignUpBodyModel.swift */,
				6B1B9F9A2C70BDA200507FB5 /* EmailCheckBodyModel.swift */,
			);
			path = User;
			sourceTree = "<group>";
		};
		6BE48BB42C6F293A000B948A /* Header */ = {
			isa = PBXGroup;
			children = (
				6BE48BB52C6F2944000B948A /* Header.swift */,
			);
			path = Header;
			sourceTree = "<group>";
		};
		6BE48BB72C6F3EF5000B948A /* QueryString */ = {
			isa = PBXGroup;
			children = (
				6BE48BBA2C6F3F1A000B948A /* Protocol */,
				6BE48BB82C6F3F08000B948A /* QueryOfFetchPost.swift */,
			);
			path = QueryString;
			sourceTree = "<group>";
		};
		6BE48BBA2C6F3F1A000B948A /* Protocol */ = {
			isa = PBXGroup;
			children = (
				6BE48BBB2C6F3F2B000B948A /* QueryStringProtocol.swift */,
			);
			path = Protocol;
			sourceTree = "<group>";
		};
		6BE48BBF2C6F3F7A000B948A /* Error */ = {
			isa = PBXGroup;
			children = (
				6BE48BC02C6F3F89000B948A /* NetworkError.swift */,
				6B1B9FC72C7369FE00507FB5 /* EmailCheckError.swift */,
				6B1B9FC52C7369E300507FB5 /* SignUpError.swift */,
				6B1B9FC32C7369D000507FB5 /* LoginError.swift */,
				6B1B9FBC2C7330A300507FB5 /* PostError.swift */,
				6B1B9FC12C7346B300507FB5 /* TokenError.swift */,
			);
			path = Error;
			sourceTree = "<group>";
		};
/* End PBXGroup section */

/* Begin PBXNativeTarget section */
		6BD9863F2C6CCAD900F563BE /* Gourmet */ = {
			isa = PBXNativeTarget;
			buildConfigurationList = 6BD986542C6CCADB00F563BE /* Build configuration list for PBXNativeTarget "Gourmet" */;
			buildPhases = (
				6BD9863C2C6CCAD900F563BE /* Sources */,
				6BD9863D2C6CCAD900F563BE /* Frameworks */,
				6BD9863E2C6CCAD900F563BE /* Resources */,
			);
			buildRules = (
			);
			dependencies = (
			);
			name = Gourmet;
			packageProductDependencies = (
				6BE48B7E2C6F25EF000B948A /* Alamofire */,
				6BE48B812C6F25F8000B948A /* SnapKit */,
				6BE48B842C6F2608000B948A /* RxCocoa */,
				6BE48B862C6F2608000B948A /* RxSwift */,
				6B8326692C749CAE009D787C /* Differentiator */,
				6B83266B2C749CAE009D787C /* RxDataSources */,
				6B6FFA792C775C5C002AA04E /* Toast */,
				6B24ABF82C7F52D300DD4599 /* IQKeyboardManagerSwift */,
				6B126EDD2C82F10B005E52B8 /* iamport-ios */,
			);
			productName = Gourmet;
			productReference = 6BD986402C6CCAD900F563BE /* Gourmet.app */;
			productType = "com.apple.product-type.application";
		};
/* End PBXNativeTarget section */

/* Begin PBXProject section */
		6BD986382C6CCAD900F563BE /* Project object */ = {
			isa = PBXProject;
			attributes = {
				BuildIndependentTargetsInParallel = 1;
				LastSwiftUpdateCheck = 1530;
				LastUpgradeCheck = 1530;
				TargetAttributes = {
					6BD9863F2C6CCAD900F563BE = {
						CreatedOnToolsVersion = 15.3;
					};
				};
			};
			buildConfigurationList = 6BD9863B2C6CCAD900F563BE /* Build configuration list for PBXProject "Gourmet" */;
			compatibilityVersion = "Xcode 14.0";
			developmentRegion = en;
			hasScannedForEncodings = 0;
			knownRegions = (
				en,
				Base,
			);
			mainGroup = 6BD986372C6CCAD900F563BE;
			packageReferences = (
				6BE48B7D2C6F25EF000B948A /* XCRemoteSwiftPackageReference "Alamofire" */,
				6BE48B802C6F25F8000B948A /* XCRemoteSwiftPackageReference "SnapKit" */,
				6BE48B832C6F2608000B948A /* XCRemoteSwiftPackageReference "RxSwift" */,
				6B8326682C749CAE009D787C /* XCRemoteSwiftPackageReference "RxDataSources" */,
				6B6FFA782C775C5C002AA04E /* XCRemoteSwiftPackageReference "Toast-Swift" */,
				6B24ABF72C7F52D300DD4599 /* XCRemoteSwiftPackageReference "IQKeyboardManager" */,
				6B126EDC2C82F10B005E52B8 /* XCRemoteSwiftPackageReference "iamport-ios" */,
			);
			productRefGroup = 6BD986412C6CCAD900F563BE /* Products */;
			projectDirPath = "";
			projectRoot = "";
			targets = (
				6BD9863F2C6CCAD900F563BE /* Gourmet */,
			);
		};
/* End PBXProject section */

/* Begin PBXResourcesBuildPhase section */
		6BD9863E2C6CCAD900F563BE /* Resources */ = {
			isa = PBXResourcesBuildPhase;
			buildActionMask = 2147483647;
			files = (
				6BD9864D2C6CCADB00F563BE /* Assets.xcassets in Resources */,
				6BD986582C6CCB5A00F563BE /* .gitignore in Resources */,
				6BD986502C6CCADB00F563BE /* Base in Resources */,
			);
			runOnlyForDeploymentPostprocessing = 0;
		};
/* End PBXResourcesBuildPhase section */

/* Begin PBXSourcesBuildPhase section */
		6BD9863C2C6CCAD900F563BE /* Sources */ = {
			isa = PBXSourcesBuildPhase;
			buildActionMask = 2147483647;
			files = (
				6B24ABD52C7DE31100DD4599 /* PrintDebugger.swift in Sources */,
				6B6FFA6A2C76D877002AA04E /* EditRecipeContentCell.swift in Sources */,
				6B96B1E22C7D63A40090D929 /* PostDetailRecipeStepCell.swift in Sources */,
				6BA95CF02C7A19550047E2E6 /* PostListViewController.swift in Sources */,
				6B6FFA752C77583F002AA04E /* RecipeContent.swift in Sources */,
				6B1B9FB12C721B9F00507FB5 /* Identifier+Extension.swift in Sources */,
				6B126ED22C81A5DD005E52B8 /* UploadCommentBodyModel.swift in Sources */,
				6B126ED82C81E7E0005E52B8 /* RecipePostViewModel.swift in Sources */,
				6B24ABF42C7F44B600DD4599 /* RecipeContentAddCell.swift in Sources */,
				6B126ED62C81E4E1005E52B8 /* RecipeCollectionViewModel.swift in Sources */,
				6B1B9FC02C73369D00507FB5 /* KeychainManager.swift in Sources */,
				6BE48B8B2C6F2630000B948A /* ProfileRouter.swift in Sources */,
				6BE48B9C2C6F26F2000B948A /* RefreshAccessTokenDTO.swift in Sources */,
				6BE48B7C2C6F25DA000B948A /* Routerable.swift in Sources */,
				6B24ABEE2C7F3AF000DD4599 /* IngredientContent.swift in Sources */,
				6BE48BBC2C6F3F2B000B948A /* QueryStringProtocol.swift in Sources */,
				6B1B9FC82C7369FE00507FB5 /* EmailCheckError.swift in Sources */,
				6B1B9FAB2C721A0600507FB5 /* NormalPostListViewController.swift in Sources */,
				6B96B1DE2C7D57270090D929 /* PostDetailIngredientCell.swift in Sources */,
				6B83265E2C748BA9009D787C /* NetworkManagerProtocol.swift in Sources */,
				6B126EDA2C81E901005E52B8 /* PostDetailTitleViewModel.swift in Sources */,
				6B6FFA722C77557F002AA04E /* EditRecipeTitleCell.swift in Sources */,
				6B24ABFF2C7FFC5100DD4599 /* CategorycomponentCell.swift in Sources */,
				6B1B9FA52C72179B00507FB5 /* TabBarController.swift in Sources */,
				6BE48B8F2C6F263C000B948A /* PostRouter.swift in Sources */,
				6B6FFA772C77584D002AA04E /* RecipeIngradient.swift in Sources */,
				6B6FFA6E2C7738FF002AA04E /* EditRecipeIngredientAddCell.swift in Sources */,
				6B24ABE32C7F0C5400DD4599 /* IconAndTitleVIew.swift in Sources */,
				6B306B4E2C74CD63008AA7E0 /* FoodCategory.swift in Sources */,
				6B126EB62C807632005E52B8 /* EditRecipeFoodCategory.swift in Sources */,
				6B96B1C82C7C05F60090D929 /* CategoryCell.swift in Sources */,
				6B126ECA2C816C26005E52B8 /* CommentTableViewCell.swift in Sources */,
				6B126EBA2C8090F7005E52B8 /* IconComponet.swift in Sources */,
				6B6FFA822C78D10C002AA04E /* ImageComponent.swift in Sources */,
				6BE48BB32C6F2926000B948A /* SignUpBodyModel.swift in Sources */,
				6B1B9FC22C7346B300507FB5 /* TokenError.swift in Sources */,
				6B126EE12C830BF0005E52B8 /* PaymentBodyModel.swift in Sources */,
				6B6FFA662C76C0D0002AA04E /* EditPostViewModel.swift in Sources */,
				6BE48BA42C6F2719000B948A /* PostListDTO.swift in Sources */,
				6BD986442C6CCAD900F563BE /* AppDelegate.swift in Sources */,
				6B1B9FCA2C73708C00507FB5 /* UIViewController+Extension.swift in Sources */,
				6B1B9F972C70B9B600507FB5 /* SignUpViewModel.swift in Sources */,
				6BD986462C6CCAD900F563BE /* SceneDelegate.swift in Sources */,
				6BE48BB92C6F3F08000B948A /* QueryOfFetchPost.swift in Sources */,
				6B1B9FC62C7369E300507FB5 /* SignUpError.swift in Sources */,
				6B6FFA642C76C021002AA04E /* EditRecipeViewController.swift in Sources */,
				6B24ABFC2C7F717200DD4599 /* EditRecipeSection.swift in Sources */,
				6B8326642C749552009D787C /* HomeViewController.swift in Sources */,
				6B1B9F8A2C70ACD100507FB5 /* OnboardingViewController.swift in Sources */,
				6B1B9FC42C7369D000507FB5 /* LoginError.swift in Sources */,
				6BE48BA22C6F2711000B948A /* PostDTO.swift in Sources */,
				6B96B1CE2C7C51E00090D929 /* RecipeListCell.swift in Sources */,
				6B1B9FA02C71E66A00507FB5 /* LoginViewModel.swift in Sources */,
				6BE48B9A2C6F26E3000B948A /* LoginDTO.swift in Sources */,
				6B1B9FCC2C73739E00507FB5 /* DateManager.swift in Sources */,
				6B1B9F9B2C70BDA200507FB5 /* EmailCheckBodyModel.swift in Sources */,
				6B6FFA7C2C77671E002AA04E /* ChoiceCategoryView.swift in Sources */,
				6BE48B962C6F26CD000B948A /* UserDTO.swift in Sources */,
				6B96B1D42C7C89A10090D929 /* PostDetailViewController.swift in Sources */,
				6B126ED42C81B8B4005E52B8 /* HeaderView.swift in Sources */,
				6B1B9FB32C72231900507FB5 /* NormalViewModel.swift in Sources */,
				6B1B9F872C70AC9C00507FB5 /* BaseViewProtocol.swift in Sources */,
				6B1B9F992C70BA4600507FB5 /* ViewModelProtocol.swift in Sources */,
				6B24ABF62C7F50EF00DD4599 /* ImageAndContentView.swift in Sources */,
				6B126EC82C816B43005E52B8 /* NormalPostDetailViewController.swift in Sources */,
				6B24ABE92C7F14E800DD4599 /* IngredientViewModel.swift in Sources */,
				6B126ED02C819EB8005E52B8 /* TextFieldWithButtonView.swift in Sources */,
				6B24ABEB2C7F290700DD4599 /* IngredientContentCell.swift in Sources */,
				6B1B9F922C70B7A200507FB5 /* UITextField+Extension.swift in Sources */,
				6B126ECE2C8170FA005E52B8 /* NormalPostDetailViewModel.swift in Sources */,
				6B96B1D62C7CA1C90090D929 /* PostDetailTitleCell.swift in Sources */,
				6BE48B8D2C6F2636000B948A /* TokenRouter.swift in Sources */,
				6B24ABE52C7F0D4900DD4599 /* EditRecipeHeaderCell.swift in Sources */,
				6B1B9F902C70B77900507FB5 /* SignUpViewController.swift in Sources */,
				6B6FFA702C775200002AA04E /* EditRecipeTimeCell.swift in Sources */,
				6BE48BAD2C6F28F2000B948A /* UploadPostBodyModel.swift in Sources */,
				6BE48BAF2C6F2907000B948A /* EditProfileBodyModel.swift in Sources */,
				6B126ECC2C816DD9005E52B8 /* NormalPostDetailCell.swift in Sources */,
				6B96B1C62C7B4AD80090D929 /* PostViewModel.swift in Sources */,
				6B126EAC2C803394005E52B8 /* TabBarComponent.swift in Sources */,
				6B8326722C74A467009D787C /* HomeViewModel.swift in Sources */,
				6B1B9FAD2C721A4B00507FB5 /* NormalPostCell.swift in Sources */,
				6BE48BA02C6F2709000B948A /* UploadFileDTO.swift in Sources */,
				6B126EB82C808B23005E52B8 /* EditRecipeIngredient.swift in Sources */,
				6B8326742C74C39E009D787C /* TitleHeaderView.swift in Sources */,
				6B96B1D82C7CA65A0090D929 /* PostDetailViewModel.swift in Sources */,
				6BE48BB62C6F2944000B948A /* Header.swift in Sources */,
				6BE48BB12C6F2915000B948A /* LoginBodyModel.swift in Sources */,
				6BE48B892C6F2621000B948A /* UserRouter.swift in Sources */,
				6BE48B9E2C6F26FC000B948A /* ProfileDTO.swift in Sources */,
				6BE48BBE2C6F3F70000B948A /* NetworkManager.swift in Sources */,
				6B1B9F8D2C70B6A300507FB5 /* UILabel+Extension.swift in Sources */,
				6B126EC22C809AA6005E52B8 /* NormalPostEditViewModel.swift in Sources */,
				6B24ABE12C7F0BA100DD4599 /* EditRecipeDifficultyLevelCell.swift in Sources */,
				6B24ABE72C7F13C200DD4599 /* IngredientImageCell.swift in Sources */,
				6B126EB02C804CC5005E52B8 /* IngredientType.swift in Sources */,
				6B1B9F9D2C71E5CF00507FB5 /* LoginViewController.swift in Sources */,
				6BE48BC12C6F3F89000B948A /* NetworkError.swift in Sources */,
				6B83266E2C749D54009D787C /* HomeViewSectionModel.swift in Sources */,
				6B8326702C74A0EE009D787C /* RecipeCollectionViewCell.swift in Sources */,
				6BE48BA62C6F2728000B948A /* CommentDTO.swift in Sources */,
				6B96B1DA2C7CB7370090D929 /* InformationDetailView.swift in Sources */,
				6BE48B982C6F26D7000B948A /* SignUpDTO.swift in Sources */,
				6B1B9FBD2C7330A300507FB5 /* PostError.swift in Sources */,
				6B1B9FAF2C721AA100507FB5 /* IconLabelView.swift in Sources */,
				6B126EB22C807404005E52B8 /* EditCategoryViewModel.swift in Sources */,
				6B126EBD2C8098CE005E52B8 /* NormalPostEditViewController.swift in Sources */,
				6B126EB42C80758E005E52B8 /* EditRecipeCategoryCell.swift in Sources */,
				6B96B1DC2C7CB7C20090D929 /* Category.swift in Sources */,
			);
			runOnlyForDeploymentPostprocessing = 0;
		};
/* End PBXSourcesBuildPhase section */

/* Begin PBXVariantGroup section */
		6BD9864E2C6CCADB00F563BE /* LaunchScreen.storyboard */ = {
			isa = PBXVariantGroup;
			children = (
				6BD9864F2C6CCADB00F563BE /* Base */,
			);
			name = LaunchScreen.storyboard;
			sourceTree = "<group>";
		};
/* End PBXVariantGroup section */

/* Begin XCBuildConfiguration section */
		6BD986522C6CCADB00F563BE /* Debug */ = {
			isa = XCBuildConfiguration;
			baseConfigurationReference = 6BE48BA72C6F27FE000B948A /* APIKey.xcconfig */;
			buildSettings = {
				ALWAYS_SEARCH_USER_PATHS = NO;
				ASSETCATALOG_COMPILER_GENERATE_SWIFT_ASSET_SYMBOL_EXTENSIONS = YES;
				CLANG_ANALYZER_NONNULL = YES;
				CLANG_ANALYZER_NUMBER_OBJECT_CONVERSION = YES_AGGRESSIVE;
				CLANG_CXX_LANGUAGE_STANDARD = "gnu++20";
				CLANG_ENABLE_MODULES = YES;
				CLANG_ENABLE_OBJC_ARC = YES;
				CLANG_ENABLE_OBJC_WEAK = YES;
				CLANG_WARN_BLOCK_CAPTURE_AUTORELEASING = YES;
				CLANG_WARN_BOOL_CONVERSION = YES;
				CLANG_WARN_COMMA = YES;
				CLANG_WARN_CONSTANT_CONVERSION = YES;
				CLANG_WARN_DEPRECATED_OBJC_IMPLEMENTATIONS = YES;
				CLANG_WARN_DIRECT_OBJC_ISA_USAGE = YES_ERROR;
				CLANG_WARN_DOCUMENTATION_COMMENTS = YES;
				CLANG_WARN_EMPTY_BODY = YES;
				CLANG_WARN_ENUM_CONVERSION = YES;
				CLANG_WARN_INFINITE_RECURSION = YES;
				CLANG_WARN_INT_CONVERSION = YES;
				CLANG_WARN_NON_LITERAL_NULL_CONVERSION = YES;
				CLANG_WARN_OBJC_IMPLICIT_RETAIN_SELF = YES;
				CLANG_WARN_OBJC_LITERAL_CONVERSION = YES;
				CLANG_WARN_OBJC_ROOT_CLASS = YES_ERROR;
				CLANG_WARN_QUOTED_INCLUDE_IN_FRAMEWORK_HEADER = YES;
				CLANG_WARN_RANGE_LOOP_ANALYSIS = YES;
				CLANG_WARN_STRICT_PROTOTYPES = YES;
				CLANG_WARN_SUSPICIOUS_MOVE = YES;
				CLANG_WARN_UNGUARDED_AVAILABILITY = YES_AGGRESSIVE;
				CLANG_WARN_UNREACHABLE_CODE = YES;
				CLANG_WARN__DUPLICATE_METHOD_MATCH = YES;
				COPY_PHASE_STRIP = NO;
				DEBUG_INFORMATION_FORMAT = dwarf;
				ENABLE_STRICT_OBJC_MSGSEND = YES;
				ENABLE_TESTABILITY = YES;
				ENABLE_USER_SCRIPT_SANDBOXING = YES;
				GCC_C_LANGUAGE_STANDARD = gnu17;
				GCC_DYNAMIC_NO_PIC = NO;
				GCC_NO_COMMON_BLOCKS = YES;
				GCC_OPTIMIZATION_LEVEL = 0;
				GCC_PREPROCESSOR_DEFINITIONS = (
					"DEBUG=1",
					"$(inherited)",
				);
				GCC_WARN_64_TO_32_BIT_CONVERSION = YES;
				GCC_WARN_ABOUT_RETURN_TYPE = YES_ERROR;
				GCC_WARN_UNDECLARED_SELECTOR = YES;
				GCC_WARN_UNINITIALIZED_AUTOS = YES_AGGRESSIVE;
				GCC_WARN_UNUSED_FUNCTION = YES;
				GCC_WARN_UNUSED_VARIABLE = YES;
				IPHONEOS_DEPLOYMENT_TARGET = 17.4;
				LOCALIZATION_PREFERS_STRING_CATALOGS = YES;
				MTL_ENABLE_DEBUG_INFO = INCLUDE_SOURCE;
				MTL_FAST_MATH = YES;
				ONLY_ACTIVE_ARCH = YES;
				SDKROOT = iphoneos;
				SWIFT_ACTIVE_COMPILATION_CONDITIONS = "DEBUG $(inherited)";
				SWIFT_OPTIMIZATION_LEVEL = "-Onone";
			};
			name = Debug;
		};
		6BD986532C6CCADB00F563BE /* Release */ = {
			isa = XCBuildConfiguration;
			buildSettings = {
				ALWAYS_SEARCH_USER_PATHS = NO;
				ASSETCATALOG_COMPILER_GENERATE_SWIFT_ASSET_SYMBOL_EXTENSIONS = YES;
				CLANG_ANALYZER_NONNULL = YES;
				CLANG_ANALYZER_NUMBER_OBJECT_CONVERSION = YES_AGGRESSIVE;
				CLANG_CXX_LANGUAGE_STANDARD = "gnu++20";
				CLANG_ENABLE_MODULES = YES;
				CLANG_ENABLE_OBJC_ARC = YES;
				CLANG_ENABLE_OBJC_WEAK = YES;
				CLANG_WARN_BLOCK_CAPTURE_AUTORELEASING = YES;
				CLANG_WARN_BOOL_CONVERSION = YES;
				CLANG_WARN_COMMA = YES;
				CLANG_WARN_CONSTANT_CONVERSION = YES;
				CLANG_WARN_DEPRECATED_OBJC_IMPLEMENTATIONS = YES;
				CLANG_WARN_DIRECT_OBJC_ISA_USAGE = YES_ERROR;
				CLANG_WARN_DOCUMENTATION_COMMENTS = YES;
				CLANG_WARN_EMPTY_BODY = YES;
				CLANG_WARN_ENUM_CONVERSION = YES;
				CLANG_WARN_INFINITE_RECURSION = YES;
				CLANG_WARN_INT_CONVERSION = YES;
				CLANG_WARN_NON_LITERAL_NULL_CONVERSION = YES;
				CLANG_WARN_OBJC_IMPLICIT_RETAIN_SELF = YES;
				CLANG_WARN_OBJC_LITERAL_CONVERSION = YES;
				CLANG_WARN_OBJC_ROOT_CLASS = YES_ERROR;
				CLANG_WARN_QUOTED_INCLUDE_IN_FRAMEWORK_HEADER = YES;
				CLANG_WARN_RANGE_LOOP_ANALYSIS = YES;
				CLANG_WARN_STRICT_PROTOTYPES = YES;
				CLANG_WARN_SUSPICIOUS_MOVE = YES;
				CLANG_WARN_UNGUARDED_AVAILABILITY = YES_AGGRESSIVE;
				CLANG_WARN_UNREACHABLE_CODE = YES;
				CLANG_WARN__DUPLICATE_METHOD_MATCH = YES;
				COPY_PHASE_STRIP = NO;
				DEBUG_INFORMATION_FORMAT = "dwarf-with-dsym";
				ENABLE_NS_ASSERTIONS = NO;
				ENABLE_STRICT_OBJC_MSGSEND = YES;
				ENABLE_USER_SCRIPT_SANDBOXING = YES;
				GCC_C_LANGUAGE_STANDARD = gnu17;
				GCC_NO_COMMON_BLOCKS = YES;
				GCC_WARN_64_TO_32_BIT_CONVERSION = YES;
				GCC_WARN_ABOUT_RETURN_TYPE = YES_ERROR;
				GCC_WARN_UNDECLARED_SELECTOR = YES;
				GCC_WARN_UNINITIALIZED_AUTOS = YES_AGGRESSIVE;
				GCC_WARN_UNUSED_FUNCTION = YES;
				GCC_WARN_UNUSED_VARIABLE = YES;
				IPHONEOS_DEPLOYMENT_TARGET = 17.4;
				LOCALIZATION_PREFERS_STRING_CATALOGS = YES;
				MTL_ENABLE_DEBUG_INFO = NO;
				MTL_FAST_MATH = YES;
				SDKROOT = iphoneos;
				SWIFT_COMPILATION_MODE = wholemodule;
				VALIDATE_PRODUCT = YES;
			};
			name = Release;
		};
		6BD986552C6CCADB00F563BE /* Debug */ = {
			isa = XCBuildConfiguration;
			buildSettings = {
				ASSETCATALOG_COMPILER_APPICON_NAME = AppIcon;
				ASSETCATALOG_COMPILER_GLOBAL_ACCENT_COLOR_NAME = AccentColor;
				CODE_SIGN_STYLE = Automatic;
				CURRENT_PROJECT_VERSION = 1;
				DEVELOPMENT_TEAM = F8Q3Y446GH;
				GENERATE_INFOPLIST_FILE = YES;
				INFOPLIST_FILE = Gourmet/Info.plist;
				INFOPLIST_KEY_UIApplicationSupportsIndirectInputEvents = YES;
				INFOPLIST_KEY_UILaunchStoryboardName = LaunchScreen;
				INFOPLIST_KEY_UISupportedInterfaceOrientations = UIInterfaceOrientationPortrait;
				INFOPLIST_KEY_UISupportedInterfaceOrientations_iPad = "UIInterfaceOrientationLandscapeLeft UIInterfaceOrientationLandscapeRight UIInterfaceOrientationPortrait UIInterfaceOrientationPortraitUpsideDown";
				INFOPLIST_KEY_UIUserInterfaceStyle = Light;
				IPHONEOS_DEPLOYMENT_TARGET = 16.0;
				LD_RUNPATH_SEARCH_PATHS = (
					"$(inherited)",
					"@executable_path/Frameworks",
				);
				MARKETING_VERSION = 1.0;
				PRODUCT_BUNDLE_IDENTIFIER = beom.Gourmet;
				PRODUCT_NAME = "$(TARGET_NAME)";
				SUPPORTED_PLATFORMS = "iphoneos iphonesimulator";
				SUPPORTS_MACCATALYST = NO;
				SUPPORTS_MAC_DESIGNED_FOR_IPHONE_IPAD = NO;
				SUPPORTS_XR_DESIGNED_FOR_IPHONE_IPAD = NO;
				SWIFT_EMIT_LOC_STRINGS = YES;
				SWIFT_VERSION = 5.0;
				TARGETED_DEVICE_FAMILY = 1;
			};
			name = Debug;
		};
		6BD986562C6CCADB00F563BE /* Release */ = {
			isa = XCBuildConfiguration;
			buildSettings = {
				ASSETCATALOG_COMPILER_APPICON_NAME = AppIcon;
				ASSETCATALOG_COMPILER_GLOBAL_ACCENT_COLOR_NAME = AccentColor;
				CODE_SIGN_STYLE = Automatic;
				CURRENT_PROJECT_VERSION = 1;
				DEVELOPMENT_TEAM = F8Q3Y446GH;
				GENERATE_INFOPLIST_FILE = YES;
				INFOPLIST_FILE = Gourmet/Info.plist;
				INFOPLIST_KEY_UIApplicationSupportsIndirectInputEvents = YES;
				INFOPLIST_KEY_UILaunchStoryboardName = LaunchScreen;
				INFOPLIST_KEY_UISupportedInterfaceOrientations = UIInterfaceOrientationPortrait;
				INFOPLIST_KEY_UISupportedInterfaceOrientations_iPad = "UIInterfaceOrientationLandscapeLeft UIInterfaceOrientationLandscapeRight UIInterfaceOrientationPortrait UIInterfaceOrientationPortraitUpsideDown";
				INFOPLIST_KEY_UIUserInterfaceStyle = Light;
				IPHONEOS_DEPLOYMENT_TARGET = 16.0;
				LD_RUNPATH_SEARCH_PATHS = (
					"$(inherited)",
					"@executable_path/Frameworks",
				);
				MARKETING_VERSION = 1.0;
				PRODUCT_BUNDLE_IDENTIFIER = beom.Gourmet;
				PRODUCT_NAME = "$(TARGET_NAME)";
				SUPPORTED_PLATFORMS = "iphoneos iphonesimulator";
				SUPPORTS_MACCATALYST = NO;
				SUPPORTS_MAC_DESIGNED_FOR_IPHONE_IPAD = NO;
				SUPPORTS_XR_DESIGNED_FOR_IPHONE_IPAD = NO;
				SWIFT_EMIT_LOC_STRINGS = YES;
				SWIFT_VERSION = 5.0;
				TARGETED_DEVICE_FAMILY = 1;
			};
			name = Release;
		};
/* End XCBuildConfiguration section */

/* Begin XCConfigurationList section */
		6BD9863B2C6CCAD900F563BE /* Build configuration list for PBXProject "Gourmet" */ = {
			isa = XCConfigurationList;
			buildConfigurations = (
				6BD986522C6CCADB00F563BE /* Debug */,
				6BD986532C6CCADB00F563BE /* Release */,
			);
			defaultConfigurationIsVisible = 0;
			defaultConfigurationName = Release;
		};
		6BD986542C6CCADB00F563BE /* Build configuration list for PBXNativeTarget "Gourmet" */ = {
			isa = XCConfigurationList;
			buildConfigurations = (
				6BD986552C6CCADB00F563BE /* Debug */,
				6BD986562C6CCADB00F563BE /* Release */,
			);
			defaultConfigurationIsVisible = 0;
			defaultConfigurationName = Release;
		};
/* End XCConfigurationList section */

/* Begin XCRemoteSwiftPackageReference section */
		6B126EDC2C82F10B005E52B8 /* XCRemoteSwiftPackageReference "iamport-ios" */ = {
			isa = XCRemoteSwiftPackageReference;
			repositoryURL = "https://github.com/iamport/iamport-ios.git";
			requirement = {
				kind = upToNextMajorVersion;
				minimumVersion = 1.4.2;
			};
		};
		6B24ABF72C7F52D300DD4599 /* XCRemoteSwiftPackageReference "IQKeyboardManager" */ = {
			isa = XCRemoteSwiftPackageReference;
			repositoryURL = "https://github.com/hackiftekhar/IQKeyboardManager.git";
			requirement = {
				kind = upToNextMajorVersion;
				minimumVersion = 7.1.1;
			};
		};
		6B6FFA782C775C5C002AA04E /* XCRemoteSwiftPackageReference "Toast-Swift" */ = {
			isa = XCRemoteSwiftPackageReference;
			repositoryURL = "https://github.com/scalessec/Toast-Swift.git";
			requirement = {
				kind = upToNextMajorVersion;
				minimumVersion = 5.1.1;
			};
		};
		6B8326682C749CAE009D787C /* XCRemoteSwiftPackageReference "RxDataSources" */ = {
			isa = XCRemoteSwiftPackageReference;
			repositoryURL = "https://github.com/RxSwiftCommunity/RxDataSources.git";
			requirement = {
				kind = upToNextMajorVersion;
				minimumVersion = 5.0.2;
			};
		};
		6BE48B7D2C6F25EF000B948A /* XCRemoteSwiftPackageReference "Alamofire" */ = {
			isa = XCRemoteSwiftPackageReference;
			repositoryURL = "https://github.com/Alamofire/Alamofire.git";
			requirement = {
				kind = upToNextMajorVersion;
				minimumVersion = 5.9.1;
			};
		};
		6BE48B802C6F25F8000B948A /* XCRemoteSwiftPackageReference "SnapKit" */ = {
			isa = XCRemoteSwiftPackageReference;
			repositoryURL = "https://github.com/SnapKit/SnapKit.git";
			requirement = {
				kind = upToNextMajorVersion;
				minimumVersion = 5.7.1;
			};
		};
		6BE48B832C6F2608000B948A /* XCRemoteSwiftPackageReference "RxSwift" */ = {
			isa = XCRemoteSwiftPackageReference;
			repositoryURL = "https://github.com/ReactiveX/RxSwift.git";
			requirement = {
				kind = upToNextMajorVersion;
				minimumVersion = 6.7.1;
			};
		};
/* End XCRemoteSwiftPackageReference section */

/* Begin XCSwiftPackageProductDependency section */
		6B126EDD2C82F10B005E52B8 /* iamport-ios */ = {
			isa = XCSwiftPackageProductDependency;
			package = 6B126EDC2C82F10B005E52B8 /* XCRemoteSwiftPackageReference "iamport-ios" */;
			productName = "iamport-ios";
		};
		6B24ABF82C7F52D300DD4599 /* IQKeyboardManagerSwift */ = {
			isa = XCSwiftPackageProductDependency;
			package = 6B24ABF72C7F52D300DD4599 /* XCRemoteSwiftPackageReference "IQKeyboardManager" */;
			productName = IQKeyboardManagerSwift;
		};
		6B6FFA792C775C5C002AA04E /* Toast */ = {
			isa = XCSwiftPackageProductDependency;
			package = 6B6FFA782C775C5C002AA04E /* XCRemoteSwiftPackageReference "Toast-Swift" */;
			productName = Toast;
		};
		6B8326692C749CAE009D787C /* Differentiator */ = {
			isa = XCSwiftPackageProductDependency;
			package = 6B8326682C749CAE009D787C /* XCRemoteSwiftPackageReference "RxDataSources" */;
			productName = Differentiator;
		};
		6B83266B2C749CAE009D787C /* RxDataSources */ = {
			isa = XCSwiftPackageProductDependency;
			package = 6B8326682C749CAE009D787C /* XCRemoteSwiftPackageReference "RxDataSources" */;
			productName = RxDataSources;
		};
		6BE48B7E2C6F25EF000B948A /* Alamofire */ = {
			isa = XCSwiftPackageProductDependency;
			package = 6BE48B7D2C6F25EF000B948A /* XCRemoteSwiftPackageReference "Alamofire" */;
			productName = Alamofire;
		};
		6BE48B812C6F25F8000B948A /* SnapKit */ = {
			isa = XCSwiftPackageProductDependency;
			package = 6BE48B802C6F25F8000B948A /* XCRemoteSwiftPackageReference "SnapKit" */;
			productName = SnapKit;
		};
		6BE48B842C6F2608000B948A /* RxCocoa */ = {
			isa = XCSwiftPackageProductDependency;
			package = 6BE48B832C6F2608000B948A /* XCRemoteSwiftPackageReference "RxSwift" */;
			productName = RxCocoa;
		};
		6BE48B862C6F2608000B948A /* RxSwift */ = {
			isa = XCSwiftPackageProductDependency;
			package = 6BE48B832C6F2608000B948A /* XCRemoteSwiftPackageReference "RxSwift" */;
			productName = RxSwift;
		};
/* End XCSwiftPackageProductDependency section */
	};
	rootObject = 6BD986382C6CCAD900F563BE /* Project object */;
}
