// !$*UTF8*$!
{
	archiveVersion = 1;
	classes = {
	};
	objectVersion = 56;
	objects = {

/* Begin PBXBuildFile section */
		6B1B9F872C70AC9C00507FB5 /* BaseViewProtocol.swift in Sources */ = {isa = PBXBuildFile; fileRef = 6B1B9F862C70AC9C00507FB5 /* BaseViewProtocol.swift */; };
		6B1B9F8A2C70ACD100507FB5 /* OnboardingViewController.swift in Sources */ = {isa = PBXBuildFile; fileRef = 6B1B9F892C70ACD100507FB5 /* OnboardingViewController.swift */; };
		6B1B9F8D2C70B6A300507FB5 /* UILabel+Extension.swift in Sources */ = {isa = PBXBuildFile; fileRef = 6B1B9F8C2C70B6A300507FB5 /* UILabel+Extension.swift */; };
		6B1B9F902C70B77900507FB5 /* SignUpViewController.swift in Sources */ = {isa = PBXBuildFile; fileRef = 6B1B9F8F2C70B77900507FB5 /* SignUpViewController.swift */; };
		6B1B9F922C70B7A200507FB5 /* UITextField+Extension.swift in Sources */ = {isa = PBXBuildFile; fileRef = 6B1B9F912C70B7A200507FB5 /* UITextField+Extension.swift */; };
		6B1B9F972C70B9B600507FB5 /* SignUpViewModel.swift in Sources */ = {isa = PBXBuildFile; fileRef = 6B1B9F962C70B9B600507FB5 /* SignUpViewModel.swift */; };
		6B1B9F992C70BA4600507FB5 /* ViewModelProtocol.swift in Sources */ = {isa = PBXBuildFile; fileRef = 6B1B9F982C70BA4600507FB5 /* ViewModelProtocol.swift */; };
		6B1B9F9B2C70BDA200507FB5 /* EmailCheckBodyModel.swift in Sources */ = {isa = PBXBuildFile; fileRef = 6B1B9F9A2C70BDA200507FB5 /* EmailCheckBodyModel.swift */; };
		6B1B9F9D2C71E5CF00507FB5 /* LoginViewController.swift in Sources */ = {isa = PBXBuildFile; fileRef = 6B1B9F9C2C71E5CF00507FB5 /* LoginViewController.swift */; };
		6B1B9FA02C71E66A00507FB5 /* LoginViewModel.swift in Sources */ = {isa = PBXBuildFile; fileRef = 6B1B9F9F2C71E66A00507FB5 /* LoginViewModel.swift */; };
		6B1B9FA52C72179B00507FB5 /* TabBarController.swift in Sources */ = {isa = PBXBuildFile; fileRef = 6B1B9FA42C72179B00507FB5 /* TabBarController.swift */; };
		6B1B9FAB2C721A0600507FB5 /* NormalPostListViewController.swift in Sources */ = {isa = PBXBuildFile; fileRef = 6B1B9FAA2C721A0600507FB5 /* NormalPostListViewController.swift */; };
		6B1B9FAD2C721A4B00507FB5 /* NormalPostCell.swift in Sources */ = {isa = PBXBuildFile; fileRef = 6B1B9FAC2C721A4B00507FB5 /* NormalPostCell.swift */; };
		6B1B9FAF2C721AA100507FB5 /* IconLabelView.swift in Sources */ = {isa = PBXBuildFile; fileRef = 6B1B9FAE2C721AA100507FB5 /* IconLabelView.swift */; };
		6B1B9FB12C721B9F00507FB5 /* Identifier+Extension.swift in Sources */ = {isa = PBXBuildFile; fileRef = 6B1B9FB02C721B9F00507FB5 /* Identifier+Extension.swift */; };
		6B1B9FB32C72231900507FB5 /* NormalViewModel.swift in Sources */ = {isa = PBXBuildFile; fileRef = 6B1B9FB22C72231900507FB5 /* NormalViewModel.swift */; };
		6B1B9FBD2C7330A300507FB5 /* PostError.swift in Sources */ = {isa = PBXBuildFile; fileRef = 6B1B9FBC2C7330A300507FB5 /* PostError.swift */; };
		6B1B9FC02C73369D00507FB5 /* KeychainManager.swift in Sources */ = {isa = PBXBuildFile; fileRef = 6B1B9FBF2C73369D00507FB5 /* KeychainManager.swift */; };
		6B1B9FC22C7346B300507FB5 /* TokenError.swift in Sources */ = {isa = PBXBuildFile; fileRef = 6B1B9FC12C7346B300507FB5 /* TokenError.swift */; };
		6B1B9FC42C7369D000507FB5 /* LoginError.swift in Sources */ = {isa = PBXBuildFile; fileRef = 6B1B9FC32C7369D000507FB5 /* LoginError.swift */; };
		6B1B9FC62C7369E300507FB5 /* SignUpError.swift in Sources */ = {isa = PBXBuildFile; fileRef = 6B1B9FC52C7369E300507FB5 /* SignUpError.swift */; };
		6B1B9FC82C7369FE00507FB5 /* EmailCheckError.swift in Sources */ = {isa = PBXBuildFile; fileRef = 6B1B9FC72C7369FE00507FB5 /* EmailCheckError.swift */; };
		6BD986442C6CCAD900F563BE /* AppDelegate.swift in Sources */ = {isa = PBXBuildFile; fileRef = 6BD986432C6CCAD900F563BE /* AppDelegate.swift */; };
		6BD986462C6CCAD900F563BE /* SceneDelegate.swift in Sources */ = {isa = PBXBuildFile; fileRef = 6BD986452C6CCAD900F563BE /* SceneDelegate.swift */; };
		6BD9864D2C6CCADB00F563BE /* Assets.xcassets in Resources */ = {isa = PBXBuildFile; fileRef = 6BD9864C2C6CCADB00F563BE /* Assets.xcassets */; };
		6BD986502C6CCADB00F563BE /* Base in Resources */ = {isa = PBXBuildFile; fileRef = 6BD9864F2C6CCADB00F563BE /* Base */; };
		6BD986582C6CCB5A00F563BE /* .gitignore in Resources */ = {isa = PBXBuildFile; fileRef = 6BD986572C6CCB5A00F563BE /* .gitignore */; };
		6BE48B7C2C6F25DA000B948A /* Routerable.swift in Sources */ = {isa = PBXBuildFile; fileRef = 6BE48B7B2C6F25DA000B948A /* Routerable.swift */; };
		6BE48B7F2C6F25EF000B948A /* Alamofire in Frameworks */ = {isa = PBXBuildFile; productRef = 6BE48B7E2C6F25EF000B948A /* Alamofire */; };
		6BE48B822C6F25F8000B948A /* SnapKit in Frameworks */ = {isa = PBXBuildFile; productRef = 6BE48B812C6F25F8000B948A /* SnapKit */; };
		6BE48B852C6F2608000B948A /* RxCocoa in Frameworks */ = {isa = PBXBuildFile; productRef = 6BE48B842C6F2608000B948A /* RxCocoa */; };
		6BE48B872C6F2608000B948A /* RxSwift in Frameworks */ = {isa = PBXBuildFile; productRef = 6BE48B862C6F2608000B948A /* RxSwift */; };
		6BE48B892C6F2621000B948A /* UserRouter.swift in Sources */ = {isa = PBXBuildFile; fileRef = 6BE48B882C6F2621000B948A /* UserRouter.swift */; };
		6BE48B8B2C6F2630000B948A /* ProfileRouter.swift in Sources */ = {isa = PBXBuildFile; fileRef = 6BE48B8A2C6F2630000B948A /* ProfileRouter.swift */; };
		6BE48B8D2C6F2636000B948A /* TokenRouter.swift in Sources */ = {isa = PBXBuildFile; fileRef = 6BE48B8C2C6F2636000B948A /* TokenRouter.swift */; };
		6BE48B8F2C6F263C000B948A /* PostRouter.swift in Sources */ = {isa = PBXBuildFile; fileRef = 6BE48B8E2C6F263C000B948A /* PostRouter.swift */; };
		6BE48B962C6F26CD000B948A /* UserDTO.swift in Sources */ = {isa = PBXBuildFile; fileRef = 6BE48B952C6F26CD000B948A /* UserDTO.swift */; };
		6BE48B982C6F26D7000B948A /* SignUpDTO.swift in Sources */ = {isa = PBXBuildFile; fileRef = 6BE48B972C6F26D7000B948A /* SignUpDTO.swift */; };
		6BE48B9A2C6F26E3000B948A /* LoginDTO.swift in Sources */ = {isa = PBXBuildFile; fileRef = 6BE48B992C6F26E3000B948A /* LoginDTO.swift */; };
		6BE48B9C2C6F26F2000B948A /* RefreshAccessTokenDTO.swift in Sources */ = {isa = PBXBuildFile; fileRef = 6BE48B9B2C6F26F2000B948A /* RefreshAccessTokenDTO.swift */; };
		6BE48B9E2C6F26FC000B948A /* ProfileDTO.swift in Sources */ = {isa = PBXBuildFile; fileRef = 6BE48B9D2C6F26FC000B948A /* ProfileDTO.swift */; };
		6BE48BA02C6F2709000B948A /* UploadFileDTO.swift in Sources */ = {isa = PBXBuildFile; fileRef = 6BE48B9F2C6F2709000B948A /* UploadFileDTO.swift */; };
		6BE48BA22C6F2711000B948A /* PostDTO.swift in Sources */ = {isa = PBXBuildFile; fileRef = 6BE48BA12C6F2711000B948A /* PostDTO.swift */; };
		6BE48BA42C6F2719000B948A /* PostListDTO.swift in Sources */ = {isa = PBXBuildFile; fileRef = 6BE48BA32C6F2719000B948A /* PostListDTO.swift */; };
		6BE48BA62C6F2728000B948A /* ComentsDTO.swift in Sources */ = {isa = PBXBuildFile; fileRef = 6BE48BA52C6F2728000B948A /* ComentsDTO.swift */; };
		6BE48BAD2C6F28F2000B948A /* UploadPostBodyModel.swift in Sources */ = {isa = PBXBuildFile; fileRef = 6BE48BAC2C6F28F2000B948A /* UploadPostBodyModel.swift */; };
		6BE48BAF2C6F2907000B948A /* EditProfileBodyModel.swift in Sources */ = {isa = PBXBuildFile; fileRef = 6BE48BAE2C6F2907000B948A /* EditProfileBodyModel.swift */; };
		6BE48BB12C6F2915000B948A /* LoginBodyModel.swift in Sources */ = {isa = PBXBuildFile; fileRef = 6BE48BB02C6F2915000B948A /* LoginBodyModel.swift */; };
		6BE48BB32C6F2926000B948A /* SignUpBodyModel.swift in Sources */ = {isa = PBXBuildFile; fileRef = 6BE48BB22C6F2926000B948A /* SignUpBodyModel.swift */; };
		6BE48BB62C6F2944000B948A /* Header.swift in Sources */ = {isa = PBXBuildFile; fileRef = 6BE48BB52C6F2944000B948A /* Header.swift */; };
		6BE48BB92C6F3F08000B948A /* QueryOfFetchPost.swift in Sources */ = {isa = PBXBuildFile; fileRef = 6BE48BB82C6F3F08000B948A /* QueryOfFetchPost.swift */; };
		6BE48BBC2C6F3F2B000B948A /* QueryStringProtocol.swift in Sources */ = {isa = PBXBuildFile; fileRef = 6BE48BBB2C6F3F2B000B948A /* QueryStringProtocol.swift */; };
		6BE48BBE2C6F3F70000B948A /* NetworkManager.swift in Sources */ = {isa = PBXBuildFile; fileRef = 6BE48BBD2C6F3F70000B948A /* NetworkManager.swift */; };
		6BE48BC12C6F3F89000B948A /* NetworkError.swift in Sources */ = {isa = PBXBuildFile; fileRef = 6BE48BC02C6F3F89000B948A /* NetworkError.swift */; };
/* End PBXBuildFile section */

/* Begin PBXFileReference section */
		6B1B9F862C70AC9C00507FB5 /* BaseViewProtocol.swift */ = {isa = PBXFileReference; lastKnownFileType = sourcecode.swift; path = BaseViewProtocol.swift; sourceTree = "<group>"; };
		6B1B9F892C70ACD100507FB5 /* OnboardingViewController.swift */ = {isa = PBXFileReference; lastKnownFileType = sourcecode.swift; path = OnboardingViewController.swift; sourceTree = "<group>"; };
		6B1B9F8C2C70B6A300507FB5 /* UILabel+Extension.swift */ = {isa = PBXFileReference; lastKnownFileType = sourcecode.swift; path = "UILabel+Extension.swift"; sourceTree = "<group>"; };
		6B1B9F8F2C70B77900507FB5 /* SignUpViewController.swift */ = {isa = PBXFileReference; lastKnownFileType = sourcecode.swift; path = SignUpViewController.swift; sourceTree = "<group>"; };
		6B1B9F912C70B7A200507FB5 /* UITextField+Extension.swift */ = {isa = PBXFileReference; lastKnownFileType = sourcecode.swift; path = "UITextField+Extension.swift"; sourceTree = "<group>"; };
		6B1B9F962C70B9B600507FB5 /* SignUpViewModel.swift */ = {isa = PBXFileReference; lastKnownFileType = sourcecode.swift; path = SignUpViewModel.swift; sourceTree = "<group>"; };
		6B1B9F982C70BA4600507FB5 /* ViewModelProtocol.swift */ = {isa = PBXFileReference; lastKnownFileType = sourcecode.swift; path = ViewModelProtocol.swift; sourceTree = "<group>"; };
		6B1B9F9A2C70BDA200507FB5 /* EmailCheckBodyModel.swift */ = {isa = PBXFileReference; lastKnownFileType = sourcecode.swift; path = EmailCheckBodyModel.swift; sourceTree = "<group>"; };
		6B1B9F9C2C71E5CF00507FB5 /* LoginViewController.swift */ = {isa = PBXFileReference; lastKnownFileType = sourcecode.swift; path = LoginViewController.swift; sourceTree = "<group>"; };
		6B1B9F9F2C71E66A00507FB5 /* LoginViewModel.swift */ = {isa = PBXFileReference; lastKnownFileType = sourcecode.swift; path = LoginViewModel.swift; sourceTree = "<group>"; };
		6B1B9FA42C72179B00507FB5 /* TabBarController.swift */ = {isa = PBXFileReference; lastKnownFileType = sourcecode.swift; path = TabBarController.swift; sourceTree = "<group>"; };
		6B1B9FAA2C721A0600507FB5 /* NormalPostListViewController.swift */ = {isa = PBXFileReference; lastKnownFileType = sourcecode.swift; path = NormalPostListViewController.swift; sourceTree = "<group>"; };
		6B1B9FAC2C721A4B00507FB5 /* NormalPostCell.swift */ = {isa = PBXFileReference; lastKnownFileType = sourcecode.swift; path = NormalPostCell.swift; sourceTree = "<group>"; };
		6B1B9FAE2C721AA100507FB5 /* IconLabelView.swift */ = {isa = PBXFileReference; lastKnownFileType = sourcecode.swift; path = IconLabelView.swift; sourceTree = "<group>"; };
		6B1B9FB02C721B9F00507FB5 /* Identifier+Extension.swift */ = {isa = PBXFileReference; lastKnownFileType = sourcecode.swift; path = "Identifier+Extension.swift"; sourceTree = "<group>"; };
		6B1B9FB22C72231900507FB5 /* NormalViewModel.swift */ = {isa = PBXFileReference; lastKnownFileType = sourcecode.swift; path = NormalViewModel.swift; sourceTree = "<group>"; };
		6B1B9FBC2C7330A300507FB5 /* PostError.swift */ = {isa = PBXFileReference; lastKnownFileType = sourcecode.swift; path = PostError.swift; sourceTree = "<group>"; };
		6B1B9FBF2C73369D00507FB5 /* KeychainManager.swift */ = {isa = PBXFileReference; lastKnownFileType = sourcecode.swift; path = KeychainManager.swift; sourceTree = "<group>"; };
		6B1B9FC12C7346B300507FB5 /* TokenError.swift */ = {isa = PBXFileReference; lastKnownFileType = sourcecode.swift; path = TokenError.swift; sourceTree = "<group>"; };
		6B1B9FC32C7369D000507FB5 /* LoginError.swift */ = {isa = PBXFileReference; lastKnownFileType = sourcecode.swift; path = LoginError.swift; sourceTree = "<group>"; };
		6B1B9FC52C7369E300507FB5 /* SignUpError.swift */ = {isa = PBXFileReference; lastKnownFileType = sourcecode.swift; path = SignUpError.swift; sourceTree = "<group>"; };
		6B1B9FC72C7369FE00507FB5 /* EmailCheckError.swift */ = {isa = PBXFileReference; lastKnownFileType = sourcecode.swift; path = EmailCheckError.swift; sourceTree = "<group>"; };
		6BD986402C6CCAD900F563BE /* Gourmet.app */ = {isa = PBXFileReference; explicitFileType = wrapper.application; includeInIndex = 0; path = Gourmet.app; sourceTree = BUILT_PRODUCTS_DIR; };
		6BD986432C6CCAD900F563BE /* AppDelegate.swift */ = {isa = PBXFileReference; lastKnownFileType = sourcecode.swift; path = AppDelegate.swift; sourceTree = "<group>"; };
		6BD986452C6CCAD900F563BE /* SceneDelegate.swift */ = {isa = PBXFileReference; lastKnownFileType = sourcecode.swift; path = SceneDelegate.swift; sourceTree = "<group>"; };
		6BD9864C2C6CCADB00F563BE /* Assets.xcassets */ = {isa = PBXFileReference; lastKnownFileType = folder.assetcatalog; path = Assets.xcassets; sourceTree = "<group>"; };
		6BD9864F2C6CCADB00F563BE /* Base */ = {isa = PBXFileReference; lastKnownFileType = file.storyboard; name = Base; path = Base.lproj/LaunchScreen.storyboard; sourceTree = "<group>"; };
		6BD986512C6CCADB00F563BE /* Info.plist */ = {isa = PBXFileReference; lastKnownFileType = text.plist.xml; path = Info.plist; sourceTree = "<group>"; };
		6BD986572C6CCB5A00F563BE /* .gitignore */ = {isa = PBXFileReference; lastKnownFileType = text; path = .gitignore; sourceTree = "<group>"; };
		6BE48B7B2C6F25DA000B948A /* Routerable.swift */ = {isa = PBXFileReference; lastKnownFileType = sourcecode.swift; path = Routerable.swift; sourceTree = "<group>"; };
		6BE48B882C6F2621000B948A /* UserRouter.swift */ = {isa = PBXFileReference; lastKnownFileType = sourcecode.swift; path = UserRouter.swift; sourceTree = "<group>"; };
		6BE48B8A2C6F2630000B948A /* ProfileRouter.swift */ = {isa = PBXFileReference; lastKnownFileType = sourcecode.swift; path = ProfileRouter.swift; sourceTree = "<group>"; };
		6BE48B8C2C6F2636000B948A /* TokenRouter.swift */ = {isa = PBXFileReference; lastKnownFileType = sourcecode.swift; path = TokenRouter.swift; sourceTree = "<group>"; };
		6BE48B8E2C6F263C000B948A /* PostRouter.swift */ = {isa = PBXFileReference; lastKnownFileType = sourcecode.swift; path = PostRouter.swift; sourceTree = "<group>"; };
		6BE48B952C6F26CD000B948A /* UserDTO.swift */ = {isa = PBXFileReference; lastKnownFileType = sourcecode.swift; path = UserDTO.swift; sourceTree = "<group>"; };
		6BE48B972C6F26D7000B948A /* SignUpDTO.swift */ = {isa = PBXFileReference; lastKnownFileType = sourcecode.swift; path = SignUpDTO.swift; sourceTree = "<group>"; };
		6BE48B992C6F26E3000B948A /* LoginDTO.swift */ = {isa = PBXFileReference; lastKnownFileType = sourcecode.swift; path = LoginDTO.swift; sourceTree = "<group>"; };
		6BE48B9B2C6F26F2000B948A /* RefreshAccessTokenDTO.swift */ = {isa = PBXFileReference; lastKnownFileType = sourcecode.swift; path = RefreshAccessTokenDTO.swift; sourceTree = "<group>"; };
		6BE48B9D2C6F26FC000B948A /* ProfileDTO.swift */ = {isa = PBXFileReference; lastKnownFileType = sourcecode.swift; path = ProfileDTO.swift; sourceTree = "<group>"; };
		6BE48B9F2C6F2709000B948A /* UploadFileDTO.swift */ = {isa = PBXFileReference; lastKnownFileType = sourcecode.swift; path = UploadFileDTO.swift; sourceTree = "<group>"; };
		6BE48BA12C6F2711000B948A /* PostDTO.swift */ = {isa = PBXFileReference; lastKnownFileType = sourcecode.swift; path = PostDTO.swift; sourceTree = "<group>"; };
		6BE48BA32C6F2719000B948A /* PostListDTO.swift */ = {isa = PBXFileReference; lastKnownFileType = sourcecode.swift; path = PostListDTO.swift; sourceTree = "<group>"; };
		6BE48BA52C6F2728000B948A /* ComentsDTO.swift */ = {isa = PBXFileReference; lastKnownFileType = sourcecode.swift; path = ComentsDTO.swift; sourceTree = "<group>"; };
		6BE48BA72C6F27FE000B948A /* APIKey.xcconfig */ = {isa = PBXFileReference; lastKnownFileType = text.xcconfig; path = APIKey.xcconfig; sourceTree = "<group>"; };
		6BE48BAC2C6F28F2000B948A /* UploadPostBodyModel.swift */ = {isa = PBXFileReference; lastKnownFileType = sourcecode.swift; path = UploadPostBodyModel.swift; sourceTree = "<group>"; };
		6BE48BAE2C6F2907000B948A /* EditProfileBodyModel.swift */ = {isa = PBXFileReference; lastKnownFileType = sourcecode.swift; path = EditProfileBodyModel.swift; sourceTree = "<group>"; };
		6BE48BB02C6F2915000B948A /* LoginBodyModel.swift */ = {isa = PBXFileReference; lastKnownFileType = sourcecode.swift; path = LoginBodyModel.swift; sourceTree = "<group>"; };
		6BE48BB22C6F2926000B948A /* SignUpBodyModel.swift */ = {isa = PBXFileReference; lastKnownFileType = sourcecode.swift; path = SignUpBodyModel.swift; sourceTree = "<group>"; };
		6BE48BB52C6F2944000B948A /* Header.swift */ = {isa = PBXFileReference; lastKnownFileType = sourcecode.swift; path = Header.swift; sourceTree = "<group>"; };
		6BE48BB82C6F3F08000B948A /* QueryOfFetchPost.swift */ = {isa = PBXFileReference; lastKnownFileType = sourcecode.swift; path = QueryOfFetchPost.swift; sourceTree = "<group>"; };
		6BE48BBB2C6F3F2B000B948A /* QueryStringProtocol.swift */ = {isa = PBXFileReference; lastKnownFileType = sourcecode.swift; path = QueryStringProtocol.swift; sourceTree = "<group>"; };
		6BE48BBD2C6F3F70000B948A /* NetworkManager.swift */ = {isa = PBXFileReference; lastKnownFileType = sourcecode.swift; path = NetworkManager.swift; sourceTree = "<group>"; };
		6BE48BC02C6F3F89000B948A /* NetworkError.swift */ = {isa = PBXFileReference; lastKnownFileType = sourcecode.swift; path = NetworkError.swift; sourceTree = "<group>"; };
/* End PBXFileReference section */

/* Begin PBXFrameworksBuildPhase section */
		6BD9863D2C6CCAD900F563BE /* Frameworks */ = {
			isa = PBXFrameworksBuildPhase;
			buildActionMask = 2147483647;
			files = (
				6BE48B852C6F2608000B948A /* RxCocoa in Frameworks */,
				6BE48B7F2C6F25EF000B948A /* Alamofire in Frameworks */,
				6BE48B872C6F2608000B948A /* RxSwift in Frameworks */,
				6BE48B822C6F25F8000B948A /* SnapKit in Frameworks */,
			);
			runOnlyForDeploymentPostprocessing = 0;
		};
/* End PBXFrameworksBuildPhase section */

/* Begin PBXGroup section */
		6B1B9F852C70AC8600507FB5 /* BaseView */ = {
			isa = PBXGroup;
			children = (
				6B1B9F862C70AC9C00507FB5 /* BaseViewProtocol.swift */,
				6B1B9F982C70BA4600507FB5 /* ViewModelProtocol.swift */,
			);
			path = BaseView;
			sourceTree = "<group>";
		};
		6B1B9F882C70ACBD00507FB5 /* Onboarding */ = {
			isa = PBXGroup;
			children = (
				6B1B9F8E2C70B76700507FB5 /* SignUp */,
				6B1B9F9E2C71E5D400507FB5 /* Login */,
				6B1B9F892C70ACD100507FB5 /* OnboardingViewController.swift */,
			);
			path = Onboarding;
			sourceTree = "<group>";
		};
		6B1B9F8B2C70B69200507FB5 /* Extension */ = {
			isa = PBXGroup;
			children = (
				6B1B9F8C2C70B6A300507FB5 /* UILabel+Extension.swift */,
				6B1B9F912C70B7A200507FB5 /* UITextField+Extension.swift */,
				6B1B9FB02C721B9F00507FB5 /* Identifier+Extension.swift */,
			);
			path = Extension;
			sourceTree = "<group>";
		};
		6B1B9F8E2C70B76700507FB5 /* SignUp */ = {
			isa = PBXGroup;
			children = (
				6B1B9F942C70B9A200507FB5 /* VC */,
				6B1B9F932C70B99700507FB5 /* ViewModel */,
			);
			path = SignUp;
			sourceTree = "<group>";
		};
		6B1B9F932C70B99700507FB5 /* ViewModel */ = {
			isa = PBXGroup;
			children = (
				6B1B9F962C70B9B600507FB5 /* SignUpViewModel.swift */,
			);
			path = ViewModel;
			sourceTree = "<group>";
		};
		6B1B9F942C70B9A200507FB5 /* VC */ = {
			isa = PBXGroup;
			children = (
				6B1B9F8F2C70B77900507FB5 /* SignUpViewController.swift */,
			);
			path = VC;
			sourceTree = "<group>";
		};
		6B1B9F9E2C71E5D400507FB5 /* Login */ = {
			isa = PBXGroup;
			children = (
				6B1B9FA22C71F6C700507FB5 /* VC */,
				6B1B9FA12C71F6C000507FB5 /* ViewModel */,
			);
			path = Login;
			sourceTree = "<group>";
		};
		6B1B9FA12C71F6C000507FB5 /* ViewModel */ = {
			isa = PBXGroup;
			children = (
				6B1B9F9F2C71E66A00507FB5 /* LoginViewModel.swift */,
			);
			path = ViewModel;
			sourceTree = "<group>";
		};
		6B1B9FA22C71F6C700507FB5 /* VC */ = {
			isa = PBXGroup;
			children = (
				6B1B9F9C2C71E5CF00507FB5 /* LoginViewController.swift */,
			);
			path = VC;
			sourceTree = "<group>";
		};
		6B1B9FA32C72177000507FB5 /* TabBar */ = {
			isa = PBXGroup;
			children = (
				6B1B9FA42C72179B00507FB5 /* TabBarController.swift */,
			);
			path = TabBar;
			sourceTree = "<group>";
		};
		6B1B9FA62C7219C900507FB5 /* NormalPost */ = {
			isa = PBXGroup;
			children = (
				6B1B9FA92C7219F200507FB5 /* VC */,
				6B1B9FA82C7219E400507FB5 /* View */,
				6B1B9FA72C7219DD00507FB5 /* ViewModel */,
			);
			path = NormalPost;
			sourceTree = "<group>";
		};
		6B1B9FA72C7219DD00507FB5 /* ViewModel */ = {
			isa = PBXGroup;
			children = (
				6B1B9FB22C72231900507FB5 /* NormalViewModel.swift */,
			);
			path = ViewModel;
			sourceTree = "<group>";
		};
		6B1B9FA82C7219E400507FB5 /* View */ = {
			isa = PBXGroup;
			children = (
				6B1B9FAC2C721A4B00507FB5 /* NormalPostCell.swift */,
				6B1B9FAE2C721AA100507FB5 /* IconLabelView.swift */,
			);
			path = View;
			sourceTree = "<group>";
		};
		6B1B9FA92C7219F200507FB5 /* VC */ = {
			isa = PBXGroup;
			children = (
				6B1B9FAA2C721A0600507FB5 /* NormalPostListViewController.swift */,
			);
			path = VC;
			sourceTree = "<group>";
		};
		6B1B9FBE2C73368900507FB5 /* Utiles */ = {
			isa = PBXGroup;
			children = (
				6B1B9FBF2C73369D00507FB5 /* KeychainManager.swift */,
			);
			path = Utiles;
			sourceTree = "<group>";
		};
		6BD986372C6CCAD900F563BE = {
			isa = PBXGroup;
			children = (
				6BD986572C6CCB5A00F563BE /* .gitignore */,
				6BD986422C6CCAD900F563BE /* Gourmet */,
				6BD986412C6CCAD900F563BE /* Products */,
			);
			sourceTree = "<group>";
		};
		6BD986412C6CCAD900F563BE /* Products */ = {
			isa = PBXGroup;
			children = (
				6BD986402C6CCAD900F563BE /* Gourmet.app */,
			);
			name = Products;
			sourceTree = "<group>";
		};
		6BD986422C6CCAD900F563BE /* Gourmet */ = {
			isa = PBXGroup;
			children = (
				6BD986612C6DD67300F563BE /* LifeCycle */,
				6BD986622C6DD68300F563BE /* Presentaion */,
				6B1B9FBE2C73368900507FB5 /* Utiles */,
				6BD986642C6DD6A900F563BE /* Network */,
				6BD986632C6DD68B00F563BE /* Resource */,
				6B1B9F8B2C70B69200507FB5 /* Extension */,
				6BD986512C6CCADB00F563BE /* Info.plist */,
				6BE48BA72C6F27FE000B948A /* APIKey.xcconfig */,
			);
			path = Gourmet;
			sourceTree = "<group>";
		};
		6BD986612C6DD67300F563BE /* LifeCycle */ = {
			isa = PBXGroup;
			children = (
				6BD986432C6CCAD900F563BE /* AppDelegate.swift */,
				6BD986452C6CCAD900F563BE /* SceneDelegate.swift */,
			);
			path = LifeCycle;
			sourceTree = "<group>";
		};
		6BD986622C6DD68300F563BE /* Presentaion */ = {
			isa = PBXGroup;
			children = (
				6B1B9F852C70AC8600507FB5 /* BaseView */,
				6B1B9F882C70ACBD00507FB5 /* Onboarding */,
				6B1B9FA32C72177000507FB5 /* TabBar */,
				6B1B9FA62C7219C900507FB5 /* NormalPost */,
			);
			path = Presentaion;
			sourceTree = "<group>";
		};
		6BD986632C6DD68B00F563BE /* Resource */ = {
			isa = PBXGroup;
			children = (
				6BD9864C2C6CCADB00F563BE /* Assets.xcassets */,
				6BD9864E2C6CCADB00F563BE /* LaunchScreen.storyboard */,
			);
			path = Resource;
			sourceTree = "<group>";
		};
		6BD986642C6DD6A900F563BE /* Network */ = {
			isa = PBXGroup;
			children = (
				6BE48BBD2C6F3F70000B948A /* NetworkManager.swift */,
				6BE48BBF2C6F3F7A000B948A /* Error */,
				6BE48BB72C6F3EF5000B948A /* QueryString */,
				6BE48BB42C6F293A000B948A /* Header */,
				6BE48BA82C6F28A3000B948A /* BodyModel */,
				6BE48B902C6F2690000B948A /* DTO */,
				6BE48B792C6F25B1000B948A /* Router */,
			);
			path = Network;
			sourceTree = "<group>";
		};
		6BE48B792C6F25B1000B948A /* Router */ = {
			isa = PBXGroup;
			children = (
				6BE48B7A2C6F25BE000B948A /* Protocol */,
				6BE48B882C6F2621000B948A /* UserRouter.swift */,
				6BE48B8A2C6F2630000B948A /* ProfileRouter.swift */,
				6BE48B8C2C6F2636000B948A /* TokenRouter.swift */,
				6BE48B8E2C6F263C000B948A /* PostRouter.swift */,
			);
			path = Router;
			sourceTree = "<group>";
		};
		6BE48B7A2C6F25BE000B948A /* Protocol */ = {
			isa = PBXGroup;
			children = (
				6BE48B7B2C6F25DA000B948A /* Routerable.swift */,
			);
			path = Protocol;
			sourceTree = "<group>";
		};
		6BE48B902C6F2690000B948A /* DTO */ = {
			isa = PBXGroup;
			children = (
				6BE48B912C6F2699000B948A /* UserDTO */,
				6BE48B922C6F26A0000B948A /* TokenDTO */,
				6BE48B942C6F26B5000B948A /* PostDTO */,
				6BE48B932C6F26AC000B948A /* ProfileDTO */,
			);
			path = DTO;
			sourceTree = "<group>";
		};
		6BE48B912C6F2699000B948A /* UserDTO */ = {
			isa = PBXGroup;
			children = (
				6BE48B952C6F26CD000B948A /* UserDTO.swift */,
				6BE48B972C6F26D7000B948A /* SignUpDTO.swift */,
				6BE48B992C6F26E3000B948A /* LoginDTO.swift */,
			);
			path = UserDTO;
			sourceTree = "<group>";
		};
		6BE48B922C6F26A0000B948A /* TokenDTO */ = {
			isa = PBXGroup;
			children = (
				6BE48B9B2C6F26F2000B948A /* RefreshAccessTokenDTO.swift */,
			);
			path = TokenDTO;
			sourceTree = "<group>";
		};
		6BE48B932C6F26AC000B948A /* ProfileDTO */ = {
			isa = PBXGroup;
			children = (
				6BE48B9D2C6F26FC000B948A /* ProfileDTO.swift */,
			);
			path = ProfileDTO;
			sourceTree = "<group>";
		};
		6BE48B942C6F26B5000B948A /* PostDTO */ = {
			isa = PBXGroup;
			children = (
				6BE48B9F2C6F2709000B948A /* UploadFileDTO.swift */,
				6BE48BA12C6F2711000B948A /* PostDTO.swift */,
				6BE48BA32C6F2719000B948A /* PostListDTO.swift */,
				6BE48BA52C6F2728000B948A /* ComentsDTO.swift */,
			);
			path = PostDTO;
			sourceTree = "<group>";
		};
		6BE48BA82C6F28A3000B948A /* BodyModel */ = {
			isa = PBXGroup;
			children = (
				6BE48BAB2C6F28C5000B948A /* User */,
				6BE48BAA2C6F28BE000B948A /* Profile */,
				6BE48BA92C6F28B4000B948A /* Post */,
			);
			path = BodyModel;
			sourceTree = "<group>";
		};
		6BE48BA92C6F28B4000B948A /* Post */ = {
			isa = PBXGroup;
			children = (
				6BE48BAC2C6F28F2000B948A /* UploadPostBodyModel.swift */,
			);
			path = Post;
			sourceTree = "<group>";
		};
		6BE48BAA2C6F28BE000B948A /* Profile */ = {
			isa = PBXGroup;
			children = (
				6BE48BAE2C6F2907000B948A /* EditProfileBodyModel.swift */,
			);
			path = Profile;
			sourceTree = "<group>";
		};
		6BE48BAB2C6F28C5000B948A /* User */ = {
			isa = PBXGroup;
			children = (
				6BE48BB02C6F2915000B948A /* LoginBodyModel.swift */,
				6BE48BB22C6F2926000B948A /* SignUpBodyModel.swift */,
				6B1B9F9A2C70BDA200507FB5 /* EmailCheckBodyModel.swift */,
			);
			path = User;
			sourceTree = "<group>";
		};
		6BE48BB42C6F293A000B948A /* Header */ = {
			isa = PBXGroup;
			children = (
				6BE48BB52C6F2944000B948A /* Header.swift */,
			);
			path = Header;
			sourceTree = "<group>";
		};
		6BE48BB72C6F3EF5000B948A /* QueryString */ = {
			isa = PBXGroup;
			children = (
				6BE48BBA2C6F3F1A000B948A /* Protocol */,
				6BE48BB82C6F3F08000B948A /* QueryOfFetchPost.swift */,
			);
			path = QueryString;
			sourceTree = "<group>";
		};
		6BE48BBA2C6F3F1A000B948A /* Protocol */ = {
			isa = PBXGroup;
			children = (
				6BE48BBB2C6F3F2B000B948A /* QueryStringProtocol.swift */,
			);
			path = Protocol;
			sourceTree = "<group>";
		};
		6BE48BBF2C6F3F7A000B948A /* Error */ = {
			isa = PBXGroup;
			children = (
				6BE48BC02C6F3F89000B948A /* NetworkError.swift */,
				6B1B9FC72C7369FE00507FB5 /* EmailCheckError.swift */,
				6B1B9FC52C7369E300507FB5 /* SignUpError.swift */,
				6B1B9FC32C7369D000507FB5 /* LoginError.swift */,
				6B1B9FBC2C7330A300507FB5 /* PostError.swift */,
				6B1B9FC12C7346B300507FB5 /* TokenError.swift */,
			);
			path = Error;
			sourceTree = "<group>";
		};
/* End PBXGroup section */

/* Begin PBXNativeTarget section */
		6BD9863F2C6CCAD900F563BE /* Gourmet */ = {
			isa = PBXNativeTarget;
			buildConfigurationList = 6BD986542C6CCADB00F563BE /* Build configuration list for PBXNativeTarget "Gourmet" */;
			buildPhases = (
				6BD9863C2C6CCAD900F563BE /* Sources */,
				6BD9863D2C6CCAD900F563BE /* Frameworks */,
				6BD9863E2C6CCAD900F563BE /* Resources */,
			);
			buildRules = (
			);
			dependencies = (
			);
			name = Gourmet;
			packageProductDependencies = (
				6BE48B7E2C6F25EF000B948A /* Alamofire */,
				6BE48B812C6F25F8000B948A /* SnapKit */,
				6BE48B842C6F2608000B948A /* RxCocoa */,
				6BE48B862C6F2608000B948A /* RxSwift */,
			);
			productName = Gourmet;
			productReference = 6BD986402C6CCAD900F563BE /* Gourmet.app */;
			productType = "com.apple.product-type.application";
		};
/* End PBXNativeTarget section */

/* Begin PBXProject section */
		6BD986382C6CCAD900F563BE /* Project object */ = {
			isa = PBXProject;
			attributes = {
				BuildIndependentTargetsInParallel = 1;
				LastSwiftUpdateCheck = 1530;
				LastUpgradeCheck = 1530;
				TargetAttributes = {
					6BD9863F2C6CCAD900F563BE = {
						CreatedOnToolsVersion = 15.3;
					};
				};
			};
			buildConfigurationList = 6BD9863B2C6CCAD900F563BE /* Build configuration list for PBXProject "Gourmet" */;
			compatibilityVersion = "Xcode 14.0";
			developmentRegion = en;
			hasScannedForEncodings = 0;
			knownRegions = (
				en,
				Base,
			);
			mainGroup = 6BD986372C6CCAD900F563BE;
			packageReferences = (
				6BE48B7D2C6F25EF000B948A /* XCRemoteSwiftPackageReference "Alamofire" */,
				6BE48B802C6F25F8000B948A /* XCRemoteSwiftPackageReference "SnapKit" */,
				6BE48B832C6F2608000B948A /* XCRemoteSwiftPackageReference "RxSwift" */,
			);
			productRefGroup = 6BD986412C6CCAD900F563BE /* Products */;
			projectDirPath = "";
			projectRoot = "";
			targets = (
				6BD9863F2C6CCAD900F563BE /* Gourmet */,
			);
		};
/* End PBXProject section */

/* Begin PBXResourcesBuildPhase section */
		6BD9863E2C6CCAD900F563BE /* Resources */ = {
			isa = PBXResourcesBuildPhase;
			buildActionMask = 2147483647;
			files = (
				6BD9864D2C6CCADB00F563BE /* Assets.xcassets in Resources */,
				6BD986582C6CCB5A00F563BE /* .gitignore in Resources */,
				6BD986502C6CCADB00F563BE /* Base in Resources */,
			);
			runOnlyForDeploymentPostprocessing = 0;
		};
/* End PBXResourcesBuildPhase section */

/* Begin PBXSourcesBuildPhase section */
		6BD9863C2C6CCAD900F563BE /* Sources */ = {
			isa = PBXSourcesBuildPhase;
			buildActionMask = 2147483647;
			files = (
				6B1B9FB12C721B9F00507FB5 /* Identifier+Extension.swift in Sources */,
				6B1B9FC02C73369D00507FB5 /* KeychainManager.swift in Sources */,
				6BE48B8B2C6F2630000B948A /* ProfileRouter.swift in Sources */,
				6BE48B9C2C6F26F2000B948A /* RefreshAccessTokenDTO.swift in Sources */,
				6BE48B7C2C6F25DA000B948A /* Routerable.swift in Sources */,
				6BE48BBC2C6F3F2B000B948A /* QueryStringProtocol.swift in Sources */,
				6B1B9FC82C7369FE00507FB5 /* EmailCheckError.swift in Sources */,
				6B1B9FAB2C721A0600507FB5 /* NormalPostListViewController.swift in Sources */,
				6B1B9FA52C72179B00507FB5 /* TabBarController.swift in Sources */,
				6BE48B8F2C6F263C000B948A /* PostRouter.swift in Sources */,
				6BE48BB32C6F2926000B948A /* SignUpBodyModel.swift in Sources */,
				6B1B9FC22C7346B300507FB5 /* TokenError.swift in Sources */,
				6BE48BA42C6F2719000B948A /* PostListDTO.swift in Sources */,
				6BD986442C6CCAD900F563BE /* AppDelegate.swift in Sources */,
				6B1B9F972C70B9B600507FB5 /* SignUpViewModel.swift in Sources */,
				6BD986462C6CCAD900F563BE /* SceneDelegate.swift in Sources */,
				6BE48BB92C6F3F08000B948A /* QueryOfFetchPost.swift in Sources */,
				6B1B9FC62C7369E300507FB5 /* SignUpError.swift in Sources */,
				6B1B9F8A2C70ACD100507FB5 /* OnboardingViewController.swift in Sources */,
				6B1B9FC42C7369D000507FB5 /* LoginError.swift in Sources */,
				6BE48BA22C6F2711000B948A /* PostDTO.swift in Sources */,
				6B1B9FA02C71E66A00507FB5 /* LoginViewModel.swift in Sources */,
				6BE48B9A2C6F26E3000B948A /* LoginDTO.swift in Sources */,
				6B1B9F9B2C70BDA200507FB5 /* EmailCheckBodyModel.swift in Sources */,
				6BE48B962C6F26CD000B948A /* UserDTO.swift in Sources */,
				6B1B9FB32C72231900507FB5 /* NormalViewModel.swift in Sources */,
				6B1B9F872C70AC9C00507FB5 /* BaseViewProtocol.swift in Sources */,
				6B1B9F992C70BA4600507FB5 /* ViewModelProtocol.swift in Sources */,
				6B1B9F922C70B7A200507FB5 /* UITextField+Extension.swift in Sources */,
				6BE48B8D2C6F2636000B948A /* TokenRouter.swift in Sources */,
				6B1B9F902C70B77900507FB5 /* SignUpViewController.swift in Sources */,
				6BE48BAD2C6F28F2000B948A /* UploadPostBodyModel.swift in Sources */,
				6BE48BAF2C6F2907000B948A /* EditProfileBodyModel.swift in Sources */,
				6B1B9FAD2C721A4B00507FB5 /* NormalPostCell.swift in Sources */,
				6BE48BA02C6F2709000B948A /* UploadFileDTO.swift in Sources */,
				6BE48BB62C6F2944000B948A /* Header.swift in Sources */,
				6BE48BB12C6F2915000B948A /* LoginBodyModel.swift in Sources */,
				6BE48B892C6F2621000B948A /* UserRouter.swift in Sources */,
				6BE48B9E2C6F26FC000B948A /* ProfileDTO.swift in Sources */,
				6BE48BBE2C6F3F70000B948A /* NetworkManager.swift in Sources */,
				6B1B9F8D2C70B6A300507FB5 /* UILabel+Extension.swift in Sources */,
				6B1B9F9D2C71E5CF00507FB5 /* LoginViewController.swift in Sources */,
				6BE48BC12C6F3F89000B948A /* NetworkError.swift in Sources */,
				6BE48BA62C6F2728000B948A /* ComentsDTO.swift in Sources */,
				6BE48B982C6F26D7000B948A /* SignUpDTO.swift in Sources */,
				6B1B9FBD2C7330A300507FB5 /* PostError.swift in Sources */,
				6B1B9FAF2C721AA100507FB5 /* IconLabelView.swift in Sources */,
			);
			runOnlyForDeploymentPostprocessing = 0;
		};
/* End PBXSourcesBuildPhase section */

/* Begin PBXVariantGroup section */
		6BD9864E2C6CCADB00F563BE /* LaunchScreen.storyboard */ = {
			isa = PBXVariantGroup;
			children = (
				6BD9864F2C6CCADB00F563BE /* Base */,
			);
			name = LaunchScreen.storyboard;
			sourceTree = "<group>";
		};
/* End PBXVariantGroup section */

/* Begin XCBuildConfiguration section */
		6BD986522C6CCADB00F563BE /* Debug */ = {
			isa = XCBuildConfiguration;
			baseConfigurationReference = 6BE48BA72C6F27FE000B948A /* APIKey.xcconfig */;
			buildSettings = {
				ALWAYS_SEARCH_USER_PATHS = NO;
				ASSETCATALOG_COMPILER_GENERATE_SWIFT_ASSET_SYMBOL_EXTENSIONS = YES;
				CLANG_ANALYZER_NONNULL = YES;
				CLANG_ANALYZER_NUMBER_OBJECT_CONVERSION = YES_AGGRESSIVE;
				CLANG_CXX_LANGUAGE_STANDARD = "gnu++20";
				CLANG_ENABLE_MODULES = YES;
				CLANG_ENABLE_OBJC_ARC = YES;
				CLANG_ENABLE_OBJC_WEAK = YES;
				CLANG_WARN_BLOCK_CAPTURE_AUTORELEASING = YES;
				CLANG_WARN_BOOL_CONVERSION = YES;
				CLANG_WARN_COMMA = YES;
				CLANG_WARN_CONSTANT_CONVERSION = YES;
				CLANG_WARN_DEPRECATED_OBJC_IMPLEMENTATIONS = YES;
				CLANG_WARN_DIRECT_OBJC_ISA_USAGE = YES_ERROR;
				CLANG_WARN_DOCUMENTATION_COMMENTS = YES;
				CLANG_WARN_EMPTY_BODY = YES;
				CLANG_WARN_ENUM_CONVERSION = YES;
				CLANG_WARN_INFINITE_RECURSION = YES;
				CLANG_WARN_INT_CONVERSION = YES;
				CLANG_WARN_NON_LITERAL_NULL_CONVERSION = YES;
				CLANG_WARN_OBJC_IMPLICIT_RETAIN_SELF = YES;
				CLANG_WARN_OBJC_LITERAL_CONVERSION = YES;
				CLANG_WARN_OBJC_ROOT_CLASS = YES_ERROR;
				CLANG_WARN_QUOTED_INCLUDE_IN_FRAMEWORK_HEADER = YES;
				CLANG_WARN_RANGE_LOOP_ANALYSIS = YES;
				CLANG_WARN_STRICT_PROTOTYPES = YES;
				CLANG_WARN_SUSPICIOUS_MOVE = YES;
				CLANG_WARN_UNGUARDED_AVAILABILITY = YES_AGGRESSIVE;
				CLANG_WARN_UNREACHABLE_CODE = YES;
				CLANG_WARN__DUPLICATE_METHOD_MATCH = YES;
				COPY_PHASE_STRIP = NO;
				DEBUG_INFORMATION_FORMAT = dwarf;
				ENABLE_STRICT_OBJC_MSGSEND = YES;
				ENABLE_TESTABILITY = YES;
				ENABLE_USER_SCRIPT_SANDBOXING = YES;
				GCC_C_LANGUAGE_STANDARD = gnu17;
				GCC_DYNAMIC_NO_PIC = NO;
				GCC_NO_COMMON_BLOCKS = YES;
				GCC_OPTIMIZATION_LEVEL = 0;
				GCC_PREPROCESSOR_DEFINITIONS = (
					"DEBUG=1",
					"$(inherited)",
				);
				GCC_WARN_64_TO_32_BIT_CONVERSION = YES;
				GCC_WARN_ABOUT_RETURN_TYPE = YES_ERROR;
				GCC_WARN_UNDECLARED_SELECTOR = YES;
				GCC_WARN_UNINITIALIZED_AUTOS = YES_AGGRESSIVE;
				GCC_WARN_UNUSED_FUNCTION = YES;
				GCC_WARN_UNUSED_VARIABLE = YES;
				IPHONEOS_DEPLOYMENT_TARGET = 17.4;
				LOCALIZATION_PREFERS_STRING_CATALOGS = YES;
				MTL_ENABLE_DEBUG_INFO = INCLUDE_SOURCE;
				MTL_FAST_MATH = YES;
				ONLY_ACTIVE_ARCH = YES;
				SDKROOT = iphoneos;
				SWIFT_ACTIVE_COMPILATION_CONDITIONS = "DEBUG $(inherited)";
				SWIFT_OPTIMIZATION_LEVEL = "-Onone";
			};
			name = Debug;
		};
		6BD986532C6CCADB00F563BE /* Release */ = {
			isa = XCBuildConfiguration;
			buildSettings = {
				ALWAYS_SEARCH_USER_PATHS = NO;
				ASSETCATALOG_COMPILER_GENERATE_SWIFT_ASSET_SYMBOL_EXTENSIONS = YES;
				CLANG_ANALYZER_NONNULL = YES;
				CLANG_ANALYZER_NUMBER_OBJECT_CONVERSION = YES_AGGRESSIVE;
				CLANG_CXX_LANGUAGE_STANDARD = "gnu++20";
				CLANG_ENABLE_MODULES = YES;
				CLANG_ENABLE_OBJC_ARC = YES;
				CLANG_ENABLE_OBJC_WEAK = YES;
				CLANG_WARN_BLOCK_CAPTURE_AUTORELEASING = YES;
				CLANG_WARN_BOOL_CONVERSION = YES;
				CLANG_WARN_COMMA = YES;
				CLANG_WARN_CONSTANT_CONVERSION = YES;
				CLANG_WARN_DEPRECATED_OBJC_IMPLEMENTATIONS = YES;
				CLANG_WARN_DIRECT_OBJC_ISA_USAGE = YES_ERROR;
				CLANG_WARN_DOCUMENTATION_COMMENTS = YES;
				CLANG_WARN_EMPTY_BODY = YES;
				CLANG_WARN_ENUM_CONVERSION = YES;
				CLANG_WARN_INFINITE_RECURSION = YES;
				CLANG_WARN_INT_CONVERSION = YES;
				CLANG_WARN_NON_LITERAL_NULL_CONVERSION = YES;
				CLANG_WARN_OBJC_IMPLICIT_RETAIN_SELF = YES;
				CLANG_WARN_OBJC_LITERAL_CONVERSION = YES;
				CLANG_WARN_OBJC_ROOT_CLASS = YES_ERROR;
				CLANG_WARN_QUOTED_INCLUDE_IN_FRAMEWORK_HEADER = YES;
				CLANG_WARN_RANGE_LOOP_ANALYSIS = YES;
				CLANG_WARN_STRICT_PROTOTYPES = YES;
				CLANG_WARN_SUSPICIOUS_MOVE = YES;
				CLANG_WARN_UNGUARDED_AVAILABILITY = YES_AGGRESSIVE;
				CLANG_WARN_UNREACHABLE_CODE = YES;
				CLANG_WARN__DUPLICATE_METHOD_MATCH = YES;
				COPY_PHASE_STRIP = NO;
				DEBUG_INFORMATION_FORMAT = "dwarf-with-dsym";
				ENABLE_NS_ASSERTIONS = NO;
				ENABLE_STRICT_OBJC_MSGSEND = YES;
				ENABLE_USER_SCRIPT_SANDBOXING = YES;
				GCC_C_LANGUAGE_STANDARD = gnu17;
				GCC_NO_COMMON_BLOCKS = YES;
				GCC_WARN_64_TO_32_BIT_CONVERSION = YES;
				GCC_WARN_ABOUT_RETURN_TYPE = YES_ERROR;
				GCC_WARN_UNDECLARED_SELECTOR = YES;
				GCC_WARN_UNINITIALIZED_AUTOS = YES_AGGRESSIVE;
				GCC_WARN_UNUSED_FUNCTION = YES;
				GCC_WARN_UNUSED_VARIABLE = YES;
				IPHONEOS_DEPLOYMENT_TARGET = 17.4;
				LOCALIZATION_PREFERS_STRING_CATALOGS = YES;
				MTL_ENABLE_DEBUG_INFO = NO;
				MTL_FAST_MATH = YES;
				SDKROOT = iphoneos;
				SWIFT_COMPILATION_MODE = wholemodule;
				VALIDATE_PRODUCT = YES;
			};
			name = Release;
		};
		6BD986552C6CCADB00F563BE /* Debug */ = {
			isa = XCBuildConfiguration;
			buildSettings = {
				ASSETCATALOG_COMPILER_APPICON_NAME = AppIcon;
				ASSETCATALOG_COMPILER_GLOBAL_ACCENT_COLOR_NAME = AccentColor;
				CODE_SIGN_STYLE = Automatic;
				CURRENT_PROJECT_VERSION = 1;
				DEVELOPMENT_TEAM = F8Q3Y446GH;
				GENERATE_INFOPLIST_FILE = YES;
				INFOPLIST_FILE = Gourmet/Info.plist;
				INFOPLIST_KEY_UIApplicationSupportsIndirectInputEvents = YES;
				INFOPLIST_KEY_UILaunchStoryboardName = LaunchScreen;
				INFOPLIST_KEY_UISupportedInterfaceOrientations = UIInterfaceOrientationPortrait;
				INFOPLIST_KEY_UISupportedInterfaceOrientations_iPad = "UIInterfaceOrientationLandscapeLeft UIInterfaceOrientationLandscapeRight UIInterfaceOrientationPortrait UIInterfaceOrientationPortraitUpsideDown";
				IPHONEOS_DEPLOYMENT_TARGET = 16.0;
				LD_RUNPATH_SEARCH_PATHS = (
					"$(inherited)",
					"@executable_path/Frameworks",
				);
				MARKETING_VERSION = 1.0;
				PRODUCT_BUNDLE_IDENTIFIER = beom.Gourmet;
				PRODUCT_NAME = "$(TARGET_NAME)";
				SUPPORTED_PLATFORMS = "iphoneos iphonesimulator";
				SUPPORTS_MACCATALYST = NO;
				SUPPORTS_MAC_DESIGNED_FOR_IPHONE_IPAD = NO;
				SUPPORTS_XR_DESIGNED_FOR_IPHONE_IPAD = NO;
				SWIFT_EMIT_LOC_STRINGS = YES;
				SWIFT_VERSION = 5.0;
				TARGETED_DEVICE_FAMILY = 1;
			};
			name = Debug;
		};
		6BD986562C6CCADB00F563BE /* Release */ = {
			isa = XCBuildConfiguration;
			buildSettings = {
				ASSETCATALOG_COMPILER_APPICON_NAME = AppIcon;
				ASSETCATALOG_COMPILER_GLOBAL_ACCENT_COLOR_NAME = AccentColor;
				CODE_SIGN_STYLE = Automatic;
				CURRENT_PROJECT_VERSION = 1;
				DEVELOPMENT_TEAM = F8Q3Y446GH;
				GENERATE_INFOPLIST_FILE = YES;
				INFOPLIST_FILE = Gourmet/Info.plist;
				INFOPLIST_KEY_UIApplicationSupportsIndirectInputEvents = YES;
				INFOPLIST_KEY_UILaunchStoryboardName = LaunchScreen;
				INFOPLIST_KEY_UISupportedInterfaceOrientations = UIInterfaceOrientationPortrait;
				INFOPLIST_KEY_UISupportedInterfaceOrientations_iPad = "UIInterfaceOrientationLandscapeLeft UIInterfaceOrientationLandscapeRight UIInterfaceOrientationPortrait UIInterfaceOrientationPortraitUpsideDown";
				IPHONEOS_DEPLOYMENT_TARGET = 16.0;
				LD_RUNPATH_SEARCH_PATHS = (
					"$(inherited)",
					"@executable_path/Frameworks",
				);
				MARKETING_VERSION = 1.0;
				PRODUCT_BUNDLE_IDENTIFIER = beom.Gourmet;
				PRODUCT_NAME = "$(TARGET_NAME)";
				SUPPORTED_PLATFORMS = "iphoneos iphonesimulator";
				SUPPORTS_MACCATALYST = NO;
				SUPPORTS_MAC_DESIGNED_FOR_IPHONE_IPAD = NO;
				SUPPORTS_XR_DESIGNED_FOR_IPHONE_IPAD = NO;
				SWIFT_EMIT_LOC_STRINGS = YES;
				SWIFT_VERSION = 5.0;
				TARGETED_DEVICE_FAMILY = 1;
			};
			name = Release;
		};
/* End XCBuildConfiguration section */

/* Begin XCConfigurationList section */
		6BD9863B2C6CCAD900F563BE /* Build configuration list for PBXProject "Gourmet" */ = {
			isa = XCConfigurationList;
			buildConfigurations = (
				6BD986522C6CCADB00F563BE /* Debug */,
				6BD986532C6CCADB00F563BE /* Release */,
			);
			defaultConfigurationIsVisible = 0;
			defaultConfigurationName = Release;
		};
		6BD986542C6CCADB00F563BE /* Build configuration list for PBXNativeTarget "Gourmet" */ = {
			isa = XCConfigurationList;
			buildConfigurations = (
				6BD986552C6CCADB00F563BE /* Debug */,
				6BD986562C6CCADB00F563BE /* Release */,
			);
			defaultConfigurationIsVisible = 0;
			defaultConfigurationName = Release;
		};
/* End XCConfigurationList section */

/* Begin XCRemoteSwiftPackageReference section */
		6BE48B7D2C6F25EF000B948A /* XCRemoteSwiftPackageReference "Alamofire" */ = {
			isa = XCRemoteSwiftPackageReference;
			repositoryURL = "https://github.com/Alamofire/Alamofire.git";
			requirement = {
				kind = upToNextMajorVersion;
				minimumVersion = 5.9.1;
			};
		};
		6BE48B802C6F25F8000B948A /* XCRemoteSwiftPackageReference "SnapKit" */ = {
			isa = XCRemoteSwiftPackageReference;
			repositoryURL = "https://github.com/SnapKit/SnapKit.git";
			requirement = {
				kind = upToNextMajorVersion;
				minimumVersion = 5.7.1;
			};
		};
		6BE48B832C6F2608000B948A /* XCRemoteSwiftPackageReference "RxSwift" */ = {
			isa = XCRemoteSwiftPackageReference;
			repositoryURL = "https://github.com/ReactiveX/RxSwift.git";
			requirement = {
				kind = upToNextMajorVersion;
				minimumVersion = 6.7.1;
			};
		};
/* End XCRemoteSwiftPackageReference section */

/* Begin XCSwiftPackageProductDependency section */
		6BE48B7E2C6F25EF000B948A /* Alamofire */ = {
			isa = XCSwiftPackageProductDependency;
			package = 6BE48B7D2C6F25EF000B948A /* XCRemoteSwiftPackageReference "Alamofire" */;
			productName = Alamofire;
		};
		6BE48B812C6F25F8000B948A /* SnapKit */ = {
			isa = XCSwiftPackageProductDependency;
			package = 6BE48B802C6F25F8000B948A /* XCRemoteSwiftPackageReference "SnapKit" */;
			productName = SnapKit;
		};
		6BE48B842C6F2608000B948A /* RxCocoa */ = {
			isa = XCSwiftPackageProductDependency;
			package = 6BE48B832C6F2608000B948A /* XCRemoteSwiftPackageReference "RxSwift" */;
			productName = RxCocoa;
		};
		6BE48B862C6F2608000B948A /* RxSwift */ = {
			isa = XCSwiftPackageProductDependency;
			package = 6BE48B832C6F2608000B948A /* XCRemoteSwiftPackageReference "RxSwift" */;
			productName = RxSwift;
		};
/* End XCSwiftPackageProductDependency section */
	};
	rootObject = 6BD986382C6CCAD900F563BE /* Project object */;
}
